PODS:
  - SDWebImage (4.0.0):
    - SDWebImage/Core (= 4.0.0)
  - SDWebImage/Core (4.0.0)
  - SwiftyBeaver (1.6.1)
  - youtube-ios-player-helper (0.1.6)

DEPENDENCIES:
  - SDWebImage (~> 4.0)
  - SwiftyBeaver
  - youtube-ios-player-helper (~> 0.1.4)

SPEC REPOS:
  https://github.com/cocoapods/specs.git:
    - SDWebImage
    - SwiftyBeaver
    - youtube-ios-player-helper

SPEC CHECKSUMS:
  SDWebImage: 76a6348bdc74eb5a55dd08a091ef298e56b55e41
  SwiftyBeaver: ccfcdf85a04d429f1633f668650b0ce8020bda3a
  youtube-ios-player-helper: 21ab92db027c7ff86cb17a3843a3f6eafc8158d2

PODFILE CHECKSUM: 843cae398872c576bba84cc274f665a603cdce8e

COCOAPODS: 1.5.3
