// !$*UTF8*$!
{
	archiveVersion = 1;
	classes = {
	};
	objectVersion = 46;
	objects = {

/* Begin PBXBuildFile section */
		64B2AAC418082AE600E02E2F /* Foundation.framework in Frameworks */ = {isa = PBXBuildFile; fileRef = 64B2AAC318082AE600E02E2F /* Foundation.framework */; };
		64B2AAC618082AE600E02E2F /* CoreGraphics.framework in Frameworks */ = {isa = PBXBuildFile; fileRef = 64B2AAC518082AE600E02E2F /* CoreGraphics.framework */; };
		64B2AAC818082AE600E02E2F /* UIKit.framework in Frameworks */ = {isa = PBXBuildFile; fileRef = 64B2AAC718082AE600E02E2F /* UIKit.framework */; };
		64B2AACE18082AE600E02E2F /* InfoPlist.strings in Resources */ = {isa = PBXBuildFile; fileRef = 64B2AACC18082AE600E02E2F /* InfoPlist.strings */; };
		64B2AAD018082AE600E02E2F /* main.m in Sources */ = {isa = PBXBuildFile; fileRef = 64B2AACF18082AE600E02E2F /* main.m */; };
		64B2AAD418082AE600E02E2F /* AppDelegate.m in Sources */ = {isa = PBXBuildFile; fileRef = 64B2AAD318082AE600E02E2F /* AppDelegate.m */; };
		64B2AAD718082AE600E02E2F /* Main.storyboard in Resources */ = {isa = PBXBuildFile; fileRef = 64B2AAD518082AE600E02E2F /* Main.storyboard */; };
		64B2AADA18082AE600E02E2F /* FirstViewController.m in Sources */ = {isa = PBXBuildFile; fileRef = 64B2AAD918082AE600E02E2F /* FirstViewController.m */; };
		64B2AADD18082AE600E02E2F /* SecondViewController.m in Sources */ = {isa = PBXBuildFile; fileRef = 64B2AADC18082AE600E02E2F /* SecondViewController.m */; };
		64B2AADF18082AE600E02E2F /* Images.xcassets in Resources */ = {isa = PBXBuildFile; fileRef = 64B2AADE18082AE600E02E2F /* Images.xcassets */; };
		64B2AAE618082AE600E02E2F /* XCTest.framework in Frameworks */ = {isa = PBXBuildFile; fileRef = 64B2AAE518082AE600E02E2F /* XCTest.framework */; };
		64B2AAE718082AE600E02E2F /* Foundation.framework in Frameworks */ = {isa = PBXBuildFile; fileRef = 64B2AAC318082AE600E02E2F /* Foundation.framework */; };
		64B2AAE818082AE600E02E2F /* UIKit.framework in Frameworks */ = {isa = PBXBuildFile; fileRef = 64B2AAC718082AE600E02E2F /* UIKit.framework */; };
		64B2AAF018082AE600E02E2F /* InfoPlist.strings in Resources */ = {isa = PBXBuildFile; fileRef = 64B2AAEE18082AE600E02E2F /* InfoPlist.strings */; };
		64B2AAF218082AE600E02E2F /* MoobeezTests.m in Sources */ = {isa = PBXBuildFile; fileRef = 64B2AAF118082AE600E02E2F /* MoobeezTests.m */; };
/* End PBXBuildFile section */

/* Begin PBXContainerItemProxy section */
		64B2AAE918082AE600E02E2F /* PBXContainerItemProxy */ = {
			isa = PBXContainerItemProxy;
			containerPortal = 64B2AAB818082AE600E02E2F /* Project object */;
			proxyType = 1;
			remoteGlobalIDString = 64B2AABF18082AE600E02E2F;
			remoteInfo = Moobeez;
		};
/* End PBXContainerItemProxy section */

/* Begin PBXFileReference section */
		64B2AAC018082AE600E02E2F /* Moobeez.app */ = {isa = PBXFileReference; explicitFileType = wrapper.application; includeInIndex = 0; path = Moobeez.app; sourceTree = BUILT_PRODUCTS_DIR; };
		64B2AAC318082AE600E02E2F /* Foundation.framework */ = {isa = PBXFileReference; lastKnownFileType = wrapper.framework; name = Foundation.framework; path = System/Library/Frameworks/Foundation.framework; sourceTree = SDKROOT; };
		64B2AAC518082AE600E02E2F /* CoreGraphics.framework */ = {isa = PBXFileReference; lastKnownFileType = wrapper.framework; name = CoreGraphics.framework; path = System/Library/Frameworks/CoreGraphics.framework; sourceTree = SDKROOT; };
		64B2AAC718082AE600E02E2F /* UIKit.framework */ = {isa = PBXFileReference; lastKnownFileType = wrapper.framework; name = UIKit.framework; path = System/Library/Frameworks/UIKit.framework; sourceTree = SDKROOT; };
		64B2AACB18082AE600E02E2F /* Moobeez-Info.plist */ = {isa = PBXFileReference; lastKnownFileType = text.plist.xml; path = "Moobeez-Info.plist"; sourceTree = "<group>"; };
		64B2AACD18082AE600E02E2F /* en */ = {isa = PBXFileReference; lastKnownFileType = text.plist.strings; name = en; path = en.lproj/InfoPlist.strings; sourceTree = "<group>"; };
		64B2AACF18082AE600E02E2F /* main.m */ = {isa = PBXFileReference; lastKnownFileType = sourcecode.c.objc; path = main.m; sourceTree = "<group>"; };
		64B2AAD118082AE600E02E2F /* Moobeez-Prefix.pch */ = {isa = PBXFileReference; lastKnownFileType = sourcecode.c.h; path = "Moobeez-Prefix.pch"; sourceTree = "<group>"; };
		64B2AAD218082AE600E02E2F /* AppDelegate.h */ = {isa = PBXFileReference; lastKnownFileType = sourcecode.c.h; path = AppDelegate.h; sourceTree = "<group>"; };
		64B2AAD318082AE600E02E2F /* AppDelegate.m */ = {isa = PBXFileReference; lastKnownFileType = sourcecode.c.objc; path = AppDelegate.m; sourceTree = "<group>"; };
		64B2AAD618082AE600E02E2F /* Base */ = {isa = PBXFileReference; lastKnownFileType = file.storyboard; name = Base; path = Base.lproj/Main.storyboard; sourceTree = "<group>"; };
		64B2AAD818082AE600E02E2F /* FirstViewController.h */ = {isa = PBXFileReference; lastKnownFileType = sourcecode.c.h; path = FirstViewController.h; sourceTree = "<group>"; };
		64B2AAD918082AE600E02E2F /* FirstViewController.m */ = {isa = PBXFileReference; lastKnownFileType = sourcecode.c.objc; path = FirstViewController.m; sourceTree = "<group>"; };
		64B2AADB18082AE600E02E2F /* SecondViewController.h */ = {isa = PBXFileReference; lastKnownFileType = sourcecode.c.h; path = SecondViewController.h; sourceTree = "<group>"; };
		64B2AADC18082AE600E02E2F /* SecondViewController.m */ = {isa = PBXFileReference; lastKnownFileType = sourcecode.c.objc; path = SecondViewController.m; sourceTree = "<group>"; };
		64B2AADE18082AE600E02E2F /* Images.xcassets */ = {isa = PBXFileReference; lastKnownFileType = folder.assetcatalog; path = Images.xcassets; sourceTree = "<group>"; };
		64B2AAE418082AE600E02E2F /* MoobeezTests.xctest */ = {isa = PBXFileReference; explicitFileType = wrapper.cfbundle; includeInIndex = 0; path = MoobeezTests.xctest; sourceTree = BUILT_PRODUCTS_DIR; };
		64B2AAE518082AE600E02E2F /* XCTest.framework */ = {isa = PBXFileReference; lastKnownFileType = wrapper.framework; name = XCTest.framework; path = Library/Frameworks/XCTest.framework; sourceTree = DEVELOPER_DIR; };
		64B2AAED18082AE600E02E2F /* MoobeezTests-Info.plist */ = {isa = PBXFileReference; lastKnownFileType = text.plist.xml; path = "MoobeezTests-Info.plist"; sourceTree = "<group>"; };
		64B2AAEF18082AE600E02E2F /* en */ = {isa = PBXFileReference; lastKnownFileType = text.plist.strings; name = en; path = en.lproj/InfoPlist.strings; sourceTree = "<group>"; };
		64B2AAF118082AE600E02E2F /* MoobeezTests.m */ = {isa = PBXFileReference; lastKnownFileType = sourcecode.c.objc; path = MoobeezTests.m; sourceTree = "<group>"; };
/* End PBXFileReference section */

/* Begin PBXFrameworksBuildPhase section */
		64B2AABD18082AE600E02E2F /* Frameworks */ = {
			isa = PBXFrameworksBuildPhase;
			buildActionMask = 2147483647;
			files = (
				64B2AAC618082AE600E02E2F /* CoreGraphics.framework in Frameworks */,
				64B2AAC818082AE600E02E2F /* UIKit.framework in Frameworks */,
				64B2AAC418082AE600E02E2F /* Foundation.framework in Frameworks */,
			);
			runOnlyForDeploymentPostprocessing = 0;
		};
		64B2AAE118082AE600E02E2F /* Frameworks */ = {
			isa = PBXFrameworksBuildPhase;
			buildActionMask = 2147483647;
			files = (
				64B2AAE618082AE600E02E2F /* XCTest.framework in Frameworks */,
				64B2AAE818082AE600E02E2F /* UIKit.framework in Frameworks */,
				64B2AAE718082AE600E02E2F /* Foundation.framework in Frameworks */,
			);
			runOnlyForDeploymentPostprocessing = 0;
		};
/* End PBXFrameworksBuildPhase section */

/* Begin PBXGroup section */
		64B2AAB718082AE600E02E2F = {
			isa = PBXGroup;
			children = (
				64B2AAC918082AE600E02E2F /* Moobeez */,
				64B2AAEB18082AE600E02E2F /* MoobeezTests */,
				64B2AAC218082AE600E02E2F /* Frameworks */,
				64B2AAC118082AE600E02E2F /* Products */,
			);
			sourceTree = "<group>";
		};
		64B2AAC118082AE600E02E2F /* Products */ = {
			isa = PBXGroup;
			children = (
				64B2AAC018082AE600E02E2F /* Moobeez.app */,
				64B2AAE418082AE600E02E2F /* MoobeezTests.xctest */,
			);
			name = Products;
			sourceTree = "<group>";
		};
		64B2AAC218082AE600E02E2F /* Frameworks */ = {
			isa = PBXGroup;
			children = (
				64B2AAC318082AE600E02E2F /* Foundation.framework */,
				64B2AAC518082AE600E02E2F /* CoreGraphics.framework */,
				64B2AAC718082AE600E02E2F /* UIKit.framework */,
				64B2AAE518082AE600E02E2F /* XCTest.framework */,
			);
			name = Frameworks;
			sourceTree = "<group>";
		};
		64B2AAC918082AE600E02E2F /* Moobeez */ = {
			isa = PBXGroup;
			children = (
				64B2AAD218082AE600E02E2F /* AppDelegate.h */,
				64B2AAD318082AE600E02E2F /* AppDelegate.m */,
				64B2AAD518082AE600E02E2F /* Main.storyboard */,
				64B2AAD818082AE600E02E2F /* FirstViewController.h */,
				64B2AAD918082AE600E02E2F /* FirstViewController.m */,
				64B2AADB18082AE600E02E2F /* SecondViewController.h */,
				64B2AADC18082AE600E02E2F /* SecondViewController.m */,
				64B2AADE18082AE600E02E2F /* Images.xcassets */,
				64B2AACA18082AE600E02E2F /* Supporting Files */,
			);
			path = Moobeez;
			sourceTree = "<group>";
		};
		64B2AACA18082AE600E02E2F /* Supporting Files */ = {
			isa = PBXGroup;
			children = (
				64B2AACB18082AE600E02E2F /* Moobeez-Info.plist */,
				64B2AACC18082AE600E02E2F /* InfoPlist.strings */,
				64B2AACF18082AE600E02E2F /* main.m */,
				64B2AAD118082AE600E02E2F /* Moobeez-Prefix.pch */,
			);
			name = "Supporting Files";
			sourceTree = "<group>";
		};
		64B2AAEB18082AE600E02E2F /* MoobeezTests */ = {
			isa = PBXGroup;
			children = (
				64B2AAF118082AE600E02E2F /* MoobeezTests.m */,
				64B2AAEC18082AE600E02E2F /* Supporting Files */,
			);
			path = MoobeezTests;
			sourceTree = "<group>";
		};
		64B2AAEC18082AE600E02E2F /* Supporting Files */ = {
			isa = PBXGroup;
			children = (
				64B2AAED18082AE600E02E2F /* MoobeezTests-Info.plist */,
				64B2AAEE18082AE600E02E2F /* InfoPlist.strings */,
			);
			name = "Supporting Files";
			sourceTree = "<group>";
		};
/* End PBXGroup section */

/* Begin PBXNativeTarget section */
		64B2AABF18082AE600E02E2F /* Moobeez */ = {
			isa = PBXNativeTarget;
			buildConfigurationList = 64B2AAF518082AE600E02E2F /* Build configuration list for PBXNativeTarget "Moobeez" */;
			buildPhases = (
				64B2AABC18082AE600E02E2F /* Sources */,
				64B2AABD18082AE600E02E2F /* Frameworks */,
				64B2AABE18082AE600E02E2F /* Resources */,
			);
			buildRules = (
			);
			dependencies = (
			);
			name = Moobeez;
			productName = Moobeez;
			productReference = 64B2AAC018082AE600E02E2F /* Moobeez.app */;
			productType = "com.apple.product-type.application";
		};
		64B2AAE318082AE600E02E2F /* MoobeezTests */ = {
			isa = PBXNativeTarget;
			buildConfigurationList = 64B2AAF818082AE600E02E2F /* Build configuration list for PBXNativeTarget "MoobeezTests" */;
			buildPhases = (
				64B2AAE018082AE600E02E2F /* Sources */,
				64B2AAE118082AE600E02E2F /* Frameworks */,
				64B2AAE218082AE600E02E2F /* Resources */,
			);
			buildRules = (
			);
			dependencies = (
				64B2AAEA18082AE600E02E2F /* PBXTargetDependency */,
			);
			name = MoobeezTests;
			productName = MoobeezTests;
			productReference = 64B2AAE418082AE600E02E2F /* MoobeezTests.xctest */;
			productType = "com.apple.product-type.bundle.unit-test";
		};
/* End PBXNativeTarget section */

/* Begin PBXProject section */
		64B2AAB818082AE600E02E2F /* Project object */ = {
			isa = PBXProject;
			attributes = {
				LastUpgradeCheck = 0500;
				ORGANIZATIONNAME = Goggzy;
				TargetAttributes = {
					64B2AAE318082AE600E02E2F = {
						TestTargetID = 64B2AABF18082AE600E02E2F;
					};
				};
			};
			buildConfigurationList = 64B2AABB18082AE600E02E2F /* Build configuration list for PBXProject "Moobeez" */;
			compatibilityVersion = "Xcode 3.2";
			developmentRegion = English;
			hasScannedForEncodings = 0;
			knownRegions = (
				en,
				Base,
			);
			mainGroup = 64B2AAB718082AE600E02E2F;
			productRefGroup = 64B2AAC118082AE600E02E2F /* Products */;
			projectDirPath = "";
			projectRoot = "";
			targets = (
				64B2AABF18082AE600E02E2F /* Moobeez */,
				64B2AAE318082AE600E02E2F /* MoobeezTests */,
			);
		};
/* End PBXProject section */

/* Begin PBXResourcesBuildPhase section */
		64B2AABE18082AE600E02E2F /* Resources */ = {
			isa = PBXResourcesBuildPhase;
			buildActionMask = 2147483647;
			files = (
				64B2AADF18082AE600E02E2F /* Images.xcassets in Resources */,
				64B2AACE18082AE600E02E2F /* InfoPlist.strings in Resources */,
				64B2AAD718082AE600E02E2F /* Main.storyboard in Resources */,
			);
			runOnlyForDeploymentPostprocessing = 0;
		};
		64B2AAE218082AE600E02E2F /* Resources */ = {
			isa = PBXResourcesBuildPhase;
			buildActionMask = 2147483647;
			files = (
				64B2AAF018082AE600E02E2F /* InfoPlist.strings in Resources */,
			);
			runOnlyForDeploymentPostprocessing = 0;
		};
/* End PBXResourcesBuildPhase section */

/* Begin PBXSourcesBuildPhase section */
		64B2AABC18082AE600E02E2F /* Sources */ = {
			isa = PBXSourcesBuildPhase;
			buildActionMask = 2147483647;
			files = (
				64B2AADD18082AE600E02E2F /* SecondViewController.m in Sources */,
				64B2AAD418082AE600E02E2F /* AppDelegate.m in Sources */,
				64B2AADA18082AE600E02E2F /* FirstViewController.m in Sources */,
				64B2AAD018082AE600E02E2F /* main.m in Sources */,
			);
			runOnlyForDeploymentPostprocessing = 0;
		};
		64B2AAE018082AE600E02E2F /* Sources */ = {
			isa = PBXSourcesBuildPhase;
			buildActionMask = 2147483647;
			files = (
				64B2AAF218082AE600E02E2F /* MoobeezTests.m in Sources */,
			);
			runOnlyForDeploymentPostprocessing = 0;
		};
/* End PBXSourcesBuildPhase section */

/* Begin PBXTargetDependency section */
		64B2AAEA18082AE600E02E2F /* PBXTargetDependency */ = {
			isa = PBXTargetDependency;
			target = 64B2AABF18082AE600E02E2F /* Moobeez */;
			targetProxy = 64B2AAE918082AE600E02E2F /* PBXContainerItemProxy */;
		};
/* End PBXTargetDependency section */

/* Begin PBXVariantGroup section */
		64B2AACC18082AE600E02E2F /* InfoPlist.strings */ = {
			isa = PBXVariantGroup;
			children = (
				64B2AACD18082AE600E02E2F /* en */,
			);
			name = InfoPlist.strings;
			sourceTree = "<group>";
		};
		64B2AAD518082AE600E02E2F /* Main.storyboard */ = {
			isa = PBXVariantGroup;
			children = (
				64B2AAD618082AE600E02E2F /* Base */,
			);
			name = Main.storyboard;
			sourceTree = "<group>";
		};
		64B2AAEE18082AE600E02E2F /* InfoPlist.strings */ = {
			isa = PBXVariantGroup;
			children = (
				64B2AAEF18082AE600E02E2F /* en */,
			);
			name = InfoPlist.strings;
			sourceTree = "<group>";
		};
/* End PBXVariantGroup section */

/* Begin XCBuildConfiguration section */
		64B2AAF318082AE600E02E2F /* Debug */ = {
			isa = XCBuildConfiguration;
			buildSettings = {
				ALWAYS_SEARCH_USER_PATHS = NO;
				ARCHS = "$(ARCHS_STANDARD_INCLUDING_64_BIT)";
				CLANG_CXX_LANGUAGE_STANDARD = "gnu++0x";
				CLANG_CXX_LIBRARY = "libc++";
				CLANG_ENABLE_MODULES = YES;
				CLANG_ENABLE_OBJC_ARC = YES;
				CLANG_WARN_BOOL_CONVERSION = YES;
				CLANG_WARN_CONSTANT_CONVERSION = YES;
				CLANG_WARN_DIRECT_OBJC_ISA_USAGE = YES_ERROR;
				CLANG_WARN_EMPTY_BODY = YES;
				CLANG_WARN_ENUM_CONVERSION = YES;
				CLANG_WARN_INT_CONVERSION = YES;
				CLANG_WARN_OBJC_ROOT_CLASS = YES_ERROR;
				CLANG_WARN__DUPLICATE_METHOD_MATCH = YES;
				"CODE_SIGN_IDENTITY[sdk=iphoneos*]" = "iPhone Developer";
				COPY_PHASE_STRIP = NO;
				GCC_C_LANGUAGE_STANDARD = gnu99;
				GCC_DYNAMIC_NO_PIC = NO;
				GCC_OPTIMIZATION_LEVEL = 0;
				GCC_PREPROCESSOR_DEFINITIONS = (
					"DEBUG=1",
					"$(inherited)",
				);
				GCC_SYMBOLS_PRIVATE_EXTERN = NO;
				GCC_WARN_64_TO_32_BIT_CONVERSION = YES;
				GCC_WARN_ABOUT_RETURN_TYPE = YES_ERROR;
				GCC_WARN_UNDECLARED_SELECTOR = YES;
				GCC_WARN_UNINITIALIZED_AUTOS = YES;
				GCC_WARN_UNUSED_FUNCTION = YES;
				GCC_WARN_UNUSED_VARIABLE = YES;
				IPHONEOS_DEPLOYMENT_TARGET = 7.0;
				ONLY_ACTIVE_ARCH = YES;
				SDKROOT = iphoneos;
			};
			name = Debug;
		};
		64B2AAF418082AE600E02E2F /* Release */ = {
			isa = XCBuildConfiguration;
			buildSettings = {
				ALWAYS_SEARCH_USER_PATHS = NO;
				ARCHS = "$(ARCHS_STANDARD_INCLUDING_64_BIT)";
				CLANG_CXX_LANGUAGE_STANDARD = "gnu++0x";
				CLANG_CXX_LIBRARY = "libc++";
				CLANG_ENABLE_MODULES = YES;
				CLANG_ENABLE_OBJC_ARC = YES;
				CLANG_WARN_BOOL_CONVERSION = YES;
				CLANG_WARN_CONSTANT_CONVERSION = YES;
				CLANG_WARN_DIRECT_OBJC_ISA_USAGE = YES_ERROR;
				CLANG_WARN_EMPTY_BODY = YES;
				CLANG_WARN_ENUM_CONVERSION = YES;
				CLANG_WARN_INT_CONVERSION = YES;
				CLANG_WARN_OBJC_ROOT_CLASS = YES_ERROR;
				CLANG_WARN__DUPLICATE_METHOD_MATCH = YES;
				"CODE_SIGN_IDENTITY[sdk=iphoneos*]" = "iPhone Developer";
				COPY_PHASE_STRIP = YES;
				ENABLE_NS_ASSERTIONS = NO;
				GCC_C_LANGUAGE_STANDARD = gnu99;
				GCC_WARN_64_TO_32_BIT_CONVERSION = YES;
				GCC_WARN_ABOUT_RETURN_TYPE = YES_ERROR;
				GCC_WARN_UNDECLARED_SELECTOR = YES;
				GCC_WARN_UNINITIALIZED_AUTOS = YES;
				GCC_WARN_UNUSED_FUNCTION = YES;
				GCC_WARN_UNUSED_VARIABLE = YES;
				IPHONEOS_DEPLOYMENT_TARGET = 7.0;
				SDKROOT = iphoneos;
				VALIDATE_PRODUCT = YES;
			};
			name = Release;
		};
		64B2AAF618082AE600E02E2F /* Debug */ = {
			isa = XCBuildConfiguration;
			buildSettings = {
				ASSETCATALOG_COMPILER_APPICON_NAME = AppIcon;
				ASSETCATALOG_COMPILER_LAUNCHIMAGE_NAME = LaunchImage;
				GCC_PRECOMPILE_PREFIX_HEADER = YES;
				GCC_PREFIX_HEADER = "Moobeez/Moobeez-Prefix.pch";
				INFOPLIST_FILE = "Moobeez/Moobeez-Info.plist";
				PRODUCT_NAME = "$(TARGET_NAME)";
				WRAPPER_EXTENSION = app;
			};
			name = Debug;
		};
		64B2AAF718082AE600E02E2F /* Release */ = {
			isa = XCBuildConfiguration;
			buildSettings = {
				ASSETCATALOG_COMPILER_APPICON_NAME = AppIcon;
				ASSETCATALOG_COMPILER_LAUNCHIMAGE_NAME = LaunchImage;
				GCC_PRECOMPILE_PREFIX_HEADER = YES;
				GCC_PREFIX_HEADER = "Moobeez/Moobeez-Prefix.pch";
				INFOPLIST_FILE = "Moobeez/Moobeez-Info.plist";
				PRODUCT_NAME = "$(TARGET_NAME)";
				WRAPPER_EXTENSION = app;
			};
			name = Release;
		};
		64B2AAF918082AE600E02E2F /* Debug */ = {
			isa = XCBuildConfiguration;
			buildSettings = {
				ARCHS = "$(ARCHS_STANDARD_INCLUDING_64_BIT)";
				BUNDLE_LOADER = "$(BUILT_PRODUCTS_DIR)/Moobeez.app/Moobeez";
				FRAMEWORK_SEARCH_PATHS = (
					"$(SDKROOT)/Developer/Library/Frameworks",
					"$(inherited)",
					"$(DEVELOPER_FRAMEWORKS_DIR)",
				);
				GCC_PRECOMPILE_PREFIX_HEADER = YES;
				GCC_PREFIX_HEADER = "Moobeez/Moobeez-Prefix.pch";
				GCC_PREPROCESSOR_DEFINITIONS = (
					"DEBUG=1",
					"$(inherited)",
				);
				INFOPLIST_FILE = "MoobeezTests/MoobeezTests-Info.plist";
				PRODUCT_NAME = "$(TARGET_NAME)";
				TEST_HOST = "$(BUNDLE_LOADER)";
				WRAPPER_EXTENSION = xctest;
			};
			name = Debug;
		};
		64B2AAFA18082AE600E02E2F /* Release */ = {
			isa = XCBuildConfiguration;
			buildSettings = {
				ARCHS = "$(ARCHS_STANDARD_INCLUDING_64_BIT)";
				BUNDLE_LOADER = "$(BUILT_PRODUCTS_DIR)/Moobeez.app/Moobeez";
				FRAMEWORK_SEARCH_PATHS = (
					"$(SDKROOT)/Developer/Library/Frameworks",
					"$(inherited)",
					"$(DEVELOPER_FRAMEWORKS_DIR)",
				);
				GCC_PRECOMPILE_PREFIX_HEADER = YES;
				GCC_PREFIX_HEADER = "Moobeez/Moobeez-Prefix.pch";
				INFOPLIST_FILE = "MoobeezTests/MoobeezTests-Info.plist";
				PRODUCT_NAME = "$(TARGET_NAME)";
				TEST_HOST = "$(BUNDLE_LOADER)";
				WRAPPER_EXTENSION = xctest;
			};
			name = Release;
		};
/* End XCBuildConfiguration section */

/* Begin XCConfigurationList section */
		64B2AABB18082AE600E02E2F /* Build configuration list for PBXProject "Moobeez" */ = {
			isa = XCConfigurationList;
			buildConfigurations = (
				64B2AAF318082AE600E02E2F /* Debug */,
				64B2AAF418082AE600E02E2F /* Release */,
			);
			defaultConfigurationIsVisible = 0;
			defaultConfigurationName = Release;
		};
		64B2AAF518082AE600E02E2F /* Build configuration list for PBXNativeTarget "Moobeez" */ = {
			isa = XCConfigurationList;
			buildConfigurations = (
				64B2AAF618082AE600E02E2F /* Debug */,
				64B2AAF718082AE600E02E2F /* Release */,
			);
			defaultConfigurationIsVisible = 0;
		};
		64B2AAF818082AE600E02E2F /* Build configuration list for PBXNativeTarget "MoobeezTests" */ = {
			isa = XCConfigurationList;
			buildConfigurations = (
				64B2AAF918082AE600E02E2F /* Debug */,
				64B2AAFA18082AE600E02E2F /* Release */,
			);
			defaultConfigurationIsVisible = 0;
		};
/* End XCConfigurationList section */
	};
	rootObject = 64B2AAB818082AE600E02E2F /* Project object */;
}
