// !$*UTF8*$!
{
	archiveVersion = 1;
	classes = {
	};
	objectVersion = 46;
	objects = {

/* Begin PBXBuildFile section */
		640865EA180B4FC200725CE4 /* URLParameters.m in Sources */ = {isa = PBXBuildFile; fileRef = 640865E9180B4FC200725CE4 /* URLParameters.m */; };
		64392EAF18084BA500504C78 /* TmdbConnection.m in Sources */ = {isa = PBXBuildFile; fileRef = 64392EAE18084BA500504C78 /* TmdbConnection.m */; };
		64B2AAC418082AE600E02E2F /* Foundation.framework in Frameworks */ = {isa = PBXBuildFile; fileRef = 64B2AAC318082AE600E02E2F /* Foundation.framework */; };
		64B2AAC618082AE600E02E2F /* CoreGraphics.framework in Frameworks */ = {isa = PBXBuildFile; fileRef = 64B2AAC518082AE600E02E2F /* CoreGraphics.framework */; };
		64B2AAC818082AE600E02E2F /* UIKit.framework in Frameworks */ = {isa = PBXBuildFile; fileRef = 64B2AAC718082AE600E02E2F /* UIKit.framework */; };
		64B2AACE18082AE600E02E2F /* InfoPlist.strings in Resources */ = {isa = PBXBuildFile; fileRef = 64B2AACC18082AE600E02E2F /* InfoPlist.strings */; };
		64B2AAD018082AE600E02E2F /* main.m in Sources */ = {isa = PBXBuildFile; fileRef = 64B2AACF18082AE600E02E2F /* main.m */; };
		64B2AADF18082AE600E02E2F /* Images.xcassets in Resources */ = {isa = PBXBuildFile; fileRef = 64B2AADE18082AE600E02E2F /* Images.xcassets */; };
		64B2AAE618082AE600E02E2F /* XCTest.framework in Frameworks */ = {isa = PBXBuildFile; fileRef = 64B2AAE518082AE600E02E2F /* XCTest.framework */; };
		64B2AAE718082AE600E02E2F /* Foundation.framework in Frameworks */ = {isa = PBXBuildFile; fileRef = 64B2AAC318082AE600E02E2F /* Foundation.framework */; };
		64B2AAE818082AE600E02E2F /* UIKit.framework in Frameworks */ = {isa = PBXBuildFile; fileRef = 64B2AAC718082AE600E02E2F /* UIKit.framework */; };
		64B2AAF018082AE600E02E2F /* InfoPlist.strings in Resources */ = {isa = PBXBuildFile; fileRef = 64B2AAEE18082AE600E02E2F /* InfoPlist.strings */; };
		64B2AAF218082AE600E02E2F /* MoobeezTests.m in Sources */ = {isa = PBXBuildFile; fileRef = 64B2AAF118082AE600E02E2F /* MoobeezTests.m */; };
		64B2AB0618082C4A00E02E2F /* AppDelegate.m in Sources */ = {isa = PBXBuildFile; fileRef = 64B2AAFF18082C4A00E02E2F /* AppDelegate.m */; };
		64B2AB0718082C4A00E02E2F /* Application.xib in Resources */ = {isa = PBXBuildFile; fileRef = 64B2AB0018082C4A00E02E2F /* Application.xib */; };
		64B2AB5818083CBF00E02E2F /* NSDate+Calculator.m in Sources */ = {isa = PBXBuildFile; fileRef = 64B2AB0B18083CBF00E02E2F /* NSDate+Calculator.m */; };
		64B2AB5918083CBF00E02E2F /* NSDateFormatter+Extensions.m in Sources */ = {isa = PBXBuildFile; fileRef = 64B2AB0D18083CBF00E02E2F /* NSDateFormatter+Extensions.m */; };
		64B2AB5A18083CBF00E02E2F /* NSDictionary+Extensions.m in Sources */ = {isa = PBXBuildFile; fileRef = 64B2AB0F18083CBF00E02E2F /* NSDictionary+Extensions.m */; };
		64B2AB5B18083CBF00E02E2F /* NSFileManager+ExtraAtributtes.m in Sources */ = {isa = PBXBuildFile; fileRef = 64B2AB1118083CBF00E02E2F /* NSFileManager+ExtraAtributtes.m */; };
		64B2AB5C18083CBF00E02E2F /* NSMutableDictionary+Extensions.m in Sources */ = {isa = PBXBuildFile; fileRef = 64B2AB1318083CBF00E02E2F /* NSMutableDictionary+Extensions.m */; };
		64B2AB5D18083CBF00E02E2F /* NSObject+Mutable.m in Sources */ = {isa = PBXBuildFile; fileRef = 64B2AB1518083CBF00E02E2F /* NSObject+Mutable.m */; };
		64B2AB5F18083CBF00E02E2F /* UIImage+Resize.m in Sources */ = {isa = PBXBuildFile; fileRef = 64B2AB1918083CBF00E02E2F /* UIImage+Resize.m */; };
		64B2AB6018083CBF00E02E2F /* UITableView+Extra.m in Sources */ = {isa = PBXBuildFile; fileRef = 64B2AB1B18083CBF00E02E2F /* UITableView+Extra.m */; };
		64B2AB6118083CBF00E02E2F /* UIView+Extra.m in Sources */ = {isa = PBXBuildFile; fileRef = 64B2AB1D18083CBF00E02E2F /* UIView+Extra.m */; };
		64B2AB6218083CBF00E02E2F /* Alert.m in Sources */ = {isa = PBXBuildFile; fileRef = 64B2AB2018083CBF00E02E2F /* Alert.m */; };
		64B2AB6318083CBF00E02E2F /* Connection.m in Sources */ = {isa = PBXBuildFile; fileRef = 64B2AB2418083CBF00E02E2F /* Connection.m */; };
		64B2AB6418083CBF00E02E2F /* ConnectionsManager.m in Sources */ = {isa = PBXBuildFile; fileRef = 64B2AB2818083CBF00E02E2F /* ConnectionsManager.m */; };
		64B2AB6518083CBF00E02E2F /* URLConnection.m in Sources */ = {isa = PBXBuildFile; fileRef = 64B2AB2B18083CBF00E02E2F /* URLConnection.m */; };
		64B2AB6618083CBF00E02E2F /* NSObject+SBJson.m in Sources */ = {isa = PBXBuildFile; fileRef = 64B2AB2F18083CBF00E02E2F /* NSObject+SBJson.m */; };
		64B2AB6718083CBF00E02E2F /* SBJsonParser.m in Sources */ = {isa = PBXBuildFile; fileRef = 64B2AB3218083CBF00E02E2F /* SBJsonParser.m */; };
		64B2AB6818083CBF00E02E2F /* SBJsonStreamParser.m in Sources */ = {isa = PBXBuildFile; fileRef = 64B2AB3418083CBF00E02E2F /* SBJsonStreamParser.m */; };
		64B2AB6918083CBF00E02E2F /* SBJsonStreamParserAccumulator.m in Sources */ = {isa = PBXBuildFile; fileRef = 64B2AB3618083CBF00E02E2F /* SBJsonStreamParserAccumulator.m */; };
		64B2AB6A18083CBF00E02E2F /* SBJsonStreamParserState.m in Sources */ = {isa = PBXBuildFile; fileRef = 64B2AB3818083CBF00E02E2F /* SBJsonStreamParserState.m */; };
		64B2AB6B18083CBF00E02E2F /* SBJsonStreamWriter.m in Sources */ = {isa = PBXBuildFile; fileRef = 64B2AB3A18083CBF00E02E2F /* SBJsonStreamWriter.m */; };
		64B2AB6C18083CBF00E02E2F /* SBJsonStreamWriterAccumulator.m in Sources */ = {isa = PBXBuildFile; fileRef = 64B2AB3C18083CBF00E02E2F /* SBJsonStreamWriterAccumulator.m */; };
		64B2AB6D18083CBF00E02E2F /* SBJsonStreamWriterState.m in Sources */ = {isa = PBXBuildFile; fileRef = 64B2AB3E18083CBF00E02E2F /* SBJsonStreamWriterState.m */; };
		64B2AB6E18083CBF00E02E2F /* SBJsonTokeniser.m in Sources */ = {isa = PBXBuildFile; fileRef = 64B2AB4018083CBF00E02E2F /* SBJsonTokeniser.m */; };
		64B2AB6F18083CBF00E02E2F /* SBJsonUTF8Stream.m in Sources */ = {isa = PBXBuildFile; fileRef = 64B2AB4218083CBF00E02E2F /* SBJsonUTF8Stream.m */; };
		64B2AB7018083CBF00E02E2F /* SBJsonWriter.m in Sources */ = {isa = PBXBuildFile; fileRef = 64B2AB4418083CBF00E02E2F /* SBJsonWriter.m */; };
		64B2AB7118083CBF00E02E2F /* ImageLoader.m in Sources */ = {isa = PBXBuildFile; fileRef = 64B2AB4818083CBF00E02E2F /* ImageLoader.m */; };
		64B2AB7218083CBF00E02E2F /* ImageView.m in Sources */ = {isa = PBXBuildFile; fileRef = 64B2AB4A18083CBF00E02E2F /* ImageView.m */; };
		64B2AB7318083CBF00E02E2F /* ImageView+Tmdb.m in Sources */ = {isa = PBXBuildFile; fileRef = 64B2AB5118083CBF00E02E2F /* ImageView+Tmdb.m */; };
		64B2AB7418083CBF00E02E2F /* UIColor+Moobeez.m in Sources */ = {isa = PBXBuildFile; fileRef = 64B2AB5318083CBF00E02E2F /* UIColor+Moobeez.m */; };
		64B2AB7A18083ED600E02E2F /* UIColor+Hex.m in Sources */ = {isa = PBXBuildFile; fileRef = 64B2AB7918083ED600E02E2F /* UIColor+Hex.m */; };
		64B2AB801808412300E02E2F /* ConnectionViewController.m in Sources */ = {isa = PBXBuildFile; fileRef = 64B2AB7F1808412300E02E2F /* ConnectionViewController.m */; };
		64B2AB831808421700E02E2F /* ViewController.m in Sources */ = {isa = PBXBuildFile; fileRef = 64B2AB821808421700E02E2F /* ViewController.m */; };
		64B2AB88180844F800E02E2F /* MoobeezViewController.m in Sources */ = {isa = PBXBuildFile; fileRef = 64B2AB86180844F800E02E2F /* MoobeezViewController.m */; };
		64B2AB89180844F800E02E2F /* MoobeezViewController.xib in Resources */ = {isa = PBXBuildFile; fileRef = 64B2AB87180844F800E02E2F /* MoobeezViewController.xib */; };
		64B2AB8E1808452700E02E2F /* MoviesViewController.m in Sources */ = {isa = PBXBuildFile; fileRef = 64B2AB8C1808452700E02E2F /* MoviesViewController.m */; };
		64B2AB8F1808452700E02E2F /* MoviesViewController.xib in Resources */ = {isa = PBXBuildFile; fileRef = 64B2AB8D1808452700E02E2F /* MoviesViewController.xib */; };
		64B2AB941808486200E02E2F /* tab_bar_icon_moobeez.png in Resources */ = {isa = PBXBuildFile; fileRef = 64B2AB921808486200E02E2F /* tab_bar_icon_moobeez.png */; };
		64B2AB951808486200E02E2F /* tab_bar_icon_moobeez@2x.png in Resources */ = {isa = PBXBuildFile; fileRef = 64B2AB931808486200E02E2F /* tab_bar_icon_moobeez@2x.png */; };
		64B2AB981808496B00E02E2F /* tab_bar_icon_movies.png in Resources */ = {isa = PBXBuildFile; fileRef = 64B2AB961808496B00E02E2F /* tab_bar_icon_movies.png */; };
		64B2AB991808496B00E02E2F /* tab_bar_icon_movies@2x.png in Resources */ = {isa = PBXBuildFile; fileRef = 64B2AB971808496B00E02E2F /* tab_bar_icon_movies@2x.png */; };
/* End PBXBuildFile section */

/* Begin PBXContainerItemProxy section */
		64B2AAE918082AE600E02E2F /* PBXContainerItemProxy */ = {
			isa = PBXContainerItemProxy;
			containerPortal = 64B2AAB818082AE600E02E2F /* Project object */;
			proxyType = 1;
			remoteGlobalIDString = 64B2AABF18082AE600E02E2F;
			remoteInfo = Moobeez;
		};
/* End PBXContainerItemProxy section */

/* Begin PBXFileReference section */
		640865E8180B4FC200725CE4 /* URLParameters.h */ = {isa = PBXFileReference; fileEncoding = 4; lastKnownFileType = sourcecode.c.h; path = URLParameters.h; sourceTree = "<group>"; };
		640865E9180B4FC200725CE4 /* URLParameters.m */ = {isa = PBXFileReference; fileEncoding = 4; lastKnownFileType = sourcecode.c.objc; path = URLParameters.m; sourceTree = "<group>"; };
		64392EAD18084BA500504C78 /* TmdbConnection.h */ = {isa = PBXFileReference; fileEncoding = 4; lastKnownFileType = sourcecode.c.h; path = TmdbConnection.h; sourceTree = "<group>"; };
		64392EAE18084BA500504C78 /* TmdbConnection.m */ = {isa = PBXFileReference; fileEncoding = 4; lastKnownFileType = sourcecode.c.objc; path = TmdbConnection.m; sourceTree = "<group>"; };
		64392EB218084D9200504C78 /* TmdbConnections.h */ = {isa = PBXFileReference; lastKnownFileType = sourcecode.c.h; path = TmdbConnections.h; sourceTree = "<group>"; };
		64B2AAC018082AE600E02E2F /* Moobeez.app */ = {isa = PBXFileReference; explicitFileType = wrapper.application; includeInIndex = 0; path = Moobeez.app; sourceTree = BUILT_PRODUCTS_DIR; };
		64B2AAC318082AE600E02E2F /* Foundation.framework */ = {isa = PBXFileReference; lastKnownFileType = wrapper.framework; name = Foundation.framework; path = System/Library/Frameworks/Foundation.framework; sourceTree = SDKROOT; };
		64B2AAC518082AE600E02E2F /* CoreGraphics.framework */ = {isa = PBXFileReference; lastKnownFileType = wrapper.framework; name = CoreGraphics.framework; path = System/Library/Frameworks/CoreGraphics.framework; sourceTree = SDKROOT; };
		64B2AAC718082AE600E02E2F /* UIKit.framework */ = {isa = PBXFileReference; lastKnownFileType = wrapper.framework; name = UIKit.framework; path = System/Library/Frameworks/UIKit.framework; sourceTree = SDKROOT; };
		64B2AACB18082AE600E02E2F /* Moobeez-Info.plist */ = {isa = PBXFileReference; lastKnownFileType = text.plist.xml; path = "Moobeez-Info.plist"; sourceTree = "<group>"; };
		64B2AACD18082AE600E02E2F /* en */ = {isa = PBXFileReference; lastKnownFileType = text.plist.strings; name = en; path = en.lproj/InfoPlist.strings; sourceTree = "<group>"; };
		64B2AACF18082AE600E02E2F /* main.m */ = {isa = PBXFileReference; lastKnownFileType = sourcecode.c.objc; path = main.m; sourceTree = "<group>"; };
		64B2AAD118082AE600E02E2F /* Moobeez-Prefix.pch */ = {isa = PBXFileReference; lastKnownFileType = sourcecode.c.h; path = "Moobeez-Prefix.pch"; sourceTree = "<group>"; };
		64B2AADE18082AE600E02E2F /* Images.xcassets */ = {isa = PBXFileReference; lastKnownFileType = folder.assetcatalog; name = Images.xcassets; path = Moobeez/Images.xcassets; sourceTree = SOURCE_ROOT; };
		64B2AAE418082AE600E02E2F /* MoobeezTests.xctest */ = {isa = PBXFileReference; explicitFileType = wrapper.cfbundle; includeInIndex = 0; path = MoobeezTests.xctest; sourceTree = BUILT_PRODUCTS_DIR; };
		64B2AAE518082AE600E02E2F /* XCTest.framework */ = {isa = PBXFileReference; lastKnownFileType = wrapper.framework; name = XCTest.framework; path = Library/Frameworks/XCTest.framework; sourceTree = DEVELOPER_DIR; };
		64B2AAED18082AE600E02E2F /* MoobeezTests-Info.plist */ = {isa = PBXFileReference; lastKnownFileType = text.plist.xml; path = "MoobeezTests-Info.plist"; sourceTree = "<group>"; };
		64B2AAEF18082AE600E02E2F /* en */ = {isa = PBXFileReference; lastKnownFileType = text.plist.strings; name = en; path = en.lproj/InfoPlist.strings; sourceTree = "<group>"; };
		64B2AAF118082AE600E02E2F /* MoobeezTests.m */ = {isa = PBXFileReference; lastKnownFileType = sourcecode.c.objc; path = MoobeezTests.m; sourceTree = "<group>"; };
		64B2AAFE18082C4A00E02E2F /* AppDelegate.h */ = {isa = PBXFileReference; fileEncoding = 4; lastKnownFileType = sourcecode.c.h; path = AppDelegate.h; sourceTree = "<group>"; };
		64B2AAFF18082C4A00E02E2F /* AppDelegate.m */ = {isa = PBXFileReference; fileEncoding = 4; lastKnownFileType = sourcecode.c.objc; path = AppDelegate.m; sourceTree = "<group>"; };
		64B2AB0018082C4A00E02E2F /* Application.xib */ = {isa = PBXFileReference; fileEncoding = 4; lastKnownFileType = file.xib; path = Application.xib; sourceTree = "<group>"; };
		64B2AB0A18083CBF00E02E2F /* NSDate+Calculator.h */ = {isa = PBXFileReference; fileEncoding = 4; lastKnownFileType = sourcecode.c.h; path = "NSDate+Calculator.h"; sourceTree = "<group>"; };
		64B2AB0B18083CBF00E02E2F /* NSDate+Calculator.m */ = {isa = PBXFileReference; fileEncoding = 4; lastKnownFileType = sourcecode.c.objc; path = "NSDate+Calculator.m"; sourceTree = "<group>"; };
		64B2AB0C18083CBF00E02E2F /* NSDateFormatter+Extensions.h */ = {isa = PBXFileReference; fileEncoding = 4; lastKnownFileType = sourcecode.c.h; path = "NSDateFormatter+Extensions.h"; sourceTree = "<group>"; };
		64B2AB0D18083CBF00E02E2F /* NSDateFormatter+Extensions.m */ = {isa = PBXFileReference; fileEncoding = 4; lastKnownFileType = sourcecode.c.objc; path = "NSDateFormatter+Extensions.m"; sourceTree = "<group>"; };
		64B2AB0E18083CBF00E02E2F /* NSDictionary+Extensions.h */ = {isa = PBXFileReference; fileEncoding = 4; lastKnownFileType = sourcecode.c.h; path = "NSDictionary+Extensions.h"; sourceTree = "<group>"; };
		64B2AB0F18083CBF00E02E2F /* NSDictionary+Extensions.m */ = {isa = PBXFileReference; fileEncoding = 4; lastKnownFileType = sourcecode.c.objc; path = "NSDictionary+Extensions.m"; sourceTree = "<group>"; };
		64B2AB1018083CBF00E02E2F /* NSFileManager+ExtraAtributtes.h */ = {isa = PBXFileReference; fileEncoding = 4; lastKnownFileType = sourcecode.c.h; path = "NSFileManager+ExtraAtributtes.h"; sourceTree = "<group>"; };
		64B2AB1118083CBF00E02E2F /* NSFileManager+ExtraAtributtes.m */ = {isa = PBXFileReference; fileEncoding = 4; lastKnownFileType = sourcecode.c.objc; path = "NSFileManager+ExtraAtributtes.m"; sourceTree = "<group>"; };
		64B2AB1218083CBF00E02E2F /* NSMutableDictionary+Extensions.h */ = {isa = PBXFileReference; fileEncoding = 4; lastKnownFileType = sourcecode.c.h; path = "NSMutableDictionary+Extensions.h"; sourceTree = "<group>"; };
		64B2AB1318083CBF00E02E2F /* NSMutableDictionary+Extensions.m */ = {isa = PBXFileReference; fileEncoding = 4; lastKnownFileType = sourcecode.c.objc; path = "NSMutableDictionary+Extensions.m"; sourceTree = "<group>"; };
		64B2AB1418083CBF00E02E2F /* NSObject+Mutable.h */ = {isa = PBXFileReference; fileEncoding = 4; lastKnownFileType = sourcecode.c.h; path = "NSObject+Mutable.h"; sourceTree = "<group>"; };
		64B2AB1518083CBF00E02E2F /* NSObject+Mutable.m */ = {isa = PBXFileReference; fileEncoding = 4; lastKnownFileType = sourcecode.c.objc; path = "NSObject+Mutable.m"; sourceTree = "<group>"; };
		64B2AB1818083CBF00E02E2F /* UIImage+Resize.h */ = {isa = PBXFileReference; fileEncoding = 4; lastKnownFileType = sourcecode.c.h; path = "UIImage+Resize.h"; sourceTree = "<group>"; };
		64B2AB1918083CBF00E02E2F /* UIImage+Resize.m */ = {isa = PBXFileReference; fileEncoding = 4; lastKnownFileType = sourcecode.c.objc; path = "UIImage+Resize.m"; sourceTree = "<group>"; };
		64B2AB1A18083CBF00E02E2F /* UITableView+Extra.h */ = {isa = PBXFileReference; fileEncoding = 4; lastKnownFileType = sourcecode.c.h; path = "UITableView+Extra.h"; sourceTree = "<group>"; };
		64B2AB1B18083CBF00E02E2F /* UITableView+Extra.m */ = {isa = PBXFileReference; fileEncoding = 4; lastKnownFileType = sourcecode.c.objc; path = "UITableView+Extra.m"; sourceTree = "<group>"; };
		64B2AB1C18083CBF00E02E2F /* UIView+Extra.h */ = {isa = PBXFileReference; fileEncoding = 4; lastKnownFileType = sourcecode.c.h; path = "UIView+Extra.h"; sourceTree = "<group>"; };
		64B2AB1D18083CBF00E02E2F /* UIView+Extra.m */ = {isa = PBXFileReference; fileEncoding = 4; lastKnownFileType = sourcecode.c.objc; path = "UIView+Extra.m"; sourceTree = "<group>"; };
		64B2AB1F18083CBF00E02E2F /* Alert.h */ = {isa = PBXFileReference; fileEncoding = 4; lastKnownFileType = sourcecode.c.h; path = Alert.h; sourceTree = "<group>"; };
		64B2AB2018083CBF00E02E2F /* Alert.m */ = {isa = PBXFileReference; fileEncoding = 4; lastKnownFileType = sourcecode.c.objc; path = Alert.m; sourceTree = "<group>"; };
		64B2AB2318083CBF00E02E2F /* Connection.h */ = {isa = PBXFileReference; fileEncoding = 4; lastKnownFileType = sourcecode.c.h; path = Connection.h; sourceTree = "<group>"; };
		64B2AB2418083CBF00E02E2F /* Connection.m */ = {isa = PBXFileReference; fileEncoding = 4; lastKnownFileType = sourcecode.c.objc; path = Connection.m; sourceTree = "<group>"; };
		64B2AB2518083CBF00E02E2F /* ConnectionLibrary.h */ = {isa = PBXFileReference; fileEncoding = 4; lastKnownFileType = sourcecode.c.h; path = ConnectionLibrary.h; sourceTree = "<group>"; };
		64B2AB2718083CBF00E02E2F /* ConnectionsManager.h */ = {isa = PBXFileReference; fileEncoding = 4; lastKnownFileType = sourcecode.c.h; path = ConnectionsManager.h; sourceTree = "<group>"; };
		64B2AB2818083CBF00E02E2F /* ConnectionsManager.m */ = {isa = PBXFileReference; fileEncoding = 4; lastKnownFileType = sourcecode.c.objc; path = ConnectionsManager.m; sourceTree = "<group>"; };
		64B2AB2A18083CBF00E02E2F /* URLConnection.h */ = {isa = PBXFileReference; fileEncoding = 4; lastKnownFileType = sourcecode.c.h; path = URLConnection.h; sourceTree = "<group>"; };
		64B2AB2B18083CBF00E02E2F /* URLConnection.m */ = {isa = PBXFileReference; fileEncoding = 4; lastKnownFileType = sourcecode.c.objc; path = URLConnection.m; sourceTree = "<group>"; };
		64B2AB2E18083CBF00E02E2F /* NSObject+SBJson.h */ = {isa = PBXFileReference; fileEncoding = 4; lastKnownFileType = sourcecode.c.h; path = "NSObject+SBJson.h"; sourceTree = "<group>"; };
		64B2AB2F18083CBF00E02E2F /* NSObject+SBJson.m */ = {isa = PBXFileReference; fileEncoding = 4; lastKnownFileType = sourcecode.c.objc; path = "NSObject+SBJson.m"; sourceTree = "<group>"; };
		64B2AB3018083CBF00E02E2F /* SBJson.h */ = {isa = PBXFileReference; fileEncoding = 4; lastKnownFileType = sourcecode.c.h; path = SBJson.h; sourceTree = "<group>"; };
		64B2AB3118083CBF00E02E2F /* SBJsonParser.h */ = {isa = PBXFileReference; fileEncoding = 4; lastKnownFileType = sourcecode.c.h; path = SBJsonParser.h; sourceTree = "<group>"; };
		64B2AB3218083CBF00E02E2F /* SBJsonParser.m */ = {isa = PBXFileReference; fileEncoding = 4; lastKnownFileType = sourcecode.c.objc; path = SBJsonParser.m; sourceTree = "<group>"; };
		64B2AB3318083CBF00E02E2F /* SBJsonStreamParser.h */ = {isa = PBXFileReference; fileEncoding = 4; lastKnownFileType = sourcecode.c.h; path = SBJsonStreamParser.h; sourceTree = "<group>"; };
		64B2AB3418083CBF00E02E2F /* SBJsonStreamParser.m */ = {isa = PBXFileReference; fileEncoding = 4; lastKnownFileType = sourcecode.c.objc; path = SBJsonStreamParser.m; sourceTree = "<group>"; };
		64B2AB3518083CBF00E02E2F /* SBJsonStreamParserAccumulator.h */ = {isa = PBXFileReference; fileEncoding = 4; lastKnownFileType = sourcecode.c.h; path = SBJsonStreamParserAccumulator.h; sourceTree = "<group>"; };
		64B2AB3618083CBF00E02E2F /* SBJsonStreamParserAccumulator.m */ = {isa = PBXFileReference; fileEncoding = 4; lastKnownFileType = sourcecode.c.objc; path = SBJsonStreamParserAccumulator.m; sourceTree = "<group>"; };
		64B2AB3718083CBF00E02E2F /* SBJsonStreamParserState.h */ = {isa = PBXFileReference; fileEncoding = 4; lastKnownFileType = sourcecode.c.h; path = SBJsonStreamParserState.h; sourceTree = "<group>"; };
		64B2AB3818083CBF00E02E2F /* SBJsonStreamParserState.m */ = {isa = PBXFileReference; fileEncoding = 4; lastKnownFileType = sourcecode.c.objc; path = SBJsonStreamParserState.m; sourceTree = "<group>"; };
		64B2AB3918083CBF00E02E2F /* SBJsonStreamWriter.h */ = {isa = PBXFileReference; fileEncoding = 4; lastKnownFileType = sourcecode.c.h; path = SBJsonStreamWriter.h; sourceTree = "<group>"; };
		64B2AB3A18083CBF00E02E2F /* SBJsonStreamWriter.m */ = {isa = PBXFileReference; fileEncoding = 4; lastKnownFileType = sourcecode.c.objc; path = SBJsonStreamWriter.m; sourceTree = "<group>"; };
		64B2AB3B18083CBF00E02E2F /* SBJsonStreamWriterAccumulator.h */ = {isa = PBXFileReference; fileEncoding = 4; lastKnownFileType = sourcecode.c.h; path = SBJsonStreamWriterAccumulator.h; sourceTree = "<group>"; };
		64B2AB3C18083CBF00E02E2F /* SBJsonStreamWriterAccumulator.m */ = {isa = PBXFileReference; fileEncoding = 4; lastKnownFileType = sourcecode.c.objc; path = SBJsonStreamWriterAccumulator.m; sourceTree = "<group>"; };
		64B2AB3D18083CBF00E02E2F /* SBJsonStreamWriterState.h */ = {isa = PBXFileReference; fileEncoding = 4; lastKnownFileType = sourcecode.c.h; path = SBJsonStreamWriterState.h; sourceTree = "<group>"; };
		64B2AB3E18083CBF00E02E2F /* SBJsonStreamWriterState.m */ = {isa = PBXFileReference; fileEncoding = 4; lastKnownFileType = sourcecode.c.objc; path = SBJsonStreamWriterState.m; sourceTree = "<group>"; };
		64B2AB3F18083CBF00E02E2F /* SBJsonTokeniser.h */ = {isa = PBXFileReference; fileEncoding = 4; lastKnownFileType = sourcecode.c.h; path = SBJsonTokeniser.h; sourceTree = "<group>"; };
		64B2AB4018083CBF00E02E2F /* SBJsonTokeniser.m */ = {isa = PBXFileReference; fileEncoding = 4; lastKnownFileType = sourcecode.c.objc; path = SBJsonTokeniser.m; sourceTree = "<group>"; };
		64B2AB4118083CBF00E02E2F /* SBJsonUTF8Stream.h */ = {isa = PBXFileReference; fileEncoding = 4; lastKnownFileType = sourcecode.c.h; path = SBJsonUTF8Stream.h; sourceTree = "<group>"; };
		64B2AB4218083CBF00E02E2F /* SBJsonUTF8Stream.m */ = {isa = PBXFileReference; fileEncoding = 4; lastKnownFileType = sourcecode.c.objc; path = SBJsonUTF8Stream.m; sourceTree = "<group>"; };
		64B2AB4318083CBF00E02E2F /* SBJsonWriter.h */ = {isa = PBXFileReference; fileEncoding = 4; lastKnownFileType = sourcecode.c.h; path = SBJsonWriter.h; sourceTree = "<group>"; };
		64B2AB4418083CBF00E02E2F /* SBJsonWriter.m */ = {isa = PBXFileReference; fileEncoding = 4; lastKnownFileType = sourcecode.c.objc; path = SBJsonWriter.m; sourceTree = "<group>"; };
		64B2AB4518083CBF00E02E2F /* Gogz.h */ = {isa = PBXFileReference; fileEncoding = 4; lastKnownFileType = sourcecode.c.h; path = Gogz.h; sourceTree = "<group>"; };
		64B2AB4718083CBF00E02E2F /* ImageLoader.h */ = {isa = PBXFileReference; fileEncoding = 4; lastKnownFileType = sourcecode.c.h; path = ImageLoader.h; sourceTree = "<group>"; };
		64B2AB4818083CBF00E02E2F /* ImageLoader.m */ = {isa = PBXFileReference; fileEncoding = 4; lastKnownFileType = sourcecode.c.objc; path = ImageLoader.m; sourceTree = "<group>"; };
		64B2AB4918083CBF00E02E2F /* ImageView.h */ = {isa = PBXFileReference; fileEncoding = 4; lastKnownFileType = sourcecode.c.h; path = ImageView.h; sourceTree = "<group>"; };
		64B2AB4A18083CBF00E02E2F /* ImageView.m */ = {isa = PBXFileReference; fileEncoding = 4; lastKnownFileType = sourcecode.c.objc; path = ImageView.m; sourceTree = "<group>"; };
		64B2AB5018083CBF00E02E2F /* ImageView+Tmdb.h */ = {isa = PBXFileReference; fileEncoding = 4; lastKnownFileType = sourcecode.c.h; path = "ImageView+Tmdb.h"; sourceTree = "<group>"; };
		64B2AB5118083CBF00E02E2F /* ImageView+Tmdb.m */ = {isa = PBXFileReference; fileEncoding = 4; lastKnownFileType = sourcecode.c.objc; path = "ImageView+Tmdb.m"; sourceTree = "<group>"; };
		64B2AB5218083CBF00E02E2F /* UIColor+Moobeez.h */ = {isa = PBXFileReference; fileEncoding = 4; lastKnownFileType = sourcecode.c.h; path = "UIColor+Moobeez.h"; sourceTree = "<group>"; };
		64B2AB5318083CBF00E02E2F /* UIColor+Moobeez.m */ = {isa = PBXFileReference; fileEncoding = 4; lastKnownFileType = sourcecode.c.objc; path = "UIColor+Moobeez.m"; sourceTree = "<group>"; };
		64B2AB5418083CBF00E02E2F /* Constants.h */ = {isa = PBXFileReference; fileEncoding = 4; lastKnownFileType = sourcecode.c.h; path = Constants.h; sourceTree = "<group>"; };
		64B2AB5518083CBF00E02E2F /* Utils.h */ = {isa = PBXFileReference; fileEncoding = 4; lastKnownFileType = sourcecode.c.h; path = Utils.h; sourceTree = "<group>"; };
		64B2AB7818083ED600E02E2F /* UIColor+Hex.h */ = {isa = PBXFileReference; fileEncoding = 4; lastKnownFileType = sourcecode.c.h; path = "UIColor+Hex.h"; sourceTree = "<group>"; };
		64B2AB7918083ED600E02E2F /* UIColor+Hex.m */ = {isa = PBXFileReference; fileEncoding = 4; lastKnownFileType = sourcecode.c.objc; path = "UIColor+Hex.m"; sourceTree = "<group>"; };
		64B2AB7C18083FC700E02E2F /* Moobeez.h */ = {isa = PBXFileReference; lastKnownFileType = sourcecode.c.h; name = Moobeez.h; path = Moobeez/Moobeez.h; sourceTree = "<group>"; };
		64B2AB7E1808412300E02E2F /* ConnectionViewController.h */ = {isa = PBXFileReference; fileEncoding = 4; lastKnownFileType = sourcecode.c.h; path = ConnectionViewController.h; sourceTree = "<group>"; };
		64B2AB7F1808412300E02E2F /* ConnectionViewController.m */ = {isa = PBXFileReference; fileEncoding = 4; lastKnownFileType = sourcecode.c.objc; path = ConnectionViewController.m; sourceTree = "<group>"; };
		64B2AB811808421700E02E2F /* ViewController.h */ = {isa = PBXFileReference; fileEncoding = 4; lastKnownFileType = sourcecode.c.h; path = ViewController.h; sourceTree = "<group>"; };
		64B2AB821808421700E02E2F /* ViewController.m */ = {isa = PBXFileReference; fileEncoding = 4; lastKnownFileType = sourcecode.c.objc; path = ViewController.m; sourceTree = "<group>"; };
		64B2AB85180844F800E02E2F /* MoobeezViewController.h */ = {isa = PBXFileReference; fileEncoding = 4; lastKnownFileType = sourcecode.c.h; path = MoobeezViewController.h; sourceTree = "<group>"; };
		64B2AB86180844F800E02E2F /* MoobeezViewController.m */ = {isa = PBXFileReference; fileEncoding = 4; lastKnownFileType = sourcecode.c.objc; path = MoobeezViewController.m; sourceTree = "<group>"; };
		64B2AB87180844F800E02E2F /* MoobeezViewController.xib */ = {isa = PBXFileReference; fileEncoding = 4; lastKnownFileType = file.xib; path = MoobeezViewController.xib; sourceTree = "<group>"; };
		64B2AB8B1808452700E02E2F /* MoviesViewController.h */ = {isa = PBXFileReference; fileEncoding = 4; lastKnownFileType = sourcecode.c.h; path = MoviesViewController.h; sourceTree = "<group>"; };
		64B2AB8C1808452700E02E2F /* MoviesViewController.m */ = {isa = PBXFileReference; fileEncoding = 4; lastKnownFileType = sourcecode.c.objc; path = MoviesViewController.m; sourceTree = "<group>"; };
		64B2AB8D1808452700E02E2F /* MoviesViewController.xib */ = {isa = PBXFileReference; fileEncoding = 4; lastKnownFileType = file.xib; path = MoviesViewController.xib; sourceTree = "<group>"; };
		64B2AB921808486200E02E2F /* tab_bar_icon_moobeez.png */ = {isa = PBXFileReference; lastKnownFileType = image.png; path = tab_bar_icon_moobeez.png; sourceTree = "<group>"; };
		64B2AB931808486200E02E2F /* tab_bar_icon_moobeez@2x.png */ = {isa = PBXFileReference; lastKnownFileType = image.png; path = "tab_bar_icon_moobeez@2x.png"; sourceTree = "<group>"; };
		64B2AB961808496B00E02E2F /* tab_bar_icon_movies.png */ = {isa = PBXFileReference; lastKnownFileType = image.png; path = tab_bar_icon_movies.png; sourceTree = "<group>"; };
		64B2AB971808496B00E02E2F /* tab_bar_icon_movies@2x.png */ = {isa = PBXFileReference; lastKnownFileType = image.png; path = "tab_bar_icon_movies@2x.png"; sourceTree = "<group>"; };
/* End PBXFileReference section */

/* Begin PBXFrameworksBuildPhase section */
		64B2AABD18082AE600E02E2F /* Frameworks */ = {
			isa = PBXFrameworksBuildPhase;
			buildActionMask = 2147483647;
			files = (
				64B2AAC618082AE600E02E2F /* CoreGraphics.framework in Frameworks */,
				64B2AAC818082AE600E02E2F /* UIKit.framework in Frameworks */,
				64B2AAC418082AE600E02E2F /* Foundation.framework in Frameworks */,
			);
			runOnlyForDeploymentPostprocessing = 0;
		};
		64B2AAE118082AE600E02E2F /* Frameworks */ = {
			isa = PBXFrameworksBuildPhase;
			buildActionMask = 2147483647;
			files = (
				64B2AAE618082AE600E02E2F /* XCTest.framework in Frameworks */,
				64B2AAE818082AE600E02E2F /* UIKit.framework in Frameworks */,
				64B2AAE718082AE600E02E2F /* Foundation.framework in Frameworks */,
			);
			runOnlyForDeploymentPostprocessing = 0;
		};
/* End PBXFrameworksBuildPhase section */

/* Begin PBXGroup section */
		64392EB018084D6B00504C78 /* Tmdb Connections */ = {
			isa = PBXGroup;
			children = (
				64392EB218084D9200504C78 /* TmdbConnections.h */,
				64392EB118084D7800504C78 /* Tmdb Connection */,
			);
			name = "Tmdb Connections";
			sourceTree = "<group>";
		};
		64392EB118084D7800504C78 /* Tmdb Connection */ = {
			isa = PBXGroup;
			children = (
				64392EAD18084BA500504C78 /* TmdbConnection.h */,
				64392EAE18084BA500504C78 /* TmdbConnection.m */,
			);
			name = "Tmdb Connection";
			sourceTree = "<group>";
		};
		64B2AAB718082AE600E02E2F = {
			isa = PBXGroup;
			children = (
				64B2AAC918082AE600E02E2F /* Moobeez */,
				64B2AAEB18082AE600E02E2F /* MoobeezTests */,
				64B2AAC218082AE600E02E2F /* Frameworks */,
				64B2AAC118082AE600E02E2F /* Products */,
			);
			sourceTree = "<group>";
		};
		64B2AAC118082AE600E02E2F /* Products */ = {
			isa = PBXGroup;
			children = (
				64B2AAC018082AE600E02E2F /* Moobeez.app */,
				64B2AAE418082AE600E02E2F /* MoobeezTests.xctest */,
			);
			name = Products;
			sourceTree = "<group>";
		};
		64B2AAC218082AE600E02E2F /* Frameworks */ = {
			isa = PBXGroup;
			children = (
				64B2AAC318082AE600E02E2F /* Foundation.framework */,
				64B2AAC518082AE600E02E2F /* CoreGraphics.framework */,
				64B2AAC718082AE600E02E2F /* UIKit.framework */,
				64B2AAE518082AE600E02E2F /* XCTest.framework */,
			);
			name = Frameworks;
			sourceTree = "<group>";
		};
		64B2AAC918082AE600E02E2F /* Moobeez */ = {
			isa = PBXGroup;
			children = (
				64B2AB0518082C4A00E02E2F /* Images */,
				64B2AAFD18082C4A00E02E2F /* Classes */,
				64B2AACA18082AE600E02E2F /* Supporting Files */,
			);
			path = Moobeez;
			sourceTree = "<group>";
		};
		64B2AACA18082AE600E02E2F /* Supporting Files */ = {
			isa = PBXGroup;
			children = (
				64B2AACB18082AE600E02E2F /* Moobeez-Info.plist */,
				64B2AACC18082AE600E02E2F /* InfoPlist.strings */,
				64B2AACF18082AE600E02E2F /* main.m */,
				64B2AAD118082AE600E02E2F /* Moobeez-Prefix.pch */,
			);
			name = "Supporting Files";
			sourceTree = "<group>";
		};
		64B2AAEB18082AE600E02E2F /* MoobeezTests */ = {
			isa = PBXGroup;
			children = (
				64B2AAF118082AE600E02E2F /* MoobeezTests.m */,
				64B2AAEC18082AE600E02E2F /* Supporting Files */,
			);
			path = MoobeezTests;
			sourceTree = "<group>";
		};
		64B2AAEC18082AE600E02E2F /* Supporting Files */ = {
			isa = PBXGroup;
			children = (
				64B2AAED18082AE600E02E2F /* MoobeezTests-Info.plist */,
				64B2AAEE18082AE600E02E2F /* InfoPlist.strings */,
			);
			name = "Supporting Files";
			sourceTree = "<group>";
		};
		64B2AAFD18082C4A00E02E2F /* Classes */ = {
			isa = PBXGroup;
			children = (
				64B2AB0818083CBF00E02E2F /* Gogz */,
				64B2AB4B18083CBF00E02E2F /* Moobeez */,
				64B2AAFE18082C4A00E02E2F /* AppDelegate.h */,
				64B2AAFF18082C4A00E02E2F /* AppDelegate.m */,
				64B2AB0018082C4A00E02E2F /* Application.xib */,
				64B2AB7C18083FC700E02E2F /* Moobeez.h */,
			);
			path = Classes;
			sourceTree = "<group>";
		};
		64B2AB0518082C4A00E02E2F /* Images */ = {
			isa = PBXGroup;
			children = (
				64B2AB911808486200E02E2F /* Tab Bar Icons */,
				64B2AADE18082AE600E02E2F /* Images.xcassets */,
			);
			path = Images;
			sourceTree = "<group>";
		};
		64B2AB0818083CBF00E02E2F /* Gogz */ = {
			isa = PBXGroup;
			children = (
				64B2AB0918083CBF00E02E2F /* Additions */,
				64B2AB1E18083CBF00E02E2F /* Alert */,
				64B2AB2118083CBF00E02E2F /* Connection */,
				64B2AB4618083CBF00E02E2F /* Image Loader */,
				64B2AB7D1808412300E02E2F /* View Controllers */,
				64B2AB2C18083CBF00E02E2F /* External SDKs */,
				64B2AB4518083CBF00E02E2F /* Gogz.h */,
			);
			path = Gogz;
			sourceTree = "<group>";
		};
		64B2AB0918083CBF00E02E2F /* Additions */ = {
			isa = PBXGroup;
			children = (
				64B2AB7618083E8A00E02E2F /* Objects */,
				64B2AB7518083E7D00E02E2F /* Date */,
				64B2AB7718083E9400E02E2F /* Interface */,
			);
			path = Additions;
			sourceTree = "<group>";
		};
		64B2AB1E18083CBF00E02E2F /* Alert */ = {
			isa = PBXGroup;
			children = (
				64B2AB1F18083CBF00E02E2F /* Alert.h */,
				64B2AB2018083CBF00E02E2F /* Alert.m */,
			);
			path = Alert;
			sourceTree = "<group>";
		};
		64B2AB2118083CBF00E02E2F /* Connection */ = {
			isa = PBXGroup;
			children = (
				64B2AB2518083CBF00E02E2F /* ConnectionLibrary.h */,
				64B2AB2218083CBF00E02E2F /* Connection */,
				64B2AB2618083CBF00E02E2F /* ConnectionsManager */,
				64B2AB2918083CBF00E02E2F /* URLConnection */,
			);
			path = Connection;
			sourceTree = "<group>";
		};
		64B2AB2218083CBF00E02E2F /* Connection */ = {
			isa = PBXGroup;
			children = (
				64B2AB2318083CBF00E02E2F /* Connection.h */,
				64B2AB2418083CBF00E02E2F /* Connection.m */,
			);
			path = Connection;
			sourceTree = "<group>";
		};
		64B2AB2618083CBF00E02E2F /* ConnectionsManager */ = {
			isa = PBXGroup;
			children = (
				64B2AB2718083CBF00E02E2F /* ConnectionsManager.h */,
				64B2AB2818083CBF00E02E2F /* ConnectionsManager.m */,
			);
			path = ConnectionsManager;
			sourceTree = "<group>";
		};
		64B2AB2918083CBF00E02E2F /* URLConnection */ = {
			isa = PBXGroup;
			children = (
				64B2AB2A18083CBF00E02E2F /* URLConnection.h */,
				64B2AB2B18083CBF00E02E2F /* URLConnection.m */,
			);
			path = URLConnection;
			sourceTree = "<group>";
		};
		64B2AB2C18083CBF00E02E2F /* External SDKs */ = {
			isa = PBXGroup;
			children = (
				64B2AB2D18083CBF00E02E2F /* SBJson */,
			);
			path = "External SDKs";
			sourceTree = "<group>";
		};
		64B2AB2D18083CBF00E02E2F /* SBJson */ = {
			isa = PBXGroup;
			children = (
				64B2AB2E18083CBF00E02E2F /* NSObject+SBJson.h */,
				64B2AB2F18083CBF00E02E2F /* NSObject+SBJson.m */,
				64B2AB3018083CBF00E02E2F /* SBJson.h */,
				64B2AB3118083CBF00E02E2F /* SBJsonParser.h */,
				64B2AB3218083CBF00E02E2F /* SBJsonParser.m */,
				64B2AB3318083CBF00E02E2F /* SBJsonStreamParser.h */,
				64B2AB3418083CBF00E02E2F /* SBJsonStreamParser.m */,
				64B2AB3518083CBF00E02E2F /* SBJsonStreamParserAccumulator.h */,
				64B2AB3618083CBF00E02E2F /* SBJsonStreamParserAccumulator.m */,
				64B2AB3718083CBF00E02E2F /* SBJsonStreamParserState.h */,
				64B2AB3818083CBF00E02E2F /* SBJsonStreamParserState.m */,
				64B2AB3918083CBF00E02E2F /* SBJsonStreamWriter.h */,
				64B2AB3A18083CBF00E02E2F /* SBJsonStreamWriter.m */,
				64B2AB3B18083CBF00E02E2F /* SBJsonStreamWriterAccumulator.h */,
				64B2AB3C18083CBF00E02E2F /* SBJsonStreamWriterAccumulator.m */,
				64B2AB3D18083CBF00E02E2F /* SBJsonStreamWriterState.h */,
				64B2AB3E18083CBF00E02E2F /* SBJsonStreamWriterState.m */,
				64B2AB3F18083CBF00E02E2F /* SBJsonTokeniser.h */,
				64B2AB4018083CBF00E02E2F /* SBJsonTokeniser.m */,
				64B2AB4118083CBF00E02E2F /* SBJsonUTF8Stream.h */,
				64B2AB4218083CBF00E02E2F /* SBJsonUTF8Stream.m */,
				64B2AB4318083CBF00E02E2F /* SBJsonWriter.h */,
				64B2AB4418083CBF00E02E2F /* SBJsonWriter.m */,
			);
			path = SBJson;
			sourceTree = "<group>";
		};
		64B2AB4618083CBF00E02E2F /* Image Loader */ = {
			isa = PBXGroup;
			children = (
				64B2AB4718083CBF00E02E2F /* ImageLoader.h */,
				64B2AB4818083CBF00E02E2F /* ImageLoader.m */,
				64B2AB4918083CBF00E02E2F /* ImageView.h */,
				64B2AB4A18083CBF00E02E2F /* ImageView.m */,
			);
			path = "Image Loader";
			sourceTree = "<group>";
		};
		64B2AB4B18083CBF00E02E2F /* Moobeez */ = {
			isa = PBXGroup;
			children = (
				64B2AB4C18083CBF00E02E2F /* Connections */,
				64B2AB4D18083CBF00E02E2F /* Models */,
				64B2AB4E18083CBF00E02E2F /* Utils */,
				64B2AB5618083CBF00E02E2F /* View Controllers */,
				64B2AB5718083CBF00E02E2F /* Views */,
			);
			path = Moobeez;
			sourceTree = "<group>";
		};
		64B2AB4C18083CBF00E02E2F /* Connections */ = {
			isa = PBXGroup;
			children = (
				64392EB018084D6B00504C78 /* Tmdb Connections */,
			);
			path = Connections;
			sourceTree = "<group>";
		};
		64B2AB4D18083CBF00E02E2F /* Models */ = {
			isa = PBXGroup;
			children = (
			);
			path = Models;
			sourceTree = "<group>";
		};
		64B2AB4E18083CBF00E02E2F /* Utils */ = {
			isa = PBXGroup;
			children = (
				64B2AB4F18083CBF00E02E2F /* Additions */,
				64B2AB5418083CBF00E02E2F /* Constants.h */,
				64B2AB5518083CBF00E02E2F /* Utils.h */,
			);
			path = Utils;
			sourceTree = "<group>";
		};
		64B2AB4F18083CBF00E02E2F /* Additions */ = {
			isa = PBXGroup;
			children = (
				64B2AB5018083CBF00E02E2F /* ImageView+Tmdb.h */,
				64B2AB5118083CBF00E02E2F /* ImageView+Tmdb.m */,
				64B2AB5218083CBF00E02E2F /* UIColor+Moobeez.h */,
				64B2AB5318083CBF00E02E2F /* UIColor+Moobeez.m */,
			);
			path = Additions;
			sourceTree = "<group>";
		};
		64B2AB5618083CBF00E02E2F /* View Controllers */ = {
			isa = PBXGroup;
			children = (
				64B2AB84180844C300E02E2F /* View Controller */,
				64B2AB8A180844FE00E02E2F /* Moobeez View Controller */,
				64B2AB901808452B00E02E2F /* Movies View Controller */,
			);
			path = "View Controllers";
			sourceTree = "<group>";
		};
		64B2AB5718083CBF00E02E2F /* Views */ = {
			isa = PBXGroup;
			children = (
			);
			path = Views;
			sourceTree = "<group>";
		};
		64B2AB7518083E7D00E02E2F /* Date */ = {
			isa = PBXGroup;
			children = (
				64B2AB0A18083CBF00E02E2F /* NSDate+Calculator.h */,
				64B2AB0B18083CBF00E02E2F /* NSDate+Calculator.m */,
				64B2AB0C18083CBF00E02E2F /* NSDateFormatter+Extensions.h */,
				64B2AB0D18083CBF00E02E2F /* NSDateFormatter+Extensions.m */,
			);
			name = Date;
			sourceTree = "<group>";
		};
		64B2AB7618083E8A00E02E2F /* Objects */ = {
			isa = PBXGroup;
			children = (
				64B2AB1418083CBF00E02E2F /* NSObject+Mutable.h */,
				64B2AB1518083CBF00E02E2F /* NSObject+Mutable.m */,
				64B2AB0E18083CBF00E02E2F /* NSDictionary+Extensions.h */,
				64B2AB0F18083CBF00E02E2F /* NSDictionary+Extensions.m */,
				64B2AB1218083CBF00E02E2F /* NSMutableDictionary+Extensions.h */,
				64B2AB1318083CBF00E02E2F /* NSMutableDictionary+Extensions.m */,
				64B2AB1018083CBF00E02E2F /* NSFileManager+ExtraAtributtes.h */,
				64B2AB1118083CBF00E02E2F /* NSFileManager+ExtraAtributtes.m */,
				640865E8180B4FC200725CE4 /* URLParameters.h */,
				640865E9180B4FC200725CE4 /* URLParameters.m */,
			);
			name = Objects;
			sourceTree = "<group>";
		};
		64B2AB7718083E9400E02E2F /* Interface */ = {
			isa = PBXGroup;
			children = (
				64B2AB1C18083CBF00E02E2F /* UIView+Extra.h */,
				64B2AB1D18083CBF00E02E2F /* UIView+Extra.m */,
				64B2AB1A18083CBF00E02E2F /* UITableView+Extra.h */,
				64B2AB1B18083CBF00E02E2F /* UITableView+Extra.m */,
				64B2AB1818083CBF00E02E2F /* UIImage+Resize.h */,
				64B2AB1918083CBF00E02E2F /* UIImage+Resize.m */,
				64B2AB7818083ED600E02E2F /* UIColor+Hex.h */,
				64B2AB7918083ED600E02E2F /* UIColor+Hex.m */,
			);
			name = Interface;
			sourceTree = "<group>";
		};
		64B2AB7D1808412300E02E2F /* View Controllers */ = {
			isa = PBXGroup;
			children = (
				64B2AB7E1808412300E02E2F /* ConnectionViewController.h */,
				64B2AB7F1808412300E02E2F /* ConnectionViewController.m */,
			);
			path = "View Controllers";
			sourceTree = "<group>";
		};
		64B2AB84180844C300E02E2F /* View Controller */ = {
			isa = PBXGroup;
			children = (
				64B2AB811808421700E02E2F /* ViewController.h */,
				64B2AB821808421700E02E2F /* ViewController.m */,
			);
			name = "View Controller";
			sourceTree = "<group>";
		};
		64B2AB8A180844FE00E02E2F /* Moobeez View Controller */ = {
			isa = PBXGroup;
			children = (
				64B2AB85180844F800E02E2F /* MoobeezViewController.h */,
				64B2AB86180844F800E02E2F /* MoobeezViewController.m */,
				64B2AB87180844F800E02E2F /* MoobeezViewController.xib */,
			);
			name = "Moobeez View Controller";
			sourceTree = "<group>";
		};
		64B2AB901808452B00E02E2F /* Movies View Controller */ = {
			isa = PBXGroup;
			children = (
				64B2AB8B1808452700E02E2F /* MoviesViewController.h */,
				64B2AB8C1808452700E02E2F /* MoviesViewController.m */,
				64B2AB8D1808452700E02E2F /* MoviesViewController.xib */,
			);
			name = "Movies View Controller";
			sourceTree = "<group>";
		};
		64B2AB911808486200E02E2F /* Tab Bar Icons */ = {
			isa = PBXGroup;
			children = (
				64B2AB961808496B00E02E2F /* tab_bar_icon_movies.png */,
				64B2AB971808496B00E02E2F /* tab_bar_icon_movies@2x.png */,
				64B2AB921808486200E02E2F /* tab_bar_icon_moobeez.png */,
				64B2AB931808486200E02E2F /* tab_bar_icon_moobeez@2x.png */,
			);
			path = "Tab Bar Icons";
			sourceTree = "<group>";
		};
/* End PBXGroup section */

/* Begin PBXNativeTarget section */
		64B2AABF18082AE600E02E2F /* Moobeez */ = {
			isa = PBXNativeTarget;
			buildConfigurationList = 64B2AAF518082AE600E02E2F /* Build configuration list for PBXNativeTarget "Moobeez" */;
			buildPhases = (
				64B2AABC18082AE600E02E2F /* Sources */,
				64B2AABD18082AE600E02E2F /* Frameworks */,
				64B2AABE18082AE600E02E2F /* Resources */,
			);
			buildRules = (
			);
			dependencies = (
			);
			name = Moobeez;
			productName = Moobeez;
			productReference = 64B2AAC018082AE600E02E2F /* Moobeez.app */;
			productType = "com.apple.product-type.application";
		};
		64B2AAE318082AE600E02E2F /* MoobeezTests */ = {
			isa = PBXNativeTarget;
			buildConfigurationList = 64B2AAF818082AE600E02E2F /* Build configuration list for PBXNativeTarget "MoobeezTests" */;
			buildPhases = (
				64B2AAE018082AE600E02E2F /* Sources */,
				64B2AAE118082AE600E02E2F /* Frameworks */,
				64B2AAE218082AE600E02E2F /* Resources */,
			);
			buildRules = (
			);
			dependencies = (
				64B2AAEA18082AE600E02E2F /* PBXTargetDependency */,
			);
			name = MoobeezTests;
			productName = MoobeezTests;
			productReference = 64B2AAE418082AE600E02E2F /* MoobeezTests.xctest */;
			productType = "com.apple.product-type.bundle.unit-test";
		};
/* End PBXNativeTarget section */

/* Begin PBXProject section */
		64B2AAB818082AE600E02E2F /* Project object */ = {
			isa = PBXProject;
			attributes = {
				LastUpgradeCheck = 0500;
				ORGANIZATIONNAME = Goggzy;
				TargetAttributes = {
					64B2AAE318082AE600E02E2F = {
						TestTargetID = 64B2AABF18082AE600E02E2F;
					};
				};
			};
			buildConfigurationList = 64B2AABB18082AE600E02E2F /* Build configuration list for PBXProject "Moobeez" */;
			compatibilityVersion = "Xcode 3.2";
			developmentRegion = English;
			hasScannedForEncodings = 0;
			knownRegions = (
				en,
				Base,
			);
			mainGroup = 64B2AAB718082AE600E02E2F;
			productRefGroup = 64B2AAC118082AE600E02E2F /* Products */;
			projectDirPath = "";
			projectRoot = "";
			targets = (
				64B2AABF18082AE600E02E2F /* Moobeez */,
				64B2AAE318082AE600E02E2F /* MoobeezTests */,
			);
		};
/* End PBXProject section */

/* Begin PBXResourcesBuildPhase section */
		64B2AABE18082AE600E02E2F /* Resources */ = {
			isa = PBXResourcesBuildPhase;
			buildActionMask = 2147483647;
			files = (
				64B2AADF18082AE600E02E2F /* Images.xcassets in Resources */,
				64B2AB991808496B00E02E2F /* tab_bar_icon_movies@2x.png in Resources */,
				64B2AB951808486200E02E2F /* tab_bar_icon_moobeez@2x.png in Resources */,
				64B2AACE18082AE600E02E2F /* InfoPlist.strings in Resources */,
				64B2AB89180844F800E02E2F /* MoobeezViewController.xib in Resources */,
				64B2AB0718082C4A00E02E2F /* Application.xib in Resources */,
				64B2AB941808486200E02E2F /* tab_bar_icon_moobeez.png in Resources */,
				64B2AB8F1808452700E02E2F /* MoviesViewController.xib in Resources */,
				64B2AB981808496B00E02E2F /* tab_bar_icon_movies.png in Resources */,
			);
			runOnlyForDeploymentPostprocessing = 0;
		};
		64B2AAE218082AE600E02E2F /* Resources */ = {
			isa = PBXResourcesBuildPhase;
			buildActionMask = 2147483647;
			files = (
				64B2AAF018082AE600E02E2F /* InfoPlist.strings in Resources */,
			);
			runOnlyForDeploymentPostprocessing = 0;
		};
/* End PBXResourcesBuildPhase section */

/* Begin PBXSourcesBuildPhase section */
		64B2AABC18082AE600E02E2F /* Sources */ = {
			isa = PBXSourcesBuildPhase;
			buildActionMask = 2147483647;
			files = (
				64B2AB6018083CBF00E02E2F /* UITableView+Extra.m in Sources */,
				64B2AB6318083CBF00E02E2F /* Connection.m in Sources */,
				64B2AB5C18083CBF00E02E2F /* NSMutableDictionary+Extensions.m in Sources */,
				64B2AB0618082C4A00E02E2F /* AppDelegate.m in Sources */,
				64B2AB801808412300E02E2F /* ConnectionViewController.m in Sources */,
				64B2AB6618083CBF00E02E2F /* NSObject+SBJson.m in Sources */,
				64B2AB6F18083CBF00E02E2F /* SBJsonUTF8Stream.m in Sources */,
				64B2AB5D18083CBF00E02E2F /* NSObject+Mutable.m in Sources */,
				64B2AB5918083CBF00E02E2F /* NSDateFormatter+Extensions.m in Sources */,
				64B2AB6118083CBF00E02E2F /* UIView+Extra.m in Sources */,
				64B2AB7318083CBF00E02E2F /* ImageView+Tmdb.m in Sources */,
				64B2AB7418083CBF00E02E2F /* UIColor+Moobeez.m in Sources */,
				64B2AB8E1808452700E02E2F /* MoviesViewController.m in Sources */,
				64B2AB7A18083ED600E02E2F /* UIColor+Hex.m in Sources */,
				64B2AB6B18083CBF00E02E2F /* SBJsonStreamWriter.m in Sources */,
				64B2AB6A18083CBF00E02E2F /* SBJsonStreamParserState.m in Sources */,
				64B2AB6818083CBF00E02E2F /* SBJsonStreamParser.m in Sources */,
				64B2AB6918083CBF00E02E2F /* SBJsonStreamParserAccumulator.m in Sources */,
				64B2AB7118083CBF00E02E2F /* ImageLoader.m in Sources */,
				64B2AB5B18083CBF00E02E2F /* NSFileManager+ExtraAtributtes.m in Sources */,
				64B2AAD018082AE600E02E2F /* main.m in Sources */,
				64B2AB6C18083CBF00E02E2F /* SBJsonStreamWriterAccumulator.m in Sources */,
				64B2AB6E18083CBF00E02E2F /* SBJsonTokeniser.m in Sources */,
				64B2AB5A18083CBF00E02E2F /* NSDictionary+Extensions.m in Sources */,
				64B2AB5818083CBF00E02E2F /* NSDate+Calculator.m in Sources */,
				640865EA180B4FC200725CE4 /* URLParameters.m in Sources */,
				64B2AB7218083CBF00E02E2F /* ImageView.m in Sources */,
				64B2AB5F18083CBF00E02E2F /* UIImage+Resize.m in Sources */,
				64B2AB88180844F800E02E2F /* MoobeezViewController.m in Sources */,
				64B2AB6518083CBF00E02E2F /* URLConnection.m in Sources */,
				64B2AB831808421700E02E2F /* ViewController.m in Sources */,
				64B2AB7018083CBF00E02E2F /* SBJsonWriter.m in Sources */,
				64B2AB6718083CBF00E02E2F /* SBJsonParser.m in Sources */,
				64B2AB6D18083CBF00E02E2F /* SBJsonStreamWriterState.m in Sources */,
				64392EAF18084BA500504C78 /* TmdbConnection.m in Sources */,
				64B2AB6218083CBF00E02E2F /* Alert.m in Sources */,
				64B2AB6418083CBF00E02E2F /* ConnectionsManager.m in Sources */,
			);
			runOnlyForDeploymentPostprocessing = 0;
		};
		64B2AAE018082AE600E02E2F /* Sources */ = {
			isa = PBXSourcesBuildPhase;
			buildActionMask = 2147483647;
			files = (
				64B2AAF218082AE600E02E2F /* MoobeezTests.m in Sources */,
			);
			runOnlyForDeploymentPostprocessing = 0;
		};
/* End PBXSourcesBuildPhase section */

/* Begin PBXTargetDependency section */
		64B2AAEA18082AE600E02E2F /* PBXTargetDependency */ = {
			isa = PBXTargetDependency;
			target = 64B2AABF18082AE600E02E2F /* Moobeez */;
			targetProxy = 64B2AAE918082AE600E02E2F /* PBXContainerItemProxy */;
		};
/* End PBXTargetDependency section */

/* Begin PBXVariantGroup section */
		64B2AACC18082AE600E02E2F /* InfoPlist.strings */ = {
			isa = PBXVariantGroup;
			children = (
				64B2AACD18082AE600E02E2F /* en */,
			);
			name = InfoPlist.strings;
			sourceTree = "<group>";
		};
		64B2AAEE18082AE600E02E2F /* InfoPlist.strings */ = {
			isa = PBXVariantGroup;
			children = (
				64B2AAEF18082AE600E02E2F /* en */,
			);
			name = InfoPlist.strings;
			sourceTree = "<group>";
		};
/* End PBXVariantGroup section */

/* Begin XCBuildConfiguration section */
		64B2AAF318082AE600E02E2F /* Debug */ = {
			isa = XCBuildConfiguration;
			buildSettings = {
				ALWAYS_SEARCH_USER_PATHS = NO;
				ARCHS = "$(ARCHS_STANDARD_INCLUDING_64_BIT)";
				CLANG_CXX_LANGUAGE_STANDARD = "gnu++0x";
				CLANG_CXX_LIBRARY = "libc++";
				CLANG_ENABLE_MODULES = YES;
				CLANG_ENABLE_OBJC_ARC = YES;
				CLANG_WARN_BOOL_CONVERSION = YES;
				CLANG_WARN_CONSTANT_CONVERSION = YES;
				CLANG_WARN_DIRECT_OBJC_ISA_USAGE = YES_ERROR;
				CLANG_WARN_EMPTY_BODY = YES;
				CLANG_WARN_ENUM_CONVERSION = YES;
				CLANG_WARN_INT_CONVERSION = YES;
				CLANG_WARN_OBJC_ROOT_CLASS = YES_ERROR;
				CLANG_WARN__DUPLICATE_METHOD_MATCH = YES;
				"CODE_SIGN_IDENTITY[sdk=iphoneos*]" = "iPhone Developer";
				COPY_PHASE_STRIP = NO;
				GCC_C_LANGUAGE_STANDARD = gnu99;
				GCC_DYNAMIC_NO_PIC = NO;
				GCC_OPTIMIZATION_LEVEL = 0;
				GCC_PREPROCESSOR_DEFINITIONS = (
					"DEBUG=1",
					"$(inherited)",
				);
				GCC_SYMBOLS_PRIVATE_EXTERN = NO;
				GCC_WARN_64_TO_32_BIT_CONVERSION = YES;
				GCC_WARN_ABOUT_RETURN_TYPE = YES_ERROR;
				GCC_WARN_UNDECLARED_SELECTOR = YES;
				GCC_WARN_UNINITIALIZED_AUTOS = YES;
				GCC_WARN_UNUSED_FUNCTION = YES;
				GCC_WARN_UNUSED_VARIABLE = YES;
				IPHONEOS_DEPLOYMENT_TARGET = 7.0;
				ONLY_ACTIVE_ARCH = YES;
				SDKROOT = iphoneos;
			};
			name = Debug;
		};
		64B2AAF418082AE600E02E2F /* Release */ = {
			isa = XCBuildConfiguration;
			buildSettings = {
				ALWAYS_SEARCH_USER_PATHS = NO;
				ARCHS = "$(ARCHS_STANDARD_INCLUDING_64_BIT)";
				CLANG_CXX_LANGUAGE_STANDARD = "gnu++0x";
				CLANG_CXX_LIBRARY = "libc++";
				CLANG_ENABLE_MODULES = YES;
				CLANG_ENABLE_OBJC_ARC = YES;
				CLANG_WARN_BOOL_CONVERSION = YES;
				CLANG_WARN_CONSTANT_CONVERSION = YES;
				CLANG_WARN_DIRECT_OBJC_ISA_USAGE = YES_ERROR;
				CLANG_WARN_EMPTY_BODY = YES;
				CLANG_WARN_ENUM_CONVERSION = YES;
				CLANG_WARN_INT_CONVERSION = YES;
				CLANG_WARN_OBJC_ROOT_CLASS = YES_ERROR;
				CLANG_WARN__DUPLICATE_METHOD_MATCH = YES;
				"CODE_SIGN_IDENTITY[sdk=iphoneos*]" = "iPhone Developer";
				COPY_PHASE_STRIP = YES;
				ENABLE_NS_ASSERTIONS = NO;
				GCC_C_LANGUAGE_STANDARD = gnu99;
				GCC_WARN_64_TO_32_BIT_CONVERSION = YES;
				GCC_WARN_ABOUT_RETURN_TYPE = YES_ERROR;
				GCC_WARN_UNDECLARED_SELECTOR = YES;
				GCC_WARN_UNINITIALIZED_AUTOS = YES;
				GCC_WARN_UNUSED_FUNCTION = YES;
				GCC_WARN_UNUSED_VARIABLE = YES;
				IPHONEOS_DEPLOYMENT_TARGET = 7.0;
				SDKROOT = iphoneos;
				VALIDATE_PRODUCT = YES;
			};
			name = Release;
		};
		64B2AAF618082AE600E02E2F /* Debug */ = {
			isa = XCBuildConfiguration;
			buildSettings = {
				ASSETCATALOG_COMPILER_APPICON_NAME = AppIcon;
				ASSETCATALOG_COMPILER_LAUNCHIMAGE_NAME = LaunchImage;
				GCC_PRECOMPILE_PREFIX_HEADER = YES;
				GCC_PREFIX_HEADER = "Moobeez/Moobeez-Prefix.pch";
				INFOPLIST_FILE = "Moobeez/Moobeez-Info.plist";
				PRODUCT_NAME = "$(TARGET_NAME)";
				WRAPPER_EXTENSION = app;
			};
			name = Debug;
		};
		64B2AAF718082AE600E02E2F /* Release */ = {
			isa = XCBuildConfiguration;
			buildSettings = {
				ASSETCATALOG_COMPILER_APPICON_NAME = AppIcon;
				ASSETCATALOG_COMPILER_LAUNCHIMAGE_NAME = LaunchImage;
				GCC_PRECOMPILE_PREFIX_HEADER = YES;
				GCC_PREFIX_HEADER = "Moobeez/Moobeez-Prefix.pch";
				INFOPLIST_FILE = "Moobeez/Moobeez-Info.plist";
				PRODUCT_NAME = "$(TARGET_NAME)";
				WRAPPER_EXTENSION = app;
			};
			name = Release;
		};
		64B2AAF918082AE600E02E2F /* Debug */ = {
			isa = XCBuildConfiguration;
			buildSettings = {
				ARCHS = "$(ARCHS_STANDARD_INCLUDING_64_BIT)";
				BUNDLE_LOADER = "$(BUILT_PRODUCTS_DIR)/Moobeez.app/Moobeez";
				FRAMEWORK_SEARCH_PATHS = (
					"$(SDKROOT)/Developer/Library/Frameworks",
					"$(inherited)",
					"$(DEVELOPER_FRAMEWORKS_DIR)",
				);
				GCC_PRECOMPILE_PREFIX_HEADER = YES;
				GCC_PREFIX_HEADER = "Moobeez/Moobeez-Prefix.pch";
				GCC_PREPROCESSOR_DEFINITIONS = (
					"DEBUG=1",
					"$(inherited)",
				);
				INFOPLIST_FILE = "MoobeezTests/MoobeezTests-Info.plist";
				PRODUCT_NAME = "$(TARGET_NAME)";
				TEST_HOST = "$(BUNDLE_LOADER)";
				WRAPPER_EXTENSION = xctest;
			};
			name = Debug;
		};
		64B2AAFA18082AE600E02E2F /* Release */ = {
			isa = XCBuildConfiguration;
			buildSettings = {
				ARCHS = "$(ARCHS_STANDARD_INCLUDING_64_BIT)";
				BUNDLE_LOADER = "$(BUILT_PRODUCTS_DIR)/Moobeez.app/Moobeez";
				FRAMEWORK_SEARCH_PATHS = (
					"$(SDKROOT)/Developer/Library/Frameworks",
					"$(inherited)",
					"$(DEVELOPER_FRAMEWORKS_DIR)",
				);
				GCC_PRECOMPILE_PREFIX_HEADER = YES;
				GCC_PREFIX_HEADER = "Moobeez/Moobeez-Prefix.pch";
				INFOPLIST_FILE = "MoobeezTests/MoobeezTests-Info.plist";
				PRODUCT_NAME = "$(TARGET_NAME)";
				TEST_HOST = "$(BUNDLE_LOADER)";
				WRAPPER_EXTENSION = xctest;
			};
			name = Release;
		};
/* End XCBuildConfiguration section */

/* Begin XCConfigurationList section */
		64B2AABB18082AE600E02E2F /* Build configuration list for PBXProject "Moobeez" */ = {
			isa = XCConfigurationList;
			buildConfigurations = (
				64B2AAF318082AE600E02E2F /* Debug */,
				64B2AAF418082AE600E02E2F /* Release */,
			);
			defaultConfigurationIsVisible = 0;
			defaultConfigurationName = Release;
		};
		64B2AAF518082AE600E02E2F /* Build configuration list for PBXNativeTarget "Moobeez" */ = {
			isa = XCConfigurationList;
			buildConfigurations = (
				64B2AAF618082AE600E02E2F /* Debug */,
				64B2AAF718082AE600E02E2F /* Release */,
			);
			defaultConfigurationIsVisible = 0;
			defaultConfigurationName = Release;
		};
		64B2AAF818082AE600E02E2F /* Build configuration list for PBXNativeTarget "MoobeezTests" */ = {
			isa = XCConfigurationList;
			buildConfigurations = (
				64B2AAF918082AE600E02E2F /* Debug */,
				64B2AAFA18082AE600E02E2F /* Release */,
			);
			defaultConfigurationIsVisible = 0;
			defaultConfigurationName = Release;
		};
/* End XCConfigurationList section */
	};
	rootObject = 64B2AAB818082AE600E02E2F /* Project object */;
}
