// !$*UTF8*$!
{
	archiveVersion = 1;
	classes = {
	};
	objectVersion = 54;
	objects = {

/* Begin PBXBuildFile section */
		641454EC1F852DCC00569DE9 /* CastThumbnailCell.swift in Sources */ = {isa = PBXBuildFile; fileRef = 641454EB1F852DCC00569DE9 /* CastThumbnailCell.swift */; };
		64339FA21F824AB2007C59CB /* ThemedItems.swift in Sources */ = {isa = PBXBuildFile; fileRef = 64339FA11F824AB2007C59CB /* ThemedItems.swift */; };
		643F359820419B4B00C07DB1 /* TimelineSectionCell.swift in Sources */ = {isa = PBXBuildFile; fileRef = 643F359720419B4B00C07DB1 /* TimelineSectionCell.swift */; };
		643F359A20419D4F00C07DB1 /* TimelineItem.swift in Sources */ = {isa = PBXBuildFile; fileRef = 643F359920419D4F00C07DB1 /* TimelineItem.swift */; };
		6443D8192B4C1A9D0031BAB2 /* FirebaseAuth in Frameworks */ = {isa = PBXBuildFile; productRef = 6443D8182B4C1A9D0031BAB2 /* FirebaseAuth */; };
		6443D81B2B4C1A9D0031BAB2 /* FirebaseAuthCombine-Community in Frameworks */ = {isa = PBXBuildFile; productRef = 6443D81A2B4C1A9D0031BAB2 /* FirebaseAuthCombine-Community */; };
		6443D81D2B4C1A9D0031BAB2 /* FirebaseFirestore in Frameworks */ = {isa = PBXBuildFile; productRef = 6443D81C2B4C1A9D0031BAB2 /* FirebaseFirestore */; };
		6443D81F2B4C1A9D0031BAB2 /* FirebaseFirestoreCombine-Community in Frameworks */ = {isa = PBXBuildFile; productRef = 6443D81E2B4C1A9D0031BAB2 /* FirebaseFirestoreCombine-Community */; };
		6443D8212B4C1A9D0031BAB2 /* FirebaseFirestoreSwift in Frameworks */ = {isa = PBXBuildFile; productRef = 6443D8202B4C1A9D0031BAB2 /* FirebaseFirestoreSwift */; };
		6443D8232B4C1A9D0031BAB2 /* FirebaseRemoteConfig in Frameworks */ = {isa = PBXBuildFile; productRef = 6443D8222B4C1A9D0031BAB2 /* FirebaseRemoteConfig */; };
		6443D8252B4C1A9D0031BAB2 /* FirebaseRemoteConfigSwift in Frameworks */ = {isa = PBXBuildFile; productRef = 6443D8242B4C1A9D0031BAB2 /* FirebaseRemoteConfigSwift */; };
		6443D82C2B4C480D0031BAB2 /* BoardingViewController.swift in Sources */ = {isa = PBXBuildFile; fileRef = 6443D82B2B4C480D0031BAB2 /* BoardingViewController.swift */; };
		6443D82E2B4C4ECA0031BAB2 /* GoogleService-Info.plist in Resources */ = {isa = PBXBuildFile; fileRef = 6443D82D2B4C4ECA0031BAB2 /* GoogleService-Info.plist */; };
		6443D8312B4C51820031BAB2 /* GoogleSignIn in Frameworks */ = {isa = PBXBuildFile; productRef = 6443D8302B4C51820031BAB2 /* GoogleSignIn */; };
		6443D8332B4C51820031BAB2 /* GoogleSignInSwift in Frameworks */ = {isa = PBXBuildFile; productRef = 6443D8322B4C51820031BAB2 /* GoogleSignInSwift */; };
		6443D8362B4CA1E90031BAB2 /* MyProfileViewController.swift in Sources */ = {isa = PBXBuildFile; fileRef = 6443D8352B4CA1E90031BAB2 /* MyProfileViewController.swift */; };
		6443D8382B4CA9620031BAB2 /* ConnectViewController.swift in Sources */ = {isa = PBXBuildFile; fileRef = 6443D8372B4CA9620031BAB2 /* ConnectViewController.swift */; };
		64445C8A1F5A215D007EB5A8 /* AppDelegate.swift in Sources */ = {isa = PBXBuildFile; fileRef = 64445C891F5A215D007EB5A8 /* AppDelegate.swift */; };
		64445C8D1F5A215D007EB5A8 /* Moobeez.xcdatamodeld in Sources */ = {isa = PBXBuildFile; fileRef = 64445C8B1F5A215D007EB5A8 /* Moobeez.xcdatamodeld */; };
		64445C941F5A215D007EB5A8 /* Main.storyboard in Resources */ = {isa = PBXBuildFile; fileRef = 64445C921F5A215D007EB5A8 /* Main.storyboard */; };
		64445C961F5A215D007EB5A8 /* Assets.xcassets in Resources */ = {isa = PBXBuildFile; fileRef = 64445C951F5A215D007EB5A8 /* Assets.xcassets */; };
		64445C991F5A215D007EB5A8 /* LaunchScreen.storyboard in Resources */ = {isa = PBXBuildFile; fileRef = 64445C971F5A215D007EB5A8 /* LaunchScreen.storyboard */; };
		64445CA71F5A2B72007EB5A8 /* MBNavigationController.swift in Sources */ = {isa = PBXBuildFile; fileRef = 64445CA61F5A2B72007EB5A8 /* MBNavigationController.swift */; };
		64445CA91F5A2B86007EB5A8 /* MBViewController.swift in Sources */ = {isa = PBXBuildFile; fileRef = 64445CA81F5A2B86007EB5A8 /* MBViewController.swift */; };
		64445CAD1F5A2BFD007EB5A8 /* MBSideMenuController.swift in Sources */ = {isa = PBXBuildFile; fileRef = 64445CAC1F5A2BFD007EB5A8 /* MBSideMenuController.swift */; };
		64445CAF1F5A2DAE007EB5A8 /* MBSideMenuSegue.swift in Sources */ = {isa = PBXBuildFile; fileRef = 64445CAE1F5A2DAE007EB5A8 /* MBSideMenuSegue.swift */; };
		64445CBA1F5A3194007EB5A8 /* TimelineViewController.swift in Sources */ = {isa = PBXBuildFile; fileRef = 64445CB91F5A3194007EB5A8 /* TimelineViewController.swift */; };
		64445CBC1F5A3540007EB5A8 /* DashboardViewController.swift in Sources */ = {isa = PBXBuildFile; fileRef = 64445CBB1F5A3540007EB5A8 /* DashboardViewController.swift */; };
		64479A681F86CDD7009CAA7B /* PersonDetailsViewController.swift in Sources */ = {isa = PBXBuildFile; fileRef = 64479A671F86CDD7009CAA7B /* PersonDetailsViewController.swift */; };
		64479A6A1F86D5AD009CAA7B /* TmdbService+People.swift in Sources */ = {isa = PBXBuildFile; fileRef = 64479A691F86D5AD009CAA7B /* TmdbService+People.swift */; };
		64527EE61F633BD7003828E3 /* MoobeezManager.swift in Sources */ = {isa = PBXBuildFile; fileRef = 64527EE51F633BD7003828E3 /* MoobeezManager.swift */; };
		64527EEC1F63529E003828E3 /* TmdbTvShow.swift in Sources */ = {isa = PBXBuildFile; fileRef = 64527EEB1F63529E003828E3 /* TmdbTvShow.swift */; };
		64527EEE1F635571003828E3 /* TmdbTvSeason.swift in Sources */ = {isa = PBXBuildFile; fileRef = 64527EED1F635571003828E3 /* TmdbTvSeason.swift */; };
		64527EF11F65C1EF003828E3 /* MoobeezViewController.swift in Sources */ = {isa = PBXBuildFile; fileRef = 64527EF01F65C1EF003828E3 /* MoobeezViewController.swift */; };
		64527EF41F65DFAE003828E3 /* SearchBar.swift in Sources */ = {isa = PBXBuildFile; fileRef = 64527EF31F65DFAE003828E3 /* SearchBar.swift */; };
		64527EF71F65EB73003828E3 /* StarsView.swift in Sources */ = {isa = PBXBuildFile; fileRef = 64527EF61F65EB73003828E3 /* StarsView.swift */; };
		64527EF91F65F0B1003828E3 /* BeeCell.swift in Sources */ = {isa = PBXBuildFile; fileRef = 64527EF81F65F0B1003828E3 /* BeeCell.swift */; };
		64527EFB1F65FF34003828E3 /* UIImageView+Tmdb.swift in Sources */ = {isa = PBXBuildFile; fileRef = 64527EFA1F65FF34003828E3 /* UIImageView+Tmdb.swift */; };
		6456DB2E1F7417FA00C50192 /* UIImage+Luminosity.swift in Sources */ = {isa = PBXBuildFile; fileRef = 6456DB2D1F7417FA00C50192 /* UIImage+Luminosity.swift */; };
		6468F86A1F73EE990023D72B /* UIView+Shortcuts.swift in Sources */ = {isa = PBXBuildFile; fileRef = 6468F8691F73EE990023D72B /* UIView+Shortcuts.swift */; };
		6468F86C1F73FA040023D72B /* Moobee.swift in Sources */ = {isa = PBXBuildFile; fileRef = 6468F86B1F73FA040023D72B /* Moobee.swift */; };
		6468F86E1F7404430023D72B /* ToolboxView.swift in Sources */ = {isa = PBXBuildFile; fileRef = 6468F86D1F7404430023D72B /* ToolboxView.swift */; };
		647451D81FC734ED0082CB4B /* TmdbTvEpisode.swift in Sources */ = {isa = PBXBuildFile; fileRef = 647451D71FC734ED0082CB4B /* TmdbTvEpisode.swift */; };
		64794D361F72A6F200488683 /* MoobeeDetailsViewController.swift in Sources */ = {isa = PBXBuildFile; fileRef = 64794D351F72A6F200488683 /* MoobeeDetailsViewController.swift */; };
		64794D3B1F72B33A00488683 /* EmptySegue.swift in Sources */ = {isa = PBXBuildFile; fileRef = 64794D3A1F72B33A00488683 /* EmptySegue.swift */; };
		64794D401F72BEFB00488683 /* MBShowDetailSegue.swift in Sources */ = {isa = PBXBuildFile; fileRef = 64794D3F1F72BEFB00488683 /* MBShowDetailSegue.swift */; };
		64A49E90218B4E41003CE800 /* NotificationCenter.framework in Frameworks */ = {isa = PBXBuildFile; fileRef = 64A49E8F218B4E41003CE800 /* NotificationCenter.framework */; };
		64A49E93218B4E41003CE800 /* TodayViewController.swift in Sources */ = {isa = PBXBuildFile; fileRef = 64A49E92218B4E41003CE800 /* TodayViewController.swift */; };
		64A49E96218B4E41003CE800 /* MainInterface.storyboard in Resources */ = {isa = PBXBuildFile; fileRef = 64A49E94218B4E41003CE800 /* MainInterface.storyboard */; };
		64A49EA0218B5253003CE800 /* TvEpisodeCell.swift in Sources */ = {isa = PBXBuildFile; fileRef = 64A49E9F218B5253003CE800 /* TvEpisodeCell.swift */; };
		64A49EA1218B5321003CE800 /* Moobee.swift in Sources */ = {isa = PBXBuildFile; fileRef = 6468F86B1F73FA040023D72B /* Moobee.swift */; };
		64A49EA2218B5321003CE800 /* Teebee.swift in Sources */ = {isa = PBXBuildFile; fileRef = 64ACB0271F8B5EB700D9883D /* Teebee.swift */; };
		64A49EA3218B5321003CE800 /* TeebeeEpisode.swift in Sources */ = {isa = PBXBuildFile; fileRef = 64A82BE01FAB5DB100268DA8 /* TeebeeEpisode.swift */; };
		64A49EA4218B5321003CE800 /* TeebeeSeason.swift in Sources */ = {isa = PBXBuildFile; fileRef = 64ACB0291F8B617600D9883D /* TeebeeSeason.swift */; };
		64A49EA5218B5321003CE800 /* TmdbCharacter.swift in Sources */ = {isa = PBXBuildFile; fileRef = 64BB2C631F83E17700B672D8 /* TmdbCharacter.swift */; };
		64A49EA6218B5321003CE800 /* TmdbImage.swift in Sources */ = {isa = PBXBuildFile; fileRef = 64BB2C671F84E25900B672D8 /* TmdbImage.swift */; };
		64A49EA7218B5321003CE800 /* TmdbMovie.swift in Sources */ = {isa = PBXBuildFile; fileRef = 64B63E2F1F66E30F00710A4E /* TmdbMovie.swift */; };
		64A49EA8218B5321003CE800 /* TmdbPerson.swift in Sources */ = {isa = PBXBuildFile; fileRef = 64BB2C651F83E19100B672D8 /* TmdbPerson.swift */; };
		64A49EA9218B5321003CE800 /* TmdbTvEpisode.swift in Sources */ = {isa = PBXBuildFile; fileRef = 647451D71FC734ED0082CB4B /* TmdbTvEpisode.swift */; };
		64A49EAA218B5321003CE800 /* TmdbTvSeason.swift in Sources */ = {isa = PBXBuildFile; fileRef = 64527EED1F635571003828E3 /* TmdbTvSeason.swift */; };
		64A49EAB218B5321003CE800 /* TmdbTvShow.swift in Sources */ = {isa = PBXBuildFile; fileRef = 64527EEB1F63529E003828E3 /* TmdbTvShow.swift */; };
		64A49EAC218B5321003CE800 /* TimelineItem.swift in Sources */ = {isa = PBXBuildFile; fileRef = 643F359920419D4F00C07DB1 /* TimelineItem.swift */; };
		64A49EAD218B532C003CE800 /* UIImageView+Tmdb.swift in Sources */ = {isa = PBXBuildFile; fileRef = 64527EFA1F65FF34003828E3 /* UIImageView+Tmdb.swift */; };
		64A49EAE218B5351003CE800 /* MoobeezManager.swift in Sources */ = {isa = PBXBuildFile; fileRef = 64527EE51F633BD7003828E3 /* MoobeezManager.swift */; };
		64A49EAF218B53DC003CE800 /* Moobeez.xcdatamodeld in Sources */ = {isa = PBXBuildFile; fileRef = 64445C8B1F5A215D007EB5A8 /* Moobeez.xcdatamodeld */; };
		64A49EB0218B5504003CE800 /* Tmdb.xcdatamodeld in Sources */ = {isa = PBXBuildFile; fileRef = 64ACB0241F8B5B1C00D9883D /* Tmdb.xcdatamodeld */; };
		64A49EB2218B55F4003CE800 /* AppDelegate.swift in Sources */ = {isa = PBXBuildFile; fileRef = 64A49EB1218B55F4003CE800 /* AppDelegate.swift */; };
		64A49EB3218B561C003CE800 /* Date+Helpers.swift in Sources */ = {isa = PBXBuildFile; fileRef = 64BF29301FACBEFD0056299B /* Date+Helpers.swift */; };
		64A49EB4218B5640003CE800 /* Notifications.swift in Sources */ = {isa = PBXBuildFile; fileRef = 64E76BA61F5A3E6E007F9727 /* Notifications.swift */; };
		64A49EB5218B56D6003CE800 /* SettingsManager.swift in Sources */ = {isa = PBXBuildFile; fileRef = 64A82BE51FAB7CD100268DA8 /* SettingsManager.swift */; };
		64A49EBA218B63DA003CE800 /* Database.swift in Sources */ = {isa = PBXBuildFile; fileRef = 64A49EB9218B63DA003CE800 /* Database.swift */; };
		64A49EBB218B63DA003CE800 /* Database.swift in Sources */ = {isa = PBXBuildFile; fileRef = 64A49EB9218B63DA003CE800 /* Database.swift */; };
		64A82BE11FAB5DB100268DA8 /* TeebeeEpisode.swift in Sources */ = {isa = PBXBuildFile; fileRef = 64A82BE01FAB5DB100268DA8 /* TeebeeEpisode.swift */; };
		64A82BE41FAB724600268DA8 /* HeaderView.swift in Sources */ = {isa = PBXBuildFile; fileRef = 64A82BE31FAB724600268DA8 /* HeaderView.swift */; };
		64A82BE61FAB7CD100268DA8 /* SettingsManager.swift in Sources */ = {isa = PBXBuildFile; fileRef = 64A82BE51FAB7CD100268DA8 /* SettingsManager.swift */; };
		64ACB0261F8B5B1D00D9883D /* Tmdb.xcdatamodeld in Sources */ = {isa = PBXBuildFile; fileRef = 64ACB0241F8B5B1C00D9883D /* Tmdb.xcdatamodeld */; };
		64ACB0281F8B5EB800D9883D /* Teebee.swift in Sources */ = {isa = PBXBuildFile; fileRef = 64ACB0271F8B5EB700D9883D /* Teebee.swift */; };
		64ACB02A1F8B617600D9883D /* TeebeeSeason.swift in Sources */ = {isa = PBXBuildFile; fileRef = 64ACB0291F8B617600D9883D /* TeebeeSeason.swift */; };
		64ACB02D1F8B8F8800D9883D /* SearchMoviesViewController.swift in Sources */ = {isa = PBXBuildFile; fileRef = 64ACB02C1F8B8F8800D9883D /* SearchMoviesViewController.swift */; };
		64ACB0301F8B928600D9883D /* SearchResultCell.swift in Sources */ = {isa = PBXBuildFile; fileRef = 64ACB02F1F8B928600D9883D /* SearchResultCell.swift */; };
		64B63E261F66CA8A00710A4E /* TmdbConnection.swift in Sources */ = {isa = PBXBuildFile; fileRef = 64B63E251F66CA8A00710A4E /* TmdbConnection.swift */; };
		64B63E271F66CAC100710A4E /* Connection.swift in Sources */ = {isa = PBXBuildFile; fileRef = 64B63E241F66B71E00710A4E /* Connection.swift */; };
		64B63E2A1F66D42F00710A4E /* TmdbService.swift in Sources */ = {isa = PBXBuildFile; fileRef = 64B63E291F66D42F00710A4E /* TmdbService.swift */; };
		64B63E2C1F66E0AE00710A4E /* TmdbService+Movies.swift in Sources */ = {isa = PBXBuildFile; fileRef = 64B63E2B1F66E0AE00710A4E /* TmdbService+Movies.swift */; };
		64B63E2E1F66E0DB00710A4E /* TmdbService+TV.swift in Sources */ = {isa = PBXBuildFile; fileRef = 64B63E2D1F66E0DB00710A4E /* TmdbService+TV.swift */; };
		64B63E301F66E30F00710A4E /* TmdbMovie.swift in Sources */ = {isa = PBXBuildFile; fileRef = 64B63E2F1F66E30F00710A4E /* TmdbMovie.swift */; };
		64BAA69B1FA0BD8200BC2E58 /* ImageGalleryViewController.swift in Sources */ = {isa = PBXBuildFile; fileRef = 64BAA69A1FA0BD8200BC2E58 /* ImageGalleryViewController.swift */; };
		64BAA69E1FA0D8FB00BC2E58 /* YoutubeVideoViewController.swift in Sources */ = {isa = PBXBuildFile; fileRef = 64BAA69D1FA0D8FB00BC2E58 /* YoutubeVideoViewController.swift */; };
		64BB2C641F83E17700B672D8 /* TmdbCharacter.swift in Sources */ = {isa = PBXBuildFile; fileRef = 64BB2C631F83E17700B672D8 /* TmdbCharacter.swift */; };
		64BB2C661F83E19100B672D8 /* TmdbPerson.swift in Sources */ = {isa = PBXBuildFile; fileRef = 64BB2C651F83E19100B672D8 /* TmdbPerson.swift */; };
		64BB2C681F84E25900B672D8 /* TmdbImage.swift in Sources */ = {isa = PBXBuildFile; fileRef = 64BB2C671F84E25900B672D8 /* TmdbImage.swift */; };
		64BE2F922B484EBA00168677 /* SDWebImage in Frameworks */ = {isa = PBXBuildFile; productRef = 64BE2F912B484EBA00168677 /* SDWebImage */; };
		64BE2F942B484EBB00168677 /* SDWebImageMapKit in Frameworks */ = {isa = PBXBuildFile; productRef = 64BE2F932B484EBB00168677 /* SDWebImageMapKit */; };
		64BE2F962B484EDD00168677 /* SDWebImage in Frameworks */ = {isa = PBXBuildFile; productRef = 64BE2F952B484EDD00168677 /* SDWebImage */; };
		64BE2F982B484EDD00168677 /* SDWebImageMapKit in Frameworks */ = {isa = PBXBuildFile; productRef = 64BE2F972B484EDD00168677 /* SDWebImageMapKit */; };
		64BE2F9A2B484EED00168677 /* SDWebImage in Frameworks */ = {isa = PBXBuildFile; productRef = 64BE2F992B484EED00168677 /* SDWebImage */; };
		64BE2F9C2B484EED00168677 /* SDWebImageMapKit in Frameworks */ = {isa = PBXBuildFile; productRef = 64BE2F9B2B484EED00168677 /* SDWebImageMapKit */; };
		64BF29311FACBEFD0056299B /* Date+Helpers.swift in Sources */ = {isa = PBXBuildFile; fileRef = 64BF29301FACBEFD0056299B /* Date+Helpers.swift */; };
		64DB559321A85B0F00EA9A81 /* Common.xcassets in Resources */ = {isa = PBXBuildFile; fileRef = 64DB559221A85B0F00EA9A81 /* Common.xcassets */; };
		64DB559421A85B0F00EA9A81 /* Common.xcassets in Resources */ = {isa = PBXBuildFile; fileRef = 64DB559221A85B0F00EA9A81 /* Common.xcassets */; };
		64DB559621A8791900EA9A81 /* DeepLinking.swift in Sources */ = {isa = PBXBuildFile; fileRef = 64DB559521A8791900EA9A81 /* DeepLinking.swift */; };
		64DB559821A8795100EA9A81 /* URL+Helpers.swift in Sources */ = {isa = PBXBuildFile; fileRef = 64DB559721A8795000EA9A81 /* URL+Helpers.swift */; };
		64DB55DE21AA0DDE00EA9A81 /* NotificationCenter.framework in Frameworks */ = {isa = PBXBuildFile; fileRef = 64A49E8F218B4E41003CE800 /* NotificationCenter.framework */; };
		64DB55EC21AA0E6300EA9A81 /* Common.xcassets in Resources */ = {isa = PBXBuildFile; fileRef = 64DB559221A85B0F00EA9A81 /* Common.xcassets */; };
		64DB55ED21AA0EAC00EA9A81 /* MoobeezManager.swift in Sources */ = {isa = PBXBuildFile; fileRef = 64527EE51F633BD7003828E3 /* MoobeezManager.swift */; };
		64DB55EE21AA0EAF00EA9A81 /* SettingsManager.swift in Sources */ = {isa = PBXBuildFile; fileRef = 64A82BE51FAB7CD100268DA8 /* SettingsManager.swift */; };
		64DB55EF21AA0EBC00EA9A81 /* Moobee.swift in Sources */ = {isa = PBXBuildFile; fileRef = 6468F86B1F73FA040023D72B /* Moobee.swift */; };
		64DB55F021AA0EBC00EA9A81 /* Teebee.swift in Sources */ = {isa = PBXBuildFile; fileRef = 64ACB0271F8B5EB700D9883D /* Teebee.swift */; };
		64DB55F121AA0EBC00EA9A81 /* TeebeeEpisode.swift in Sources */ = {isa = PBXBuildFile; fileRef = 64A82BE01FAB5DB100268DA8 /* TeebeeEpisode.swift */; };
		64DB55F221AA0EBC00EA9A81 /* TeebeeSeason.swift in Sources */ = {isa = PBXBuildFile; fileRef = 64ACB0291F8B617600D9883D /* TeebeeSeason.swift */; };
		64DB55F321AA0EBC00EA9A81 /* TmdbCharacter.swift in Sources */ = {isa = PBXBuildFile; fileRef = 64BB2C631F83E17700B672D8 /* TmdbCharacter.swift */; };
		64DB55F421AA0EBC00EA9A81 /* TmdbImage.swift in Sources */ = {isa = PBXBuildFile; fileRef = 64BB2C671F84E25900B672D8 /* TmdbImage.swift */; };
		64DB55F521AA0EBC00EA9A81 /* TmdbMovie.swift in Sources */ = {isa = PBXBuildFile; fileRef = 64B63E2F1F66E30F00710A4E /* TmdbMovie.swift */; };
		64DB55F621AA0EBC00EA9A81 /* TmdbPerson.swift in Sources */ = {isa = PBXBuildFile; fileRef = 64BB2C651F83E19100B672D8 /* TmdbPerson.swift */; };
		64DB55F721AA0EBC00EA9A81 /* TmdbTvEpisode.swift in Sources */ = {isa = PBXBuildFile; fileRef = 647451D71FC734ED0082CB4B /* TmdbTvEpisode.swift */; };
		64DB55F821AA0EBC00EA9A81 /* TmdbTvSeason.swift in Sources */ = {isa = PBXBuildFile; fileRef = 64527EED1F635571003828E3 /* TmdbTvSeason.swift */; };
		64DB55F921AA0EBC00EA9A81 /* TmdbTvShow.swift in Sources */ = {isa = PBXBuildFile; fileRef = 64527EEB1F63529E003828E3 /* TmdbTvShow.swift */; };
		64DB55FA21AA0EBC00EA9A81 /* TimelineItem.swift in Sources */ = {isa = PBXBuildFile; fileRef = 643F359920419D4F00C07DB1 /* TimelineItem.swift */; };
		64DB55FB21AA0EF200EA9A81 /* Notifications.swift in Sources */ = {isa = PBXBuildFile; fileRef = 64E76BA61F5A3E6E007F9727 /* Notifications.swift */; };
		64DB55FC21AA0EF200EA9A81 /* Date+Helpers.swift in Sources */ = {isa = PBXBuildFile; fileRef = 64BF29301FACBEFD0056299B /* Date+Helpers.swift */; };
		64DB55FD21AA0EF200EA9A81 /* UIImageView+Tmdb.swift in Sources */ = {isa = PBXBuildFile; fileRef = 64527EFA1F65FF34003828E3 /* UIImageView+Tmdb.swift */; };
		64DB55FE21AA0EF200EA9A81 /* Database.swift in Sources */ = {isa = PBXBuildFile; fileRef = 64A49EB9218B63DA003CE800 /* Database.swift */; };
		64DB560021AA0F2C00EA9A81 /* TvEpisodeCell.swift in Sources */ = {isa = PBXBuildFile; fileRef = 64A49E9F218B5253003CE800 /* TvEpisodeCell.swift */; };
		64DB560121AA0F2C00EA9A81 /* AppDelegate.swift in Sources */ = {isa = PBXBuildFile; fileRef = 64A49EB1218B55F4003CE800 /* AppDelegate.swift */; };
		64DB560321AA0F5500EA9A81 /* WidgetManager.swift in Sources */ = {isa = PBXBuildFile; fileRef = 64DB560221AA0F5500EA9A81 /* WidgetManager.swift */; };
		64DB560521AA108A00EA9A81 /* TodayViewController.swift in Sources */ = {isa = PBXBuildFile; fileRef = 64A49E92218B4E41003CE800 /* TodayViewController.swift */; };
		64DB560621AA109B00EA9A81 /* MainInterface.storyboard in Resources */ = {isa = PBXBuildFile; fileRef = 64A49E94218B4E41003CE800 /* MainInterface.storyboard */; };
		64DB560821AA10CB00EA9A81 /* WidgetManager.swift in Sources */ = {isa = PBXBuildFile; fileRef = 64DB560721AA10CB00EA9A81 /* WidgetManager.swift */; };
		64DB560921AA122400EA9A81 /* Moobeez.xcdatamodeld in Sources */ = {isa = PBXBuildFile; fileRef = 64445C8B1F5A215D007EB5A8 /* Moobeez.xcdatamodeld */; };
		64DB560A21AA122400EA9A81 /* Tmdb.xcdatamodeld in Sources */ = {isa = PBXBuildFile; fileRef = 64ACB0241F8B5B1C00D9883D /* Tmdb.xcdatamodeld */; };
		64E76BA71F5A3E6E007F9727 /* Notifications.swift in Sources */ = {isa = PBXBuildFile; fileRef = 64E76BA61F5A3E6E007F9727 /* Notifications.swift */; };
		64EA92231FB1FA7600793F52 /* SeasonCell.swift in Sources */ = {isa = PBXBuildFile; fileRef = 64EA92221FB1FA7600793F52 /* SeasonCell.swift */; };
		64EA92271FB1FAE000793F52 /* EpisodeCell.swift in Sources */ = {isa = PBXBuildFile; fileRef = 64EA92261FB1FAE000793F52 /* EpisodeCell.swift */; };
		64ECC0351FA2180D00824076 /* VideoViewController.swift in Sources */ = {isa = PBXBuildFile; fileRef = 64ECC0341FA2180D00824076 /* VideoViewController.swift */; };
		64ECC03E1FA2229500824076 /* TeebeeDetailsViewController.swift in Sources */ = {isa = PBXBuildFile; fileRef = 64ECC0371FA2229300824076 /* TeebeeDetailsViewController.swift */; };
		64ECC0411FA2229500824076 /* TeebeezViewController.swift in Sources */ = {isa = PBXBuildFile; fileRef = 64ECC03B1FA2229400824076 /* TeebeezViewController.swift */; };
		64ECC0421FA2229500824076 /* SearchTVsViewController.swift in Sources */ = {isa = PBXBuildFile; fileRef = 64ECC03D1FA2229400824076 /* SearchTVsViewController.swift */; };
		EAE581FD2BAB7E6500734EC7 /* SwiftyBeaver in Frameworks */ = {isa = PBXBuildFile; productRef = EAE581FC2BAB7E6500734EC7 /* SwiftyBeaver */; };
		EAE581FF2BAB7EEE00734EC7 /* YouTubeiOSPlayerHelper in Frameworks */ = {isa = PBXBuildFile; productRef = EAE581FE2BAB7EEE00734EC7 /* YouTubeiOSPlayerHelper */; };
		EAE582012BAB7FCB00734EC7 /* SwiftyBeaver in Frameworks */ = {isa = PBXBuildFile; productRef = EAE582002BAB7FCB00734EC7 /* SwiftyBeaver */; };
		EAE582032BAB7FDD00734EC7 /* SwiftyBeaver in Frameworks */ = {isa = PBXBuildFile; productRef = EAE582022BAB7FDD00734EC7 /* SwiftyBeaver */; };
		EAE582052BAB809100734EC7 /* Console.swift in Sources */ = {isa = PBXBuildFile; fileRef = EAE582042BAB809100734EC7 /* Console.swift */; };
/* End PBXBuildFile section */

/* Begin PBXFileReference section */
		407466ACE3E1F031CD25558D /* Pods_Today.framework */ = {isa = PBXFileReference; explicitFileType = wrapper.framework; includeInIndex = 0; path = Pods_Today.framework; sourceTree = BUILT_PRODUCTS_DIR; };
		641454EB1F852DCC00569DE9 /* CastThumbnailCell.swift */ = {isa = PBXFileReference; lastKnownFileType = sourcecode.swift; path = CastThumbnailCell.swift; sourceTree = "<group>"; };
		64339FA11F824AB2007C59CB /* ThemedItems.swift */ = {isa = PBXFileReference; lastKnownFileType = sourcecode.swift; path = ThemedItems.swift; sourceTree = "<group>"; };
		643F359720419B4B00C07DB1 /* TimelineSectionCell.swift */ = {isa = PBXFileReference; lastKnownFileType = sourcecode.swift; path = TimelineSectionCell.swift; sourceTree = "<group>"; };
		643F359920419D4F00C07DB1 /* TimelineItem.swift */ = {isa = PBXFileReference; lastKnownFileType = sourcecode.swift; path = TimelineItem.swift; sourceTree = "<group>"; };
		6443D82B2B4C480D0031BAB2 /* BoardingViewController.swift */ = {isa = PBXFileReference; lastKnownFileType = sourcecode.swift; path = BoardingViewController.swift; sourceTree = "<group>"; };
		6443D82D2B4C4ECA0031BAB2 /* GoogleService-Info.plist */ = {isa = PBXFileReference; fileEncoding = 4; lastKnownFileType = text.plist.xml; path = "GoogleService-Info.plist"; sourceTree = "<group>"; };
		6443D8352B4CA1E90031BAB2 /* MyProfileViewController.swift */ = {isa = PBXFileReference; lastKnownFileType = sourcecode.swift; path = MyProfileViewController.swift; sourceTree = "<group>"; };
		6443D8372B4CA9620031BAB2 /* ConnectViewController.swift */ = {isa = PBXFileReference; lastKnownFileType = sourcecode.swift; path = ConnectViewController.swift; sourceTree = "<group>"; };
		64445C861F5A215D007EB5A8 /* Moobeez.app */ = {isa = PBXFileReference; explicitFileType = wrapper.application; includeInIndex = 0; path = Moobeez.app; sourceTree = BUILT_PRODUCTS_DIR; };
		64445C891F5A215D007EB5A8 /* AppDelegate.swift */ = {isa = PBXFileReference; lastKnownFileType = sourcecode.swift; path = AppDelegate.swift; sourceTree = "<group>"; };
		64445C8C1F5A215D007EB5A8 /* Moobeez.xcdatamodel */ = {isa = PBXFileReference; lastKnownFileType = wrapper.xcdatamodel; path = Moobeez.xcdatamodel; sourceTree = "<group>"; };
		64445C931F5A215D007EB5A8 /* Base */ = {isa = PBXFileReference; lastKnownFileType = file.storyboard; name = Base; path = Base.lproj/Main.storyboard; sourceTree = "<group>"; };
		64445C951F5A215D007EB5A8 /* Assets.xcassets */ = {isa = PBXFileReference; lastKnownFileType = folder.assetcatalog; path = Assets.xcassets; sourceTree = "<group>"; };
		64445C981F5A215D007EB5A8 /* Base */ = {isa = PBXFileReference; lastKnownFileType = file.storyboard; name = Base; path = Base.lproj/LaunchScreen.storyboard; sourceTree = "<group>"; };
		64445C9A1F5A215D007EB5A8 /* Info.plist */ = {isa = PBXFileReference; lastKnownFileType = text.plist.xml; path = Info.plist; sourceTree = "<group>"; };
		64445CA61F5A2B72007EB5A8 /* MBNavigationController.swift */ = {isa = PBXFileReference; lastKnownFileType = sourcecode.swift; path = MBNavigationController.swift; sourceTree = "<group>"; };
		64445CA81F5A2B86007EB5A8 /* MBViewController.swift */ = {isa = PBXFileReference; lastKnownFileType = sourcecode.swift; path = MBViewController.swift; sourceTree = "<group>"; };
		64445CAC1F5A2BFD007EB5A8 /* MBSideMenuController.swift */ = {isa = PBXFileReference; lastKnownFileType = sourcecode.swift; path = MBSideMenuController.swift; sourceTree = "<group>"; };
		64445CAE1F5A2DAE007EB5A8 /* MBSideMenuSegue.swift */ = {isa = PBXFileReference; lastKnownFileType = sourcecode.swift; path = MBSideMenuSegue.swift; sourceTree = "<group>"; };
		64445CB91F5A3194007EB5A8 /* TimelineViewController.swift */ = {isa = PBXFileReference; lastKnownFileType = sourcecode.swift; path = TimelineViewController.swift; sourceTree = "<group>"; };
		64445CBB1F5A3540007EB5A8 /* DashboardViewController.swift */ = {isa = PBXFileReference; lastKnownFileType = sourcecode.swift; path = DashboardViewController.swift; sourceTree = "<group>"; };
		64479A671F86CDD7009CAA7B /* PersonDetailsViewController.swift */ = {isa = PBXFileReference; lastKnownFileType = sourcecode.swift; path = PersonDetailsViewController.swift; sourceTree = "<group>"; };
		64479A691F86D5AD009CAA7B /* TmdbService+People.swift */ = {isa = PBXFileReference; lastKnownFileType = sourcecode.swift; path = "TmdbService+People.swift"; sourceTree = "<group>"; };
		64527EE51F633BD7003828E3 /* MoobeezManager.swift */ = {isa = PBXFileReference; lastKnownFileType = sourcecode.swift; path = MoobeezManager.swift; sourceTree = "<group>"; };
		64527EEB1F63529E003828E3 /* TmdbTvShow.swift */ = {isa = PBXFileReference; lastKnownFileType = sourcecode.swift; path = TmdbTvShow.swift; sourceTree = "<group>"; };
		64527EED1F635571003828E3 /* TmdbTvSeason.swift */ = {isa = PBXFileReference; lastKnownFileType = sourcecode.swift; path = TmdbTvSeason.swift; sourceTree = "<group>"; };
		64527EF01F65C1EF003828E3 /* MoobeezViewController.swift */ = {isa = PBXFileReference; lastKnownFileType = sourcecode.swift; path = MoobeezViewController.swift; sourceTree = "<group>"; };
		64527EF31F65DFAE003828E3 /* SearchBar.swift */ = {isa = PBXFileReference; lastKnownFileType = sourcecode.swift; path = SearchBar.swift; sourceTree = "<group>"; };
		64527EF61F65EB73003828E3 /* StarsView.swift */ = {isa = PBXFileReference; lastKnownFileType = sourcecode.swift; path = StarsView.swift; sourceTree = "<group>"; };
		64527EF81F65F0B1003828E3 /* BeeCell.swift */ = {isa = PBXFileReference; lastKnownFileType = sourcecode.swift; path = BeeCell.swift; sourceTree = "<group>"; };
		64527EFA1F65FF34003828E3 /* UIImageView+Tmdb.swift */ = {isa = PBXFileReference; lastKnownFileType = sourcecode.swift; path = "UIImageView+Tmdb.swift"; sourceTree = "<group>"; };
		6456DB2D1F7417FA00C50192 /* UIImage+Luminosity.swift */ = {isa = PBXFileReference; lastKnownFileType = sourcecode.swift; path = "UIImage+Luminosity.swift"; sourceTree = "<group>"; };
		645875A321AA1C74009F7458 /* Moobeez 1.1.xcdatamodel */ = {isa = PBXFileReference; lastKnownFileType = wrapper.xcdatamodel; path = "Moobeez 1.1.xcdatamodel"; sourceTree = "<group>"; };
		6468F8691F73EE990023D72B /* UIView+Shortcuts.swift */ = {isa = PBXFileReference; lastKnownFileType = sourcecode.swift; path = "UIView+Shortcuts.swift"; sourceTree = "<group>"; };
		6468F86B1F73FA040023D72B /* Moobee.swift */ = {isa = PBXFileReference; lastKnownFileType = sourcecode.swift; path = Moobee.swift; sourceTree = "<group>"; };
		6468F86D1F7404430023D72B /* ToolboxView.swift */ = {isa = PBXFileReference; lastKnownFileType = sourcecode.swift; path = ToolboxView.swift; sourceTree = "<group>"; };
		647451D71FC734ED0082CB4B /* TmdbTvEpisode.swift */ = {isa = PBXFileReference; fileEncoding = 4; lastKnownFileType = sourcecode.swift; path = TmdbTvEpisode.swift; sourceTree = "<group>"; };
		64794D351F72A6F200488683 /* MoobeeDetailsViewController.swift */ = {isa = PBXFileReference; lastKnownFileType = sourcecode.swift; path = MoobeeDetailsViewController.swift; sourceTree = "<group>"; };
		64794D3A1F72B33A00488683 /* EmptySegue.swift */ = {isa = PBXFileReference; lastKnownFileType = sourcecode.swift; path = EmptySegue.swift; sourceTree = "<group>"; };
		64794D3F1F72BEFB00488683 /* MBShowDetailSegue.swift */ = {isa = PBXFileReference; lastKnownFileType = sourcecode.swift; path = MBShowDetailSegue.swift; sourceTree = "<group>"; };
		64A49E8E218B4E41003CE800 /* Today.appex */ = {isa = PBXFileReference; explicitFileType = "wrapper.app-extension"; includeInIndex = 0; path = Today.appex; sourceTree = BUILT_PRODUCTS_DIR; };
		64A49E8F218B4E41003CE800 /* NotificationCenter.framework */ = {isa = PBXFileReference; lastKnownFileType = wrapper.framework; name = NotificationCenter.framework; path = System/Library/Frameworks/NotificationCenter.framework; sourceTree = SDKROOT; };
		64A49E92218B4E41003CE800 /* TodayViewController.swift */ = {isa = PBXFileReference; lastKnownFileType = sourcecode.swift; path = TodayViewController.swift; sourceTree = "<group>"; };
		64A49E95218B4E41003CE800 /* Base */ = {isa = PBXFileReference; lastKnownFileType = file.storyboard; name = Base; path = Base.lproj/MainInterface.storyboard; sourceTree = "<group>"; };
		64A49E97218B4E41003CE800 /* Info.plist */ = {isa = PBXFileReference; lastKnownFileType = text.plist.xml; path = Info.plist; sourceTree = "<group>"; };
		64A49E9F218B5253003CE800 /* TvEpisodeCell.swift */ = {isa = PBXFileReference; lastKnownFileType = sourcecode.swift; path = TvEpisodeCell.swift; sourceTree = "<group>"; };
		64A49EB1218B55F4003CE800 /* AppDelegate.swift */ = {isa = PBXFileReference; lastKnownFileType = sourcecode.swift; path = AppDelegate.swift; sourceTree = "<group>"; };
		64A49EB8218B5D9E003CE800 /* Today.entitlements */ = {isa = PBXFileReference; lastKnownFileType = text.plist.entitlements; path = Today.entitlements; sourceTree = "<group>"; };
		64A49EB9218B63DA003CE800 /* Database.swift */ = {isa = PBXFileReference; lastKnownFileType = sourcecode.swift; path = Database.swift; sourceTree = "<group>"; };
		64A82BE01FAB5DB100268DA8 /* TeebeeEpisode.swift */ = {isa = PBXFileReference; lastKnownFileType = sourcecode.swift; path = TeebeeEpisode.swift; sourceTree = "<group>"; };
		64A82BE31FAB724600268DA8 /* HeaderView.swift */ = {isa = PBXFileReference; lastKnownFileType = sourcecode.swift; path = HeaderView.swift; sourceTree = "<group>"; };
		64A82BE51FAB7CD100268DA8 /* SettingsManager.swift */ = {isa = PBXFileReference; lastKnownFileType = sourcecode.swift; path = SettingsManager.swift; sourceTree = "<group>"; };
		64ACB0251F8B5B1C00D9883D /* Moobeez.xcdatamodel */ = {isa = PBXFileReference; lastKnownFileType = wrapper.xcdatamodel; path = Moobeez.xcdatamodel; sourceTree = "<group>"; };
		64ACB0271F8B5EB700D9883D /* Teebee.swift */ = {isa = PBXFileReference; fileEncoding = 4; lastKnownFileType = sourcecode.swift; path = Teebee.swift; sourceTree = "<group>"; };
		64ACB0291F8B617600D9883D /* TeebeeSeason.swift */ = {isa = PBXFileReference; fileEncoding = 4; lastKnownFileType = sourcecode.swift; path = TeebeeSeason.swift; sourceTree = "<group>"; };
		64ACB02C1F8B8F8800D9883D /* SearchMoviesViewController.swift */ = {isa = PBXFileReference; lastKnownFileType = sourcecode.swift; path = SearchMoviesViewController.swift; sourceTree = "<group>"; };
		64ACB02F1F8B928600D9883D /* SearchResultCell.swift */ = {isa = PBXFileReference; lastKnownFileType = sourcecode.swift; path = SearchResultCell.swift; sourceTree = "<group>"; };
		64B63E241F66B71E00710A4E /* Connection.swift */ = {isa = PBXFileReference; lastKnownFileType = sourcecode.swift; path = Connection.swift; sourceTree = "<group>"; };
		64B63E251F66CA8A00710A4E /* TmdbConnection.swift */ = {isa = PBXFileReference; lastKnownFileType = sourcecode.swift; path = TmdbConnection.swift; sourceTree = "<group>"; };
		64B63E291F66D42F00710A4E /* TmdbService.swift */ = {isa = PBXFileReference; lastKnownFileType = sourcecode.swift; path = TmdbService.swift; sourceTree = "<group>"; };
		64B63E2B1F66E0AE00710A4E /* TmdbService+Movies.swift */ = {isa = PBXFileReference; lastKnownFileType = sourcecode.swift; path = "TmdbService+Movies.swift"; sourceTree = "<group>"; };
		64B63E2D1F66E0DB00710A4E /* TmdbService+TV.swift */ = {isa = PBXFileReference; lastKnownFileType = sourcecode.swift; path = "TmdbService+TV.swift"; sourceTree = "<group>"; };
		64B63E2F1F66E30F00710A4E /* TmdbMovie.swift */ = {isa = PBXFileReference; lastKnownFileType = sourcecode.swift; path = TmdbMovie.swift; sourceTree = "<group>"; };
		64BAA69A1FA0BD8200BC2E58 /* ImageGalleryViewController.swift */ = {isa = PBXFileReference; lastKnownFileType = sourcecode.swift; path = ImageGalleryViewController.swift; sourceTree = "<group>"; };
		64BAA69D1FA0D8FB00BC2E58 /* YoutubeVideoViewController.swift */ = {isa = PBXFileReference; lastKnownFileType = sourcecode.swift; path = YoutubeVideoViewController.swift; sourceTree = "<group>"; };
		64BB2C631F83E17700B672D8 /* TmdbCharacter.swift */ = {isa = PBXFileReference; lastKnownFileType = sourcecode.swift; path = TmdbCharacter.swift; sourceTree = "<group>"; };
		64BB2C651F83E19100B672D8 /* TmdbPerson.swift */ = {isa = PBXFileReference; lastKnownFileType = sourcecode.swift; path = TmdbPerson.swift; sourceTree = "<group>"; };
		64BB2C671F84E25900B672D8 /* TmdbImage.swift */ = {isa = PBXFileReference; lastKnownFileType = sourcecode.swift; path = TmdbImage.swift; sourceTree = "<group>"; };
		64BF29301FACBEFD0056299B /* Date+Helpers.swift */ = {isa = PBXFileReference; lastKnownFileType = sourcecode.swift; path = "Date+Helpers.swift"; sourceTree = "<group>"; };
		64CAAE321F62DF51008FEF01 /* Moobeez.entitlements */ = {isa = PBXFileReference; lastKnownFileType = text.plist.entitlements; path = Moobeez.entitlements; sourceTree = "<group>"; };
		64CAAE441F62EA78008FEF01 /* Bridging-Header.h */ = {isa = PBXFileReference; lastKnownFileType = sourcecode.c.h; path = "Bridging-Header.h"; sourceTree = "<group>"; };
		64CAAE451F62EA84008FEF01 /* libsqlite3.tbd */ = {isa = PBXFileReference; lastKnownFileType = "sourcecode.text-based-dylib-definition"; name = libsqlite3.tbd; path = usr/lib/libsqlite3.tbd; sourceTree = SDKROOT; };
		64CAAE461F62EA84008FEF01 /* libsqlite3.0.tbd */ = {isa = PBXFileReference; lastKnownFileType = "sourcecode.text-based-dylib-definition"; name = libsqlite3.0.tbd; path = usr/lib/libsqlite3.0.tbd; sourceTree = SDKROOT; };
		64DB559221A85B0F00EA9A81 /* Common.xcassets */ = {isa = PBXFileReference; lastKnownFileType = folder.assetcatalog; path = Common.xcassets; sourceTree = "<group>"; };
		64DB559521A8791900EA9A81 /* DeepLinking.swift */ = {isa = PBXFileReference; lastKnownFileType = sourcecode.swift; path = DeepLinking.swift; sourceTree = "<group>"; };
		64DB559721A8795000EA9A81 /* URL+Helpers.swift */ = {isa = PBXFileReference; lastKnownFileType = sourcecode.swift; path = "URL+Helpers.swift"; sourceTree = "<group>"; };
		64DB55DD21AA0DDE00EA9A81 /* Missed Shows.appex */ = {isa = PBXFileReference; explicitFileType = "wrapper.app-extension"; includeInIndex = 0; path = "Missed Shows.appex"; sourceTree = BUILT_PRODUCTS_DIR; };
		64DB55E521AA0DDE00EA9A81 /* Info.plist */ = {isa = PBXFileReference; lastKnownFileType = text.plist.xml; path = Info.plist; sourceTree = "<group>"; };
		64DB560221AA0F5500EA9A81 /* WidgetManager.swift */ = {isa = PBXFileReference; lastKnownFileType = sourcecode.swift; path = WidgetManager.swift; sourceTree = "<group>"; };
		64DB560721AA10CB00EA9A81 /* WidgetManager.swift */ = {isa = PBXFileReference; fileEncoding = 4; lastKnownFileType = sourcecode.swift; path = WidgetManager.swift; sourceTree = "<group>"; };
		64DB560B21AA156C00EA9A81 /* Missed Shows.entitlements */ = {isa = PBXFileReference; lastKnownFileType = text.plist.entitlements; path = "Missed Shows.entitlements"; sourceTree = "<group>"; };
		64E76BA61F5A3E6E007F9727 /* Notifications.swift */ = {isa = PBXFileReference; lastKnownFileType = sourcecode.swift; path = Notifications.swift; sourceTree = "<group>"; };
		64EA92221FB1FA7600793F52 /* SeasonCell.swift */ = {isa = PBXFileReference; lastKnownFileType = sourcecode.swift; path = SeasonCell.swift; sourceTree = "<group>"; };
		64EA92261FB1FAE000793F52 /* EpisodeCell.swift */ = {isa = PBXFileReference; lastKnownFileType = sourcecode.swift; path = EpisodeCell.swift; sourceTree = "<group>"; };
		64ECC0341FA2180D00824076 /* VideoViewController.swift */ = {isa = PBXFileReference; lastKnownFileType = sourcecode.swift; path = VideoViewController.swift; sourceTree = "<group>"; };
		64ECC0371FA2229300824076 /* TeebeeDetailsViewController.swift */ = {isa = PBXFileReference; fileEncoding = 4; lastKnownFileType = sourcecode.swift; path = TeebeeDetailsViewController.swift; sourceTree = "<group>"; };
		64ECC03B1FA2229400824076 /* TeebeezViewController.swift */ = {isa = PBXFileReference; fileEncoding = 4; lastKnownFileType = sourcecode.swift; path = TeebeezViewController.swift; sourceTree = "<group>"; };
		64ECC03D1FA2229400824076 /* SearchTVsViewController.swift */ = {isa = PBXFileReference; fileEncoding = 4; lastKnownFileType = sourcecode.swift; path = SearchTVsViewController.swift; sourceTree = "<group>"; };
		E3D9AD17811DD3A32E69F7EE /* Pods_Missed_Shows.framework */ = {isa = PBXFileReference; explicitFileType = wrapper.framework; includeInIndex = 0; path = Pods_Missed_Shows.framework; sourceTree = BUILT_PRODUCTS_DIR; };
		E83B5F42BE95F8674D687FE5 /* Pods_Moobeez.framework */ = {isa = PBXFileReference; explicitFileType = wrapper.framework; includeInIndex = 0; path = Pods_Moobeez.framework; sourceTree = BUILT_PRODUCTS_DIR; };
		EAE582042BAB809100734EC7 /* Console.swift */ = {isa = PBXFileReference; lastKnownFileType = sourcecode.swift; path = Console.swift; sourceTree = "<group>"; };
/* End PBXFileReference section */

/* Begin PBXFrameworksBuildPhase section */
		64445C831F5A215D007EB5A8 /* Frameworks */ = {
			isa = PBXFrameworksBuildPhase;
			buildActionMask = 2147483647;
			files = (
				6443D8232B4C1A9D0031BAB2 /* FirebaseRemoteConfig in Frameworks */,
				EAE581FD2BAB7E6500734EC7 /* SwiftyBeaver in Frameworks */,
				6443D8192B4C1A9D0031BAB2 /* FirebaseAuth in Frameworks */,
				6443D8312B4C51820031BAB2 /* GoogleSignIn in Frameworks */,
				64BE2F942B484EBB00168677 /* SDWebImageMapKit in Frameworks */,
				6443D81F2B4C1A9D0031BAB2 /* FirebaseFirestoreCombine-Community in Frameworks */,
				6443D8212B4C1A9D0031BAB2 /* FirebaseFirestoreSwift in Frameworks */,
				64BE2F922B484EBA00168677 /* SDWebImage in Frameworks */,
				6443D8332B4C51820031BAB2 /* GoogleSignInSwift in Frameworks */,
				EAE581FF2BAB7EEE00734EC7 /* YouTubeiOSPlayerHelper in Frameworks */,
				6443D81D2B4C1A9D0031BAB2 /* FirebaseFirestore in Frameworks */,
				6443D8252B4C1A9D0031BAB2 /* FirebaseRemoteConfigSwift in Frameworks */,
				6443D81B2B4C1A9D0031BAB2 /* FirebaseAuthCombine-Community in Frameworks */,
			);
			runOnlyForDeploymentPostprocessing = 0;
		};
		64A49E8B218B4E41003CE800 /* Frameworks */ = {
			isa = PBXFrameworksBuildPhase;
			buildActionMask = 2147483647;
			files = (
				64BE2F962B484EDD00168677 /* SDWebImage in Frameworks */,
				64A49E90218B4E41003CE800 /* NotificationCenter.framework in Frameworks */,
				EAE582012BAB7FCB00734EC7 /* SwiftyBeaver in Frameworks */,
				64BE2F982B484EDD00168677 /* SDWebImageMapKit in Frameworks */,
			);
			runOnlyForDeploymentPostprocessing = 0;
		};
		64DB55DA21AA0DDE00EA9A81 /* Frameworks */ = {
			isa = PBXFrameworksBuildPhase;
			buildActionMask = 2147483647;
			files = (
				64BE2F9A2B484EED00168677 /* SDWebImage in Frameworks */,
				64DB55DE21AA0DDE00EA9A81 /* NotificationCenter.framework in Frameworks */,
				EAE582032BAB7FDD00734EC7 /* SwiftyBeaver in Frameworks */,
				64BE2F9C2B484EED00168677 /* SDWebImageMapKit in Frameworks */,
			);
			runOnlyForDeploymentPostprocessing = 0;
		};
/* End PBXFrameworksBuildPhase section */

/* Begin PBXGroup section */
		641454E91F852D9C00569DE9 /* Cells */ = {
			isa = PBXGroup;
			children = (
				64A82BE21FAB722E00268DA8 /* Header View */,
				64ACB02E1F8B926A00D9883D /* Search Result Cell */,
				641454EA1F852DA400569DE9 /* Cast Cell */,
				64EA92241FB1FA9500793F52 /* Season Cell */,
			);
			path = Cells;
			sourceTree = "<group>";
		};
		641454EA1F852DA400569DE9 /* Cast Cell */ = {
			isa = PBXGroup;
			children = (
				641454EB1F852DCC00569DE9 /* CastThumbnailCell.swift */,
			);
			path = "Cast Cell";
			sourceTree = "<group>";
		};
		6443D82A2B4C47DD0031BAB2 /* Boarding */ = {
			isa = PBXGroup;
			children = (
				6443D82B2B4C480D0031BAB2 /* BoardingViewController.swift */,
			);
			path = Boarding;
			sourceTree = "<group>";
		};
		6443D8342B4CA1BB0031BAB2 /* 8. My Profile */ = {
			isa = PBXGroup;
			children = (
				6443D8352B4CA1E90031BAB2 /* MyProfileViewController.swift */,
				6443D8372B4CA9620031BAB2 /* ConnectViewController.swift */,
			);
			path = "8. My Profile";
			sourceTree = "<group>";
		};
		64445C7D1F5A215D007EB5A8 = {
			isa = PBXGroup;
			children = (
				64445C881F5A215D007EB5A8 /* Moobeez */,
				64DB560421AA105B00EA9A81 /* Extensions */,
				64445C871F5A215D007EB5A8 /* Products */,
				E985BF051946DF91780C689B /* Frameworks */,
			);
			sourceTree = "<group>";
		};
		64445C871F5A215D007EB5A8 /* Products */ = {
			isa = PBXGroup;
			children = (
				64445C861F5A215D007EB5A8 /* Moobeez.app */,
				64A49E8E218B4E41003CE800 /* Today.appex */,
				64DB55DD21AA0DDE00EA9A81 /* Missed Shows.appex */,
			);
			name = Products;
			sourceTree = "<group>";
		};
		64445C881F5A215D007EB5A8 /* Moobeez */ = {
			isa = PBXGroup;
			children = (
				6443D82D2B4C4ECA0031BAB2 /* GoogleService-Info.plist */,
				64CAAE321F62DF51008FEF01 /* Moobeez.entitlements */,
				64CAAE441F62EA78008FEF01 /* Bridging-Header.h */,
				64445CA11F5A2256007EB5A8 /* Classes */,
				64445CA01F5A224D007EB5A8 /* Resources */,
				64445C9A1F5A215D007EB5A8 /* Info.plist */,
			);
			path = Moobeez;
			sourceTree = "<group>";
		};
		64445CA01F5A224D007EB5A8 /* Resources */ = {
			isa = PBXGroup;
			children = (
				64445C951F5A215D007EB5A8 /* Assets.xcassets */,
				64445C971F5A215D007EB5A8 /* LaunchScreen.storyboard */,
				64445C921F5A215D007EB5A8 /* Main.storyboard */,
				64445C8B1F5A215D007EB5A8 /* Moobeez.xcdatamodeld */,
				64ACB0241F8B5B1C00D9883D /* Tmdb.xcdatamodeld */,
				64DB559221A85B0F00EA9A81 /* Common.xcassets */,
			);
			path = Resources;
			sourceTree = "<group>";
		};
		64445CA11F5A2256007EB5A8 /* Classes */ = {
			isa = PBXGroup;
			children = (
				64445C891F5A215D007EB5A8 /* AppDelegate.swift */,
				64B63E231F66B70000710A4E /* Connections */,
				64527EE41F633B8C003828E3 /* Managers */,
				64CAAE4A1F62FBD5008FEF01 /* Models */,
				64B63E281F66D3ED00710A4E /* Services */,
				64445CA21F5A227C007EB5A8 /* UI */,
				64E76BA41F5A3E32007F9727 /* Utils */,
			);
			path = Classes;
			sourceTree = "<group>";
		};
		64445CA21F5A227C007EB5A8 /* UI */ = {
			isa = PBXGroup;
			children = (
				64445CAA1F5A2BC2007EB5A8 /* General */,
				64445CB01F5A30AB007EB5A8 /* Loading */,
				64445CB11F5A30B9007EB5A8 /* Sections */,
			);
			path = UI;
			sourceTree = "<group>";
		};
		64445CA31F5A2AF5007EB5A8 /* View Controller */ = {
			isa = PBXGroup;
			children = (
				64445CA81F5A2B86007EB5A8 /* MBViewController.swift */,
			);
			path = "View Controller";
			sourceTree = "<group>";
		};
		64445CA51F5A2B10007EB5A8 /* Navigation Controller */ = {
			isa = PBXGroup;
			children = (
				64445CA61F5A2B72007EB5A8 /* MBNavigationController.swift */,
			);
			path = "Navigation Controller";
			sourceTree = "<group>";
		};
		64445CAA1F5A2BC2007EB5A8 /* General */ = {
			isa = PBXGroup;
			children = (
				641454E91F852D9C00569DE9 /* Cells */,
				64BAA6991FA0BCB600BC2E58 /* Image Gallery View Controller */,
				64445CA51F5A2B10007EB5A8 /* Navigation Controller */,
				64794D3E1F72BED200488683 /* Segues */,
				64445CAB1F5A2BD1007EB5A8 /* Side Menu Controller */,
				64BAA69C1FA0D8D200BC2E58 /* Video View Controllers */,
				64527EF51F65EB5E003828E3 /* Stars View */,
				64445CA31F5A2AF5007EB5A8 /* View Controller */,
			);
			path = General;
			sourceTree = "<group>";
		};
		64445CAB1F5A2BD1007EB5A8 /* Side Menu Controller */ = {
			isa = PBXGroup;
			children = (
				64445CAC1F5A2BFD007EB5A8 /* MBSideMenuController.swift */,
				64445CAE1F5A2DAE007EB5A8 /* MBSideMenuSegue.swift */,
			);
			path = "Side Menu Controller";
			sourceTree = "<group>";
		};
		64445CB01F5A30AB007EB5A8 /* Loading */ = {
			isa = PBXGroup;
			children = (
			);
			path = Loading;
			sourceTree = "<group>";
		};
		64445CB11F5A30B9007EB5A8 /* Sections */ = {
			isa = PBXGroup;
			children = (
				64445CB21F5A30D8007EB5A8 /* 0. Search */,
				64445CB31F5A30EB007EB5A8 /* 1. Check in */,
				64445CB41F5A30F6007EB5A8 /* 2. Dashboard */,
				64445CB51F5A3103007EB5A8 /* 3. Timeline */,
				64445CB61F5A3110007EB5A8 /* 4. Movies */,
				64445CB71F5A3152007EB5A8 /* 5. TV Shows */,
				64445CB81F5A315E007EB5A8 /* 6. Suggestions */,
				64479A661F86CD62009CAA7B /* 7. People */,
				6443D8342B4CA1BB0031BAB2 /* 8. My Profile */,
				6443D82A2B4C47DD0031BAB2 /* Boarding */,
			);
			path = Sections;
			sourceTree = "<group>";
		};
		64445CB21F5A30D8007EB5A8 /* 0. Search */ = {
			isa = PBXGroup;
			children = (
			);
			path = "0. Search";
			sourceTree = "<group>";
		};
		64445CB31F5A30EB007EB5A8 /* 1. Check in */ = {
			isa = PBXGroup;
			children = (
			);
			path = "1. Check in";
			sourceTree = "<group>";
		};
		64445CB41F5A30F6007EB5A8 /* 2. Dashboard */ = {
			isa = PBXGroup;
			children = (
				64445CBB1F5A3540007EB5A8 /* DashboardViewController.swift */,
			);
			path = "2. Dashboard";
			sourceTree = "<group>";
		};
		64445CB51F5A3103007EB5A8 /* 3. Timeline */ = {
			isa = PBXGroup;
			children = (
				64445CB91F5A3194007EB5A8 /* TimelineViewController.swift */,
				643F359720419B4B00C07DB1 /* TimelineSectionCell.swift */,
			);
			path = "3. Timeline";
			sourceTree = "<group>";
		};
		64445CB61F5A3110007EB5A8 /* 4. Movies */ = {
			isa = PBXGroup;
			children = (
				64527EEF1F65C1CC003828E3 /* Moobeez Screen */,
				64794D371F72A6F900488683 /* Moobee Details */,
				64ACB02B1F8B8F5700D9883D /* Search Movies */,
			);
			path = "4. Movies";
			sourceTree = "<group>";
		};
		64445CB71F5A3152007EB5A8 /* 5. TV Shows */ = {
			isa = PBXGroup;
			children = (
				64ECC0381FA2229400824076 /* Teebeez Screen */,
				64ECC0361FA2229300824076 /* Teebee Details */,
				64ECC03C1FA2229400824076 /* Search TVs */,
			);
			path = "5. TV Shows";
			sourceTree = "<group>";
		};
		64445CB81F5A315E007EB5A8 /* 6. Suggestions */ = {
			isa = PBXGroup;
			children = (
			);
			path = "6. Suggestions";
			sourceTree = "<group>";
		};
		64479A661F86CD62009CAA7B /* 7. People */ = {
			isa = PBXGroup;
			children = (
				64479A671F86CDD7009CAA7B /* PersonDetailsViewController.swift */,
			);
			path = "7. People";
			sourceTree = "<group>";
		};
		64527EE41F633B8C003828E3 /* Managers */ = {
			isa = PBXGroup;
			children = (
				64527EE51F633BD7003828E3 /* MoobeezManager.swift */,
				64A82BE51FAB7CD100268DA8 /* SettingsManager.swift */,
			);
			path = Managers;
			sourceTree = "<group>";
		};
		64527EEF1F65C1CC003828E3 /* Moobeez Screen */ = {
			isa = PBXGroup;
			children = (
				64527EF01F65C1EF003828E3 /* MoobeezViewController.swift */,
				64527EF81F65F0B1003828E3 /* BeeCell.swift */,
			);
			path = "Moobeez Screen";
			sourceTree = "<group>";
		};
		64527EF21F65DF88003828E3 /* UI */ = {
			isa = PBXGroup;
			children = (
				64794D3A1F72B33A00488683 /* EmptySegue.swift */,
				64527EF31F65DFAE003828E3 /* SearchBar.swift */,
				6468F86D1F7404430023D72B /* ToolboxView.swift */,
				6468F8691F73EE990023D72B /* UIView+Shortcuts.swift */,
				6456DB2D1F7417FA00C50192 /* UIImage+Luminosity.swift */,
				64339FA11F824AB2007C59CB /* ThemedItems.swift */,
			);
			path = UI;
			sourceTree = "<group>";
		};
		64527EF51F65EB5E003828E3 /* Stars View */ = {
			isa = PBXGroup;
			children = (
				64527EF61F65EB73003828E3 /* StarsView.swift */,
			);
			path = "Stars View";
			sourceTree = "<group>";
		};
		64527EFC1F65FF3E003828E3 /* Tmdb */ = {
			isa = PBXGroup;
			children = (
				64527EFA1F65FF34003828E3 /* UIImageView+Tmdb.swift */,
			);
			path = Tmdb;
			sourceTree = "<group>";
		};
		64794D371F72A6F900488683 /* Moobee Details */ = {
			isa = PBXGroup;
			children = (
				64794D351F72A6F200488683 /* MoobeeDetailsViewController.swift */,
			);
			path = "Moobee Details";
			sourceTree = "<group>";
		};
		64794D3E1F72BED200488683 /* Segues */ = {
			isa = PBXGroup;
			children = (
				64794D3F1F72BEFB00488683 /* MBShowDetailSegue.swift */,
			);
			path = Segues;
			sourceTree = "<group>";
		};
		64A49E91218B4E41003CE800 /* Today */ = {
			isa = PBXGroup;
			children = (
				64A49EB8218B5D9E003CE800 /* Today.entitlements */,
				64A49E97218B4E41003CE800 /* Info.plist */,
				64DB560221AA0F5500EA9A81 /* WidgetManager.swift */,
			);
			path = Today;
			sourceTree = "<group>";
		};
		64A82BE21FAB722E00268DA8 /* Header View */ = {
			isa = PBXGroup;
			children = (
				64A82BE31FAB724600268DA8 /* HeaderView.swift */,
			);
			path = "Header View";
			sourceTree = "<group>";
		};
		64ACB02B1F8B8F5700D9883D /* Search Movies */ = {
			isa = PBXGroup;
			children = (
				64ACB02C1F8B8F8800D9883D /* SearchMoviesViewController.swift */,
			);
			path = "Search Movies";
			sourceTree = "<group>";
		};
		64ACB02E1F8B926A00D9883D /* Search Result Cell */ = {
			isa = PBXGroup;
			children = (
				64ACB02F1F8B928600D9883D /* SearchResultCell.swift */,
			);
			path = "Search Result Cell";
			sourceTree = "<group>";
		};
		64B63E231F66B70000710A4E /* Connections */ = {
			isa = PBXGroup;
			children = (
				64B63E241F66B71E00710A4E /* Connection.swift */,
				64B63E251F66CA8A00710A4E /* TmdbConnection.swift */,
			);
			path = Connections;
			sourceTree = "<group>";
		};
		64B63E281F66D3ED00710A4E /* Services */ = {
			isa = PBXGroup;
			children = (
				64B63E291F66D42F00710A4E /* TmdbService.swift */,
				64B63E2B1F66E0AE00710A4E /* TmdbService+Movies.swift */,
				64479A691F86D5AD009CAA7B /* TmdbService+People.swift */,
				64B63E2D1F66E0DB00710A4E /* TmdbService+TV.swift */,
			);
			path = Services;
			sourceTree = "<group>";
		};
		64BAA6991FA0BCB600BC2E58 /* Image Gallery View Controller */ = {
			isa = PBXGroup;
			children = (
				64BAA69A1FA0BD8200BC2E58 /* ImageGalleryViewController.swift */,
			);
			path = "Image Gallery View Controller";
			sourceTree = "<group>";
		};
		64BAA69C1FA0D8D200BC2E58 /* Video View Controllers */ = {
			isa = PBXGroup;
			children = (
				64BAA69D1FA0D8FB00BC2E58 /* YoutubeVideoViewController.swift */,
				64ECC0341FA2180D00824076 /* VideoViewController.swift */,
			);
			path = "Video View Controllers";
			sourceTree = "<group>";
		};
		64BF292F1FACBEB60056299B /* Extensions */ = {
			isa = PBXGroup;
			children = (
				64BF29301FACBEFD0056299B /* Date+Helpers.swift */,
				64DB559721A8795000EA9A81 /* URL+Helpers.swift */,
			);
			path = Extensions;
			sourceTree = "<group>";
		};
		64CAAE4A1F62FBD5008FEF01 /* Models */ = {
			isa = PBXGroup;
			children = (
				6468F86B1F73FA040023D72B /* Moobee.swift */,
				64ACB0271F8B5EB700D9883D /* Teebee.swift */,
				64A82BE01FAB5DB100268DA8 /* TeebeeEpisode.swift */,
				64ACB0291F8B617600D9883D /* TeebeeSeason.swift */,
				64BB2C631F83E17700B672D8 /* TmdbCharacter.swift */,
				64BB2C671F84E25900B672D8 /* TmdbImage.swift */,
				64B63E2F1F66E30F00710A4E /* TmdbMovie.swift */,
				64BB2C651F83E19100B672D8 /* TmdbPerson.swift */,
				647451D71FC734ED0082CB4B /* TmdbTvEpisode.swift */,
				64527EED1F635571003828E3 /* TmdbTvSeason.swift */,
				64527EEB1F63529E003828E3 /* TmdbTvShow.swift */,
				643F359920419D4F00C07DB1 /* TimelineItem.swift */,
			);
			path = Models;
			sourceTree = "<group>";
		};
		64DB55DF21AA0DDE00EA9A81 /* Missed Shows */ = {
			isa = PBXGroup;
			children = (
				64DB560B21AA156C00EA9A81 /* Missed Shows.entitlements */,
				64DB560721AA10CB00EA9A81 /* WidgetManager.swift */,
				64DB55E521AA0DDE00EA9A81 /* Info.plist */,
			);
			path = "Missed Shows";
			sourceTree = "<group>";
		};
		64DB560421AA105B00EA9A81 /* Extensions */ = {
			isa = PBXGroup;
			children = (
				64A49E92218B4E41003CE800 /* TodayViewController.swift */,
				64A49E94218B4E41003CE800 /* MainInterface.storyboard */,
				64A49E9F218B5253003CE800 /* TvEpisodeCell.swift */,
				64A49EB1218B55F4003CE800 /* AppDelegate.swift */,
				64A49E91218B4E41003CE800 /* Today */,
				64DB55DF21AA0DDE00EA9A81 /* Missed Shows */,
			);
			path = Extensions;
			sourceTree = "<group>";
		};
		64E76BA41F5A3E32007F9727 /* Utils */ = {
			isa = PBXGroup;
			children = (
				64E76BA61F5A3E6E007F9727 /* Notifications.swift */,
				64BF292F1FACBEB60056299B /* Extensions */,
				64527EFC1F65FF3E003828E3 /* Tmdb */,
				64527EF21F65DF88003828E3 /* UI */,
				64A49EB9218B63DA003CE800 /* Database.swift */,
				64DB559521A8791900EA9A81 /* DeepLinking.swift */,
				EAE582042BAB809100734EC7 /* Console.swift */,
			);
			path = Utils;
			sourceTree = "<group>";
		};
		64EA92241FB1FA9500793F52 /* Season Cell */ = {
			isa = PBXGroup;
			children = (
				64EA92221FB1FA7600793F52 /* SeasonCell.swift */,
				64EA92261FB1FAE000793F52 /* EpisodeCell.swift */,
			);
			path = "Season Cell";
			sourceTree = "<group>";
		};
		64ECC0361FA2229300824076 /* Teebee Details */ = {
			isa = PBXGroup;
			children = (
				64ECC0371FA2229300824076 /* TeebeeDetailsViewController.swift */,
			);
			path = "Teebee Details";
			sourceTree = "<group>";
		};
		64ECC0381FA2229400824076 /* Teebeez Screen */ = {
			isa = PBXGroup;
			children = (
				64ECC03B1FA2229400824076 /* TeebeezViewController.swift */,
			);
			path = "Teebeez Screen";
			sourceTree = "<group>";
		};
		64ECC03C1FA2229400824076 /* Search TVs */ = {
			isa = PBXGroup;
			children = (
				64ECC03D1FA2229400824076 /* SearchTVsViewController.swift */,
			);
			path = "Search TVs";
			sourceTree = "<group>";
		};
		E985BF051946DF91780C689B /* Frameworks */ = {
			isa = PBXGroup;
			children = (
				64CAAE461F62EA84008FEF01 /* libsqlite3.0.tbd */,
				64CAAE451F62EA84008FEF01 /* libsqlite3.tbd */,
				E83B5F42BE95F8674D687FE5 /* Pods_Moobeez.framework */,
				64A49E8F218B4E41003CE800 /* NotificationCenter.framework */,
				407466ACE3E1F031CD25558D /* Pods_Today.framework */,
				E3D9AD17811DD3A32E69F7EE /* Pods_Missed_Shows.framework */,
			);
			name = Frameworks;
			sourceTree = "<group>";
		};
/* End PBXGroup section */

/* Begin PBXNativeTarget section */
		64445C851F5A215D007EB5A8 /* Moobeez */ = {
			isa = PBXNativeTarget;
			buildConfigurationList = 64445C9D1F5A215D007EB5A8 /* Build configuration list for PBXNativeTarget "Moobeez" */;
			buildPhases = (
				64445C821F5A215D007EB5A8 /* Sources */,
				64445C831F5A215D007EB5A8 /* Frameworks */,
				64445C841F5A215D007EB5A8 /* Resources */,
			);
			buildRules = (
			);
			dependencies = (
			);
			name = Moobeez;
			packageProductDependencies = (
				64BE2F912B484EBA00168677 /* SDWebImage */,
				64BE2F932B484EBB00168677 /* SDWebImageMapKit */,
				6443D8182B4C1A9D0031BAB2 /* FirebaseAuth */,
				6443D81A2B4C1A9D0031BAB2 /* FirebaseAuthCombine-Community */,
				6443D81C2B4C1A9D0031BAB2 /* FirebaseFirestore */,
				6443D81E2B4C1A9D0031BAB2 /* FirebaseFirestoreCombine-Community */,
				6443D8202B4C1A9D0031BAB2 /* FirebaseFirestoreSwift */,
				6443D8222B4C1A9D0031BAB2 /* FirebaseRemoteConfig */,
				6443D8242B4C1A9D0031BAB2 /* FirebaseRemoteConfigSwift */,
				6443D8302B4C51820031BAB2 /* GoogleSignIn */,
				6443D8322B4C51820031BAB2 /* GoogleSignInSwift */,
				EAE581FC2BAB7E6500734EC7 /* SwiftyBeaver */,
				EAE581FE2BAB7EEE00734EC7 /* YouTubeiOSPlayerHelper */,
			);
			productName = Moobeez;
			productReference = 64445C861F5A215D007EB5A8 /* Moobeez.app */;
			productType = "com.apple.product-type.application";
		};
		64A49E8D218B4E41003CE800 /* Today */ = {
			isa = PBXNativeTarget;
			buildConfigurationList = 64A49E9B218B4E41003CE800 /* Build configuration list for PBXNativeTarget "Today" */;
			buildPhases = (
				64A49E8A218B4E41003CE800 /* Sources */,
				64A49E8B218B4E41003CE800 /* Frameworks */,
				64A49E8C218B4E41003CE800 /* Resources */,
			);
			buildRules = (
			);
			dependencies = (
			);
			name = Today;
			packageProductDependencies = (
				64BE2F952B484EDD00168677 /* SDWebImage */,
				64BE2F972B484EDD00168677 /* SDWebImageMapKit */,
				EAE582002BAB7FCB00734EC7 /* SwiftyBeaver */,
			);
			productName = Today;
			productReference = 64A49E8E218B4E41003CE800 /* Today.appex */;
			productType = "com.apple.product-type.app-extension";
		};
		64DB55DC21AA0DDE00EA9A81 /* Missed Shows */ = {
			isa = PBXNativeTarget;
			buildConfigurationList = 64DB55EB21AA0DDE00EA9A81 /* Build configuration list for PBXNativeTarget "Missed Shows" */;
			buildPhases = (
				64DB55D921AA0DDE00EA9A81 /* Sources */,
				64DB55DA21AA0DDE00EA9A81 /* Frameworks */,
				64DB55DB21AA0DDE00EA9A81 /* Resources */,
			);
			buildRules = (
			);
			dependencies = (
			);
			name = "Missed Shows";
			packageProductDependencies = (
				64BE2F992B484EED00168677 /* SDWebImage */,
				64BE2F9B2B484EED00168677 /* SDWebImageMapKit */,
				EAE582022BAB7FDD00734EC7 /* SwiftyBeaver */,
			);
			productName = "Missed Shows";
			productReference = 64DB55DD21AA0DDE00EA9A81 /* Missed Shows.appex */;
			productType = "com.apple.product-type.app-extension";
		};
/* End PBXNativeTarget section */

/* Begin PBXProject section */
		64445C7E1F5A215D007EB5A8 /* Project object */ = {
			isa = PBXProject;
			attributes = {
				BuildIndependentTargetsInParallel = YES;
				LastSwiftUpdateCheck = 1010;
				LastUpgradeCheck = 1530;
				ORGANIZATIONNAME = "Gogo's Lab";
				TargetAttributes = {
					64445C851F5A215D007EB5A8 = {
						CreatedOnToolsVersion = 9.0;
						LastSwiftMigration = 1530;
						SystemCapabilities = {
							com.apple.ApplicationGroups.iOS = {
								enabled = 1;
							};
							com.apple.Push = {
								enabled = 1;
							};
						};
					};
					64A49E8D218B4E41003CE800 = {
						CreatedOnToolsVersion = 10.1;
						ProvisioningStyle = Automatic;
						SystemCapabilities = {
							com.apple.ApplicationGroups.iOS = {
								enabled = 1;
							};
						};
					};
					64DB55DC21AA0DDE00EA9A81 = {
						CreatedOnToolsVersion = 10.1;
						ProvisioningStyle = Automatic;
						SystemCapabilities = {
							com.apple.ApplicationGroups.iOS = {
								enabled = 1;
							};
						};
					};
				};
			};
			buildConfigurationList = 64445C811F5A215D007EB5A8 /* Build configuration list for PBXProject "Moobeez" */;
			compatibilityVersion = "Xcode 8.0";
			developmentRegion = en;
			hasScannedForEncodings = 0;
			knownRegions = (
				en,
				Base,
			);
			mainGroup = 64445C7D1F5A215D007EB5A8;
			packageReferences = (
				64BE2F902B4709E100168677 /* XCRemoteSwiftPackageReference "SDWebImage" */,
				6443D8172B4C1A9D0031BAB2 /* XCRemoteSwiftPackageReference "firebase-ios-sdk" */,
				6443D82F2B4C51820031BAB2 /* XCRemoteSwiftPackageReference "GoogleSignIn-iOS" */,
				EAE581FA2BAB7DB300734EC7 /* XCRemoteSwiftPackageReference "youtube-ios-player-helper" */,
				EAE581FB2BAB7E6500734EC7 /* XCRemoteSwiftPackageReference "SwiftyBeaver" */,
			);
			productRefGroup = 64445C871F5A215D007EB5A8 /* Products */;
			projectDirPath = "";
			projectRoot = "";
			targets = (
				64445C851F5A215D007EB5A8 /* Moobeez */,
				64A49E8D218B4E41003CE800 /* Today */,
				64DB55DC21AA0DDE00EA9A81 /* Missed Shows */,
			);
		};
/* End PBXProject section */

/* Begin PBXResourcesBuildPhase section */
		64445C841F5A215D007EB5A8 /* Resources */ = {
			isa = PBXResourcesBuildPhase;
			buildActionMask = 2147483647;
			files = (
				64DB559321A85B0F00EA9A81 /* Common.xcassets in Resources */,
				64445C991F5A215D007EB5A8 /* LaunchScreen.storyboard in Resources */,
				6443D82E2B4C4ECA0031BAB2 /* GoogleService-Info.plist in Resources */,
				64445C961F5A215D007EB5A8 /* Assets.xcassets in Resources */,
				64445C941F5A215D007EB5A8 /* Main.storyboard in Resources */,
			);
			runOnlyForDeploymentPostprocessing = 0;
		};
		64A49E8C218B4E41003CE800 /* Resources */ = {
			isa = PBXResourcesBuildPhase;
			buildActionMask = 2147483647;
			files = (
				64DB559421A85B0F00EA9A81 /* Common.xcassets in Resources */,
				64A49E96218B4E41003CE800 /* MainInterface.storyboard in Resources */,
			);
			runOnlyForDeploymentPostprocessing = 0;
		};
		64DB55DB21AA0DDE00EA9A81 /* Resources */ = {
			isa = PBXResourcesBuildPhase;
			buildActionMask = 2147483647;
			files = (
				64DB55EC21AA0E6300EA9A81 /* Common.xcassets in Resources */,
				64DB560621AA109B00EA9A81 /* MainInterface.storyboard in Resources */,
			);
			runOnlyForDeploymentPostprocessing = 0;
		};
/* End PBXResourcesBuildPhase section */

/* Begin PBXSourcesBuildPhase section */
		64445C821F5A215D007EB5A8 /* Sources */ = {
			isa = PBXSourcesBuildPhase;
			buildActionMask = 2147483647;
			files = (
				6443D8362B4CA1E90031BAB2 /* MyProfileViewController.swift in Sources */,
				64ACB02A1F8B617600D9883D /* TeebeeSeason.swift in Sources */,
				64ECC03E1FA2229500824076 /* TeebeeDetailsViewController.swift in Sources */,
				64479A6A1F86D5AD009CAA7B /* TmdbService+People.swift in Sources */,
				64BB2C661F83E19100B672D8 /* TmdbPerson.swift in Sources */,
				64479A681F86CDD7009CAA7B /* PersonDetailsViewController.swift in Sources */,
				64ACB0281F8B5EB800D9883D /* Teebee.swift in Sources */,
				64527EF91F65F0B1003828E3 /* BeeCell.swift in Sources */,
				64ECC0411FA2229500824076 /* TeebeezViewController.swift in Sources */,
				64527EF71F65EB73003828E3 /* StarsView.swift in Sources */,
				64BB2C641F83E17700B672D8 /* TmdbCharacter.swift in Sources */,
				64B63E301F66E30F00710A4E /* TmdbMovie.swift in Sources */,
				64A82BE11FAB5DB100268DA8 /* TeebeeEpisode.swift in Sources */,
				64445CAF1F5A2DAE007EB5A8 /* MBSideMenuSegue.swift in Sources */,
				64ACB0261F8B5B1D00D9883D /* Tmdb.xcdatamodeld in Sources */,
				6443D8382B4CA9620031BAB2 /* ConnectViewController.swift in Sources */,
				64A82BE61FAB7CD100268DA8 /* SettingsManager.swift in Sources */,
				64445CA71F5A2B72007EB5A8 /* MBNavigationController.swift in Sources */,
				64527EEC1F63529E003828E3 /* TmdbTvShow.swift in Sources */,
				64BB2C681F84E25900B672D8 /* TmdbImage.swift in Sources */,
				64A49EBA218B63DA003CE800 /* Database.swift in Sources */,
				643F359820419B4B00C07DB1 /* TimelineSectionCell.swift in Sources */,
				64445C8A1F5A215D007EB5A8 /* AppDelegate.swift in Sources */,
				64527EE61F633BD7003828E3 /* MoobeezManager.swift in Sources */,
				64ACB02D1F8B8F8800D9883D /* SearchMoviesViewController.swift in Sources */,
				64DB559821A8795100EA9A81 /* URL+Helpers.swift in Sources */,
				64B63E2C1F66E0AE00710A4E /* TmdbService+Movies.swift in Sources */,
				64ECC0351FA2180D00824076 /* VideoViewController.swift in Sources */,
				64BAA69E1FA0D8FB00BC2E58 /* YoutubeVideoViewController.swift in Sources */,
				6468F86E1F7404430023D72B /* ToolboxView.swift in Sources */,
				6443D82C2B4C480D0031BAB2 /* BoardingViewController.swift in Sources */,
				EAE582052BAB809100734EC7 /* Console.swift in Sources */,
				64339FA21F824AB2007C59CB /* ThemedItems.swift in Sources */,
				64527EF41F65DFAE003828E3 /* SearchBar.swift in Sources */,
				64527EEE1F635571003828E3 /* TmdbTvSeason.swift in Sources */,
				64794D361F72A6F200488683 /* MoobeeDetailsViewController.swift in Sources */,
				64445C8D1F5A215D007EB5A8 /* Moobeez.xcdatamodeld in Sources */,
				64527EFB1F65FF34003828E3 /* UIImageView+Tmdb.swift in Sources */,
				64445CBA1F5A3194007EB5A8 /* TimelineViewController.swift in Sources */,
				64B63E271F66CAC100710A4E /* Connection.swift in Sources */,
				64445CA91F5A2B86007EB5A8 /* MBViewController.swift in Sources */,
				64ECC0421FA2229500824076 /* SearchTVsViewController.swift in Sources */,
				6468F86C1F73FA040023D72B /* Moobee.swift in Sources */,
				64EA92231FB1FA7600793F52 /* SeasonCell.swift in Sources */,
				64BF29311FACBEFD0056299B /* Date+Helpers.swift in Sources */,
				64794D401F72BEFB00488683 /* MBShowDetailSegue.swift in Sources */,
				64B63E261F66CA8A00710A4E /* TmdbConnection.swift in Sources */,
				64BAA69B1FA0BD8200BC2E58 /* ImageGalleryViewController.swift in Sources */,
				6468F86A1F73EE990023D72B /* UIView+Shortcuts.swift in Sources */,
				64B63E2A1F66D42F00710A4E /* TmdbService.swift in Sources */,
				64527EF11F65C1EF003828E3 /* MoobeezViewController.swift in Sources */,
				64445CAD1F5A2BFD007EB5A8 /* MBSideMenuController.swift in Sources */,
				64B63E2E1F66E0DB00710A4E /* TmdbService+TV.swift in Sources */,
				647451D81FC734ED0082CB4B /* TmdbTvEpisode.swift in Sources */,
				643F359A20419D4F00C07DB1 /* TimelineItem.swift in Sources */,
				64445CBC1F5A3540007EB5A8 /* DashboardViewController.swift in Sources */,
				6456DB2E1F7417FA00C50192 /* UIImage+Luminosity.swift in Sources */,
				64794D3B1F72B33A00488683 /* EmptySegue.swift in Sources */,
				64E76BA71F5A3E6E007F9727 /* Notifications.swift in Sources */,
				64ACB0301F8B928600D9883D /* SearchResultCell.swift in Sources */,
				64EA92271FB1FAE000793F52 /* EpisodeCell.swift in Sources */,
				641454EC1F852DCC00569DE9 /* CastThumbnailCell.swift in Sources */,
				64A82BE41FAB724600268DA8 /* HeaderView.swift in Sources */,
				64DB559621A8791900EA9A81 /* DeepLinking.swift in Sources */,
			);
			runOnlyForDeploymentPostprocessing = 0;
		};
		64A49E8A218B4E41003CE800 /* Sources */ = {
			isa = PBXSourcesBuildPhase;
			buildActionMask = 2147483647;
			files = (
				64A49EA7218B5321003CE800 /* TmdbMovie.swift in Sources */,
				64A49EA5218B5321003CE800 /* TmdbCharacter.swift in Sources */,
				64A49EB2218B55F4003CE800 /* AppDelegate.swift in Sources */,
				64A49EAD218B532C003CE800 /* UIImageView+Tmdb.swift in Sources */,
				64A49EAB218B5321003CE800 /* TmdbTvShow.swift in Sources */,
				64A49EAC218B5321003CE800 /* TimelineItem.swift in Sources */,
				64A49EA4218B5321003CE800 /* TeebeeSeason.swift in Sources */,
				64A49EA9218B5321003CE800 /* TmdbTvEpisode.swift in Sources */,
				64A49EA1218B5321003CE800 /* Moobee.swift in Sources */,
				64A49EB3218B561C003CE800 /* Date+Helpers.swift in Sources */,
				64A49EA3218B5321003CE800 /* TeebeeEpisode.swift in Sources */,
				64A49EA6218B5321003CE800 /* TmdbImage.swift in Sources */,
				64A49EB0218B5504003CE800 /* Tmdb.xcdatamodeld in Sources */,
				64A49EA2218B5321003CE800 /* Teebee.swift in Sources */,
				64A49EAE218B5351003CE800 /* MoobeezManager.swift in Sources */,
				64A49EB4218B5640003CE800 /* Notifications.swift in Sources */,
				64DB560321AA0F5500EA9A81 /* WidgetManager.swift in Sources */,
				64A49E93218B4E41003CE800 /* TodayViewController.swift in Sources */,
				64A49EA0218B5253003CE800 /* TvEpisodeCell.swift in Sources */,
				64A49EA8218B5321003CE800 /* TmdbPerson.swift in Sources */,
				64A49EAF218B53DC003CE800 /* Moobeez.xcdatamodeld in Sources */,
				64A49EB5218B56D6003CE800 /* SettingsManager.swift in Sources */,
				64A49EAA218B5321003CE800 /* TmdbTvSeason.swift in Sources */,
				64A49EBB218B63DA003CE800 /* Database.swift in Sources */,
			);
			runOnlyForDeploymentPostprocessing = 0;
		};
		64DB55D921AA0DDE00EA9A81 /* Sources */ = {
			isa = PBXSourcesBuildPhase;
			buildActionMask = 2147483647;
			files = (
				64DB560121AA0F2C00EA9A81 /* AppDelegate.swift in Sources */,
				64DB560021AA0F2C00EA9A81 /* TvEpisodeCell.swift in Sources */,
				64DB55F221AA0EBC00EA9A81 /* TeebeeSeason.swift in Sources */,
				64DB55FC21AA0EF200EA9A81 /* Date+Helpers.swift in Sources */,
				64DB55F021AA0EBC00EA9A81 /* Teebee.swift in Sources */,
				64DB55F321AA0EBC00EA9A81 /* TmdbCharacter.swift in Sources */,
				64DB55F621AA0EBC00EA9A81 /* TmdbPerson.swift in Sources */,
				64DB55ED21AA0EAC00EA9A81 /* MoobeezManager.swift in Sources */,
				64DB560821AA10CB00EA9A81 /* WidgetManager.swift in Sources */,
				64DB55EF21AA0EBC00EA9A81 /* Moobee.swift in Sources */,
				64DB55F921AA0EBC00EA9A81 /* TmdbTvShow.swift in Sources */,
				64DB560521AA108A00EA9A81 /* TodayViewController.swift in Sources */,
				64DB55FB21AA0EF200EA9A81 /* Notifications.swift in Sources */,
				64DB560A21AA122400EA9A81 /* Tmdb.xcdatamodeld in Sources */,
				64DB560921AA122400EA9A81 /* Moobeez.xcdatamodeld in Sources */,
				64DB55EE21AA0EAF00EA9A81 /* SettingsManager.swift in Sources */,
				64DB55F721AA0EBC00EA9A81 /* TmdbTvEpisode.swift in Sources */,
				64DB55F521AA0EBC00EA9A81 /* TmdbMovie.swift in Sources */,
				64DB55F821AA0EBC00EA9A81 /* TmdbTvSeason.swift in Sources */,
				64DB55FA21AA0EBC00EA9A81 /* TimelineItem.swift in Sources */,
				64DB55F121AA0EBC00EA9A81 /* TeebeeEpisode.swift in Sources */,
				64DB55F421AA0EBC00EA9A81 /* TmdbImage.swift in Sources */,
				64DB55FE21AA0EF200EA9A81 /* Database.swift in Sources */,
				64DB55FD21AA0EF200EA9A81 /* UIImageView+Tmdb.swift in Sources */,
			);
			runOnlyForDeploymentPostprocessing = 0;
		};
/* End PBXSourcesBuildPhase section */

/* Begin PBXVariantGroup section */
		64445C921F5A215D007EB5A8 /* Main.storyboard */ = {
			isa = PBXVariantGroup;
			children = (
				64445C931F5A215D007EB5A8 /* Base */,
			);
			name = Main.storyboard;
			sourceTree = "<group>";
		};
		64445C971F5A215D007EB5A8 /* LaunchScreen.storyboard */ = {
			isa = PBXVariantGroup;
			children = (
				64445C981F5A215D007EB5A8 /* Base */,
			);
			name = LaunchScreen.storyboard;
			sourceTree = "<group>";
		};
		64A49E94218B4E41003CE800 /* MainInterface.storyboard */ = {
			isa = PBXVariantGroup;
			children = (
				64A49E95218B4E41003CE800 /* Base */,
			);
			name = MainInterface.storyboard;
			sourceTree = "<group>";
		};
/* End PBXVariantGroup section */

/* Begin XCBuildConfiguration section */
		64445C9B1F5A215D007EB5A8 /* Debug */ = {
			isa = XCBuildConfiguration;
			buildSettings = {
				ALWAYS_SEARCH_USER_PATHS = NO;
				CLANG_ANALYZER_NONNULL = YES;
				CLANG_ANALYZER_NUMBER_OBJECT_CONVERSION = YES_AGGRESSIVE;
				CLANG_CXX_LANGUAGE_STANDARD = "gnu++14";
				CLANG_CXX_LIBRARY = "libc++";
				CLANG_ENABLE_MODULES = YES;
				CLANG_ENABLE_OBJC_ARC = YES;
				CLANG_WARN_BLOCK_CAPTURE_AUTORELEASING = YES;
				CLANG_WARN_BOOL_CONVERSION = YES;
				CLANG_WARN_COMMA = YES;
				CLANG_WARN_CONSTANT_CONVERSION = YES;
				CLANG_WARN_DEPRECATED_OBJC_IMPLEMENTATIONS = YES;
				CLANG_WARN_DIRECT_OBJC_ISA_USAGE = YES_ERROR;
				CLANG_WARN_DOCUMENTATION_COMMENTS = YES;
				CLANG_WARN_EMPTY_BODY = YES;
				CLANG_WARN_ENUM_CONVERSION = YES;
				CLANG_WARN_INFINITE_RECURSION = YES;
				CLANG_WARN_INT_CONVERSION = YES;
				CLANG_WARN_NON_LITERAL_NULL_CONVERSION = YES;
				CLANG_WARN_OBJC_IMPLICIT_RETAIN_SELF = YES;
				CLANG_WARN_OBJC_LITERAL_CONVERSION = YES;
				CLANG_WARN_OBJC_ROOT_CLASS = YES_ERROR;
				CLANG_WARN_QUOTED_INCLUDE_IN_FRAMEWORK_HEADER = YES;
				CLANG_WARN_RANGE_LOOP_ANALYSIS = YES;
				CLANG_WARN_STRICT_PROTOTYPES = YES;
				CLANG_WARN_SUSPICIOUS_MOVE = YES;
				CLANG_WARN_UNGUARDED_AVAILABILITY = YES_AGGRESSIVE;
				CLANG_WARN_UNREACHABLE_CODE = YES;
				CLANG_WARN__DUPLICATE_METHOD_MATCH = YES;
				CODE_SIGN_IDENTITY = "iPhone Developer";
				COPY_PHASE_STRIP = NO;
				DEBUG_INFORMATION_FORMAT = dwarf;
				ENABLE_STRICT_OBJC_MSGSEND = YES;
				ENABLE_TESTABILITY = YES;
				ENABLE_USER_SCRIPT_SANDBOXING = YES;
				GCC_C_LANGUAGE_STANDARD = gnu11;
				GCC_DYNAMIC_NO_PIC = NO;
				GCC_NO_COMMON_BLOCKS = YES;
				GCC_OPTIMIZATION_LEVEL = 0;
				GCC_PREPROCESSOR_DEFINITIONS = (
					"DEBUG=1",
					"$(inherited)",
				);
				GCC_WARN_64_TO_32_BIT_CONVERSION = YES;
				GCC_WARN_ABOUT_RETURN_TYPE = YES_ERROR;
				GCC_WARN_UNDECLARED_SELECTOR = YES;
				GCC_WARN_UNINITIALIZED_AUTOS = YES_AGGRESSIVE;
				GCC_WARN_UNUSED_FUNCTION = YES;
				GCC_WARN_UNUSED_VARIABLE = YES;
				IPHONEOS_DEPLOYMENT_TARGET = 12.0;
				MTL_ENABLE_DEBUG_INFO = YES;
				ONLY_ACTIVE_ARCH = YES;
				SDKROOT = iphoneos;
				SWIFT_ACTIVE_COMPILATION_CONDITIONS = DEBUG;
				SWIFT_OPTIMIZATION_LEVEL = "-Onone";
			};
			name = Debug;
		};
		64445C9C1F5A215D007EB5A8 /* Release */ = {
			isa = XCBuildConfiguration;
			buildSettings = {
				ALWAYS_SEARCH_USER_PATHS = NO;
				CLANG_ANALYZER_NONNULL = YES;
				CLANG_ANALYZER_NUMBER_OBJECT_CONVERSION = YES_AGGRESSIVE;
				CLANG_CXX_LANGUAGE_STANDARD = "gnu++14";
				CLANG_CXX_LIBRARY = "libc++";
				CLANG_ENABLE_MODULES = YES;
				CLANG_ENABLE_OBJC_ARC = YES;
				CLANG_WARN_BLOCK_CAPTURE_AUTORELEASING = YES;
				CLANG_WARN_BOOL_CONVERSION = YES;
				CLANG_WARN_COMMA = YES;
				CLANG_WARN_CONSTANT_CONVERSION = YES;
				CLANG_WARN_DEPRECATED_OBJC_IMPLEMENTATIONS = YES;
				CLANG_WARN_DIRECT_OBJC_ISA_USAGE = YES_ERROR;
				CLANG_WARN_DOCUMENTATION_COMMENTS = YES;
				CLANG_WARN_EMPTY_BODY = YES;
				CLANG_WARN_ENUM_CONVERSION = YES;
				CLANG_WARN_INFINITE_RECURSION = YES;
				CLANG_WARN_INT_CONVERSION = YES;
				CLANG_WARN_NON_LITERAL_NULL_CONVERSION = YES;
				CLANG_WARN_OBJC_IMPLICIT_RETAIN_SELF = YES;
				CLANG_WARN_OBJC_LITERAL_CONVERSION = YES;
				CLANG_WARN_OBJC_ROOT_CLASS = YES_ERROR;
				CLANG_WARN_QUOTED_INCLUDE_IN_FRAMEWORK_HEADER = YES;
				CLANG_WARN_RANGE_LOOP_ANALYSIS = YES;
				CLANG_WARN_STRICT_PROTOTYPES = YES;
				CLANG_WARN_SUSPICIOUS_MOVE = YES;
				CLANG_WARN_UNGUARDED_AVAILABILITY = YES_AGGRESSIVE;
				CLANG_WARN_UNREACHABLE_CODE = YES;
				CLANG_WARN__DUPLICATE_METHOD_MATCH = YES;
				CODE_SIGN_IDENTITY = "iPhone Developer";
				COPY_PHASE_STRIP = NO;
				DEBUG_INFORMATION_FORMAT = "dwarf-with-dsym";
				ENABLE_NS_ASSERTIONS = NO;
				ENABLE_STRICT_OBJC_MSGSEND = YES;
				ENABLE_USER_SCRIPT_SANDBOXING = YES;
				GCC_C_LANGUAGE_STANDARD = gnu11;
				GCC_NO_COMMON_BLOCKS = YES;
				GCC_WARN_64_TO_32_BIT_CONVERSION = YES;
				GCC_WARN_ABOUT_RETURN_TYPE = YES_ERROR;
				GCC_WARN_UNDECLARED_SELECTOR = YES;
				GCC_WARN_UNINITIALIZED_AUTOS = YES_AGGRESSIVE;
				GCC_WARN_UNUSED_FUNCTION = YES;
				GCC_WARN_UNUSED_VARIABLE = YES;
				IPHONEOS_DEPLOYMENT_TARGET = 12.0;
				MTL_ENABLE_DEBUG_INFO = NO;
				SDKROOT = iphoneos;
				SWIFT_COMPILATION_MODE = wholemodule;
				SWIFT_OPTIMIZATION_LEVEL = "-O";
				VALIDATE_PRODUCT = YES;
			};
			name = Release;
		};
		64445C9E1F5A215D007EB5A8 /* Debug */ = {
			isa = XCBuildConfiguration;
			buildSettings = {
				ASSETCATALOG_COMPILER_APPICON_NAME = AppIcon;
				CODE_SIGN_ENTITLEMENTS = Moobeez/Moobeez.entitlements;
				DEVELOPMENT_TEAM = GWGNDB95V2;
				GCC_PREPROCESSOR_DEFINITIONS = (
					"$(inherited)",
					"COCOAPODS=1",
					"MAIN=1",
				);
				INFOPLIST_FILE = Moobeez/Info.plist;
				IPHONEOS_DEPLOYMENT_TARGET = 16.0;
				LD_RUNPATH_SEARCH_PATHS = (
					"$(inherited)",
					"@executable_path/Frameworks",
				);
				OTHER_SWIFT_FLAGS = "-D MAIN";
				PRODUCT_BUNDLE_IDENTIFIER = com.gogoslab.moobeez;
				PRODUCT_NAME = "$(TARGET_NAME)";
				SWIFT_OBJC_BRIDGING_HEADER = "Moobeez/Bridging-Header.h";
				SWIFT_VERSION = 5.0;
				TARGETED_DEVICE_FAMILY = "1,2";
			};
			name = Debug;
		};
		64445C9F1F5A215D007EB5A8 /* Release */ = {
			isa = XCBuildConfiguration;
			buildSettings = {
				ASSETCATALOG_COMPILER_APPICON_NAME = AppIcon;
				CODE_SIGN_ENTITLEMENTS = Moobeez/Moobeez.entitlements;
				DEVELOPMENT_TEAM = GWGNDB95V2;
				GCC_PREPROCESSOR_DEFINITIONS = (
					"$(inherited)",
					"COCOAPODS=1",
					"MAIN=1",
				);
				INFOPLIST_FILE = Moobeez/Info.plist;
				IPHONEOS_DEPLOYMENT_TARGET = 16.0;
				LD_RUNPATH_SEARCH_PATHS = (
					"$(inherited)",
					"@executable_path/Frameworks",
				);
				OTHER_SWIFT_FLAGS = "-D MAIN";
				PRODUCT_BUNDLE_IDENTIFIER = com.gogoslab.moobeez;
				PRODUCT_NAME = "$(TARGET_NAME)";
				SWIFT_OBJC_BRIDGING_HEADER = "Moobeez/Bridging-Header.h";
				SWIFT_VERSION = 5.0;
				TARGETED_DEVICE_FAMILY = "1,2";
			};
			name = Release;
		};
		64A49E9C218B4E41003CE800 /* Debug */ = {
			isa = XCBuildConfiguration;
			buildSettings = {
				CLANG_ENABLE_OBJC_WEAK = YES;
				CODE_SIGN_ENTITLEMENTS = Extensions/Today/Today.entitlements;
				CODE_SIGN_STYLE = Automatic;
				DEVELOPMENT_TEAM = Z4252ZWMEJ;
				INFOPLIST_FILE = "$(SRCROOT)/Extensions/Today/Info.plist";
				IPHONEOS_DEPLOYMENT_TARGET = 16.0;
				LD_RUNPATH_SEARCH_PATHS = (
					"$(inherited)",
					"@executable_path/Frameworks",
					"@executable_path/../../Frameworks",
				);
				MTL_ENABLE_DEBUG_INFO = INCLUDE_SOURCE;
				MTL_FAST_MATH = YES;
				OTHER_SWIFT_FLAGS = "-D SD_UIKIT";
				PRODUCT_BUNDLE_IDENTIFIER = com.gogoslab.moobeez.Today;
				PRODUCT_NAME = "$(TARGET_NAME)";
				SKIP_INSTALL = YES;
				SWIFT_VERSION = 4.2;
				TARGETED_DEVICE_FAMILY = "1,2";
			};
			name = Debug;
		};
		64A49E9D218B4E41003CE800 /* Release */ = {
			isa = XCBuildConfiguration;
			buildSettings = {
				CLANG_ENABLE_OBJC_WEAK = YES;
				CODE_SIGN_ENTITLEMENTS = Extensions/Today/Today.entitlements;
				CODE_SIGN_STYLE = Automatic;
				DEVELOPMENT_TEAM = Z4252ZWMEJ;
				INFOPLIST_FILE = "$(SRCROOT)/Extensions/Today/Info.plist";
				IPHONEOS_DEPLOYMENT_TARGET = 16.0;
				LD_RUNPATH_SEARCH_PATHS = (
					"$(inherited)",
					"@executable_path/Frameworks",
					"@executable_path/../../Frameworks",
				);
				MTL_FAST_MATH = YES;
				OTHER_SWIFT_FLAGS = "-D SD_UIKIT";
				PRODUCT_BUNDLE_IDENTIFIER = com.gogoslab.moobeez.Today;
				PRODUCT_NAME = "$(TARGET_NAME)";
				SKIP_INSTALL = YES;
				SWIFT_VERSION = 4.2;
				TARGETED_DEVICE_FAMILY = "1,2";
			};
			name = Release;
		};
		64DB55E921AA0DDE00EA9A81 /* Debug */ = {
			isa = XCBuildConfiguration;
			buildSettings = {
				CLANG_ENABLE_OBJC_WEAK = YES;
				CODE_SIGN_ENTITLEMENTS = "Extensions/Missed Shows/Missed Shows.entitlements";
				CODE_SIGN_STYLE = Automatic;
				DEVELOPMENT_TEAM = Z4252ZWMEJ;
				INFOPLIST_FILE = "$(SRCROOT)/Extensions/Missed Shows/Info.plist";
				IPHONEOS_DEPLOYMENT_TARGET = 16.0;
				LD_RUNPATH_SEARCH_PATHS = (
					"$(inherited)",
					"@executable_path/Frameworks",
					"@executable_path/../../Frameworks",
				);
				MTL_ENABLE_DEBUG_INFO = INCLUDE_SOURCE;
				MTL_FAST_MATH = YES;
				PRODUCT_BUNDLE_IDENTIFIER = "com.gogoslab.moobeez.Missed-Shows";
				PRODUCT_NAME = "$(TARGET_NAME)";
				SKIP_INSTALL = YES;
				SWIFT_VERSION = 4.2;
				TARGETED_DEVICE_FAMILY = "1,2";
			};
			name = Debug;
		};
		64DB55EA21AA0DDE00EA9A81 /* Release */ = {
			isa = XCBuildConfiguration;
			buildSettings = {
				CLANG_ENABLE_OBJC_WEAK = YES;
				CODE_SIGN_ENTITLEMENTS = "Extensions/Missed Shows/Missed Shows.entitlements";
				CODE_SIGN_STYLE = Automatic;
				DEVELOPMENT_TEAM = Z4252ZWMEJ;
				INFOPLIST_FILE = "$(SRCROOT)/Extensions/Missed Shows/Info.plist";
				IPHONEOS_DEPLOYMENT_TARGET = 16.0;
				LD_RUNPATH_SEARCH_PATHS = (
					"$(inherited)",
					"@executable_path/Frameworks",
					"@executable_path/../../Frameworks",
				);
				MTL_FAST_MATH = YES;
				PRODUCT_BUNDLE_IDENTIFIER = "com.gogoslab.moobeez.Missed-Shows";
				PRODUCT_NAME = "$(TARGET_NAME)";
				SKIP_INSTALL = YES;
				SWIFT_VERSION = 4.2;
				TARGETED_DEVICE_FAMILY = "1,2";
			};
			name = Release;
		};
/* End XCBuildConfiguration section */

/* Begin XCConfigurationList section */
		64445C811F5A215D007EB5A8 /* Build configuration list for PBXProject "Moobeez" */ = {
			isa = XCConfigurationList;
			buildConfigurations = (
				64445C9B1F5A215D007EB5A8 /* Debug */,
				64445C9C1F5A215D007EB5A8 /* Release */,
			);
			defaultConfigurationIsVisible = 0;
			defaultConfigurationName = Release;
		};
		64445C9D1F5A215D007EB5A8 /* Build configuration list for PBXNativeTarget "Moobeez" */ = {
			isa = XCConfigurationList;
			buildConfigurations = (
				64445C9E1F5A215D007EB5A8 /* Debug */,
				64445C9F1F5A215D007EB5A8 /* Release */,
			);
			defaultConfigurationIsVisible = 0;
			defaultConfigurationName = Release;
		};
		64A49E9B218B4E41003CE800 /* Build configuration list for PBXNativeTarget "Today" */ = {
			isa = XCConfigurationList;
			buildConfigurations = (
				64A49E9C218B4E41003CE800 /* Debug */,
				64A49E9D218B4E41003CE800 /* Release */,
			);
			defaultConfigurationIsVisible = 0;
			defaultConfigurationName = Release;
		};
		64DB55EB21AA0DDE00EA9A81 /* Build configuration list for PBXNativeTarget "Missed Shows" */ = {
			isa = XCConfigurationList;
			buildConfigurations = (
				64DB55E921AA0DDE00EA9A81 /* Debug */,
				64DB55EA21AA0DDE00EA9A81 /* Release */,
			);
			defaultConfigurationIsVisible = 0;
			defaultConfigurationName = Release;
		};
/* End XCConfigurationList section */

/* Begin XCRemoteSwiftPackageReference section */
		6443D8172B4C1A9D0031BAB2 /* XCRemoteSwiftPackageReference "firebase-ios-sdk" */ = {
			isa = XCRemoteSwiftPackageReference;
			repositoryURL = "https://github.com/firebase/firebase-ios-sdk";
			requirement = {
				kind = upToNextMajorVersion;
				minimumVersion = 10.19.1;
			};
		};
		6443D82F2B4C51820031BAB2 /* XCRemoteSwiftPackageReference "GoogleSignIn-iOS" */ = {
			isa = XCRemoteSwiftPackageReference;
			repositoryURL = "https://github.com/google/GoogleSignIn-iOS";
			requirement = {
				kind = upToNextMajorVersion;
				minimumVersion = 7.0.0;
			};
		};
		64BE2F902B4709E100168677 /* XCRemoteSwiftPackageReference "SDWebImage" */ = {
			isa = XCRemoteSwiftPackageReference;
			repositoryURL = "https://github.com/SDWebImage/SDWebImage.git";
			requirement = {
				kind = upToNextMajorVersion;
				minimumVersion = 5.18.8;
			};
		};
		EAE581FA2BAB7DB300734EC7 /* XCRemoteSwiftPackageReference "youtube-ios-player-helper" */ = {
			isa = XCRemoteSwiftPackageReference;
			repositoryURL = "https://github.com/youtube/youtube-ios-player-helper.git";
			requirement = {
				kind = upToNextMajorVersion;
				minimumVersion = 1.0.4;
			};
		};
		EAE581FB2BAB7E6500734EC7 /* XCRemoteSwiftPackageReference "SwiftyBeaver" */ = {
			isa = XCRemoteSwiftPackageReference;
			repositoryURL = "https://github.com/SwiftyBeaver/SwiftyBeaver.git";
			requirement = {
				kind = upToNextMajorVersion;
				minimumVersion = 2.0.0;
			};
		};
/* End XCRemoteSwiftPackageReference section */

/* Begin XCSwiftPackageProductDependency section */
		6443D8182B4C1A9D0031BAB2 /* FirebaseAuth */ = {
			isa = XCSwiftPackageProductDependency;
			package = 6443D8172B4C1A9D0031BAB2 /* XCRemoteSwiftPackageReference "firebase-ios-sdk" */;
			productName = FirebaseAuth;
		};
		6443D81A2B4C1A9D0031BAB2 /* FirebaseAuthCombine-Community */ = {
			isa = XCSwiftPackageProductDependency;
			package = 6443D8172B4C1A9D0031BAB2 /* XCRemoteSwiftPackageReference "firebase-ios-sdk" */;
			productName = "FirebaseAuthCombine-Community";
		};
		6443D81C2B4C1A9D0031BAB2 /* FirebaseFirestore */ = {
			isa = XCSwiftPackageProductDependency;
			package = 6443D8172B4C1A9D0031BAB2 /* XCRemoteSwiftPackageReference "firebase-ios-sdk" */;
			productName = FirebaseFirestore;
		};
		6443D81E2B4C1A9D0031BAB2 /* FirebaseFirestoreCombine-Community */ = {
			isa = XCSwiftPackageProductDependency;
			package = 6443D8172B4C1A9D0031BAB2 /* XCRemoteSwiftPackageReference "firebase-ios-sdk" */;
			productName = "FirebaseFirestoreCombine-Community";
		};
		6443D8202B4C1A9D0031BAB2 /* FirebaseFirestoreSwift */ = {
			isa = XCSwiftPackageProductDependency;
			package = 6443D8172B4C1A9D0031BAB2 /* XCRemoteSwiftPackageReference "firebase-ios-sdk" */;
			productName = FirebaseFirestoreSwift;
		};
		6443D8222B4C1A9D0031BAB2 /* FirebaseRemoteConfig */ = {
			isa = XCSwiftPackageProductDependency;
			package = 6443D8172B4C1A9D0031BAB2 /* XCRemoteSwiftPackageReference "firebase-ios-sdk" */;
			productName = FirebaseRemoteConfig;
		};
		6443D8242B4C1A9D0031BAB2 /* FirebaseRemoteConfigSwift */ = {
			isa = XCSwiftPackageProductDependency;
			package = 6443D8172B4C1A9D0031BAB2 /* XCRemoteSwiftPackageReference "firebase-ios-sdk" */;
			productName = FirebaseRemoteConfigSwift;
		};
		6443D8302B4C51820031BAB2 /* GoogleSignIn */ = {
			isa = XCSwiftPackageProductDependency;
			package = 6443D82F2B4C51820031BAB2 /* XCRemoteSwiftPackageReference "GoogleSignIn-iOS" */;
			productName = GoogleSignIn;
		};
		6443D8322B4C51820031BAB2 /* GoogleSignInSwift */ = {
			isa = XCSwiftPackageProductDependency;
			package = 6443D82F2B4C51820031BAB2 /* XCRemoteSwiftPackageReference "GoogleSignIn-iOS" */;
			productName = GoogleSignInSwift;
		};
		64BE2F912B484EBA00168677 /* SDWebImage */ = {
			isa = XCSwiftPackageProductDependency;
			package = 64BE2F902B4709E100168677 /* XCRemoteSwiftPackageReference "SDWebImage" */;
			productName = SDWebImage;
		};
		64BE2F932B484EBB00168677 /* SDWebImageMapKit */ = {
			isa = XCSwiftPackageProductDependency;
			package = 64BE2F902B4709E100168677 /* XCRemoteSwiftPackageReference "SDWebImage" */;
			productName = SDWebImageMapKit;
		};
		64BE2F952B484EDD00168677 /* SDWebImage */ = {
			isa = XCSwiftPackageProductDependency;
			package = 64BE2F902B4709E100168677 /* XCRemoteSwiftPackageReference "SDWebImage" */;
			productName = SDWebImage;
		};
		64BE2F972B484EDD00168677 /* SDWebImageMapKit */ = {
			isa = XCSwiftPackageProductDependency;
			package = 64BE2F902B4709E100168677 /* XCRemoteSwiftPackageReference "SDWebImage" */;
			productName = SDWebImageMapKit;
		};
		64BE2F992B484EED00168677 /* SDWebImage */ = {
			isa = XCSwiftPackageProductDependency;
			package = 64BE2F902B4709E100168677 /* XCRemoteSwiftPackageReference "SDWebImage" */;
			productName = SDWebImage;
		};
		64BE2F9B2B484EED00168677 /* SDWebImageMapKit */ = {
			isa = XCSwiftPackageProductDependency;
			package = 64BE2F902B4709E100168677 /* XCRemoteSwiftPackageReference "SDWebImage" */;
			productName = SDWebImageMapKit;
		};
		EAE581FC2BAB7E6500734EC7 /* SwiftyBeaver */ = {
			isa = XCSwiftPackageProductDependency;
			package = EAE581FB2BAB7E6500734EC7 /* XCRemoteSwiftPackageReference "SwiftyBeaver" */;
			productName = SwiftyBeaver;
		};
		EAE581FE2BAB7EEE00734EC7 /* YouTubeiOSPlayerHelper */ = {
			isa = XCSwiftPackageProductDependency;
			package = EAE581FA2BAB7DB300734EC7 /* XCRemoteSwiftPackageReference "youtube-ios-player-helper" */;
			productName = YouTubeiOSPlayerHelper;
		};
		EAE582002BAB7FCB00734EC7 /* SwiftyBeaver */ = {
			isa = XCSwiftPackageProductDependency;
			package = EAE581FB2BAB7E6500734EC7 /* XCRemoteSwiftPackageReference "SwiftyBeaver" */;
			productName = SwiftyBeaver;
		};
		EAE582022BAB7FDD00734EC7 /* SwiftyBeaver */ = {
			isa = XCSwiftPackageProductDependency;
			package = EAE581FB2BAB7E6500734EC7 /* XCRemoteSwiftPackageReference "SwiftyBeaver" */;
			productName = SwiftyBeaver;
		};
/* End XCSwiftPackageProductDependency section */

/* Begin XCVersionGroup section */
		64445C8B1F5A215D007EB5A8 /* Moobeez.xcdatamodeld */ = {
			isa = XCVersionGroup;
			children = (
				645875A321AA1C74009F7458 /* Moobeez 1.1.xcdatamodel */,
				64445C8C1F5A215D007EB5A8 /* Moobeez.xcdatamodel */,
			);
			currentVersion = 645875A321AA1C74009F7458 /* Moobeez 1.1.xcdatamodel */;
			path = Moobeez.xcdatamodeld;
			sourceTree = "<group>";
			versionGroupType = wrapper.xcdatamodel;
		};
		64ACB0241F8B5B1C00D9883D /* Tmdb.xcdatamodeld */ = {
			isa = XCVersionGroup;
			children = (
				64ACB0251F8B5B1C00D9883D /* Moobeez.xcdatamodel */,
			);
			currentVersion = 64ACB0251F8B5B1C00D9883D /* Moobeez.xcdatamodel */;
			path = Tmdb.xcdatamodeld;
			sourceTree = "<group>";
			versionGroupType = wrapper.xcdatamodel;
		};
/* End XCVersionGroup section */
	};
	rootObject = 64445C7E1F5A215D007EB5A8 /* Project object */;
}
